{
 "graph_lock": {
  "nodes": {
   "0": {
    "options": "boost:asio_no_deprecated=False\nboost:buildid=None\nboost:bzip2=True\nboost:debug_level=0\nboost:diagnostic_definitions=False\nboost:error_code_header_only=False\nboost:extra_b2_flags=None\nboost:filesystem_no_deprecated=False\nboost:filesystem_version=None\nboost:header_only=False\nboost:i18n_backend=deprecated\nboost:i18n_backend_iconv=off\nboost:i18n_backend_icu=False\nboost:layout=system\nboost:lzma=False\nboost:magic_autolink=False\nboost:multithreading=True\nboost:namespace=boost\nboost:namespace_alias=False\nboost:numa=True\nboost:pch=True\nboost:python_executable=None\nboost:python_version=None\nboost:segmented_stacks=False\nboost:shared=False\nboost:system_no_deprecated=False\nboost:system_use_utf8=False\nboost:visibility=hidden\nboost:without_atomic=False\nboost:without_chrono=False\nboost:without_container=False\nboost:without_context=False\nboost:without_contract=False\nboost:without_coroutine=False\nboost:without_date_time=False\nboost:without_exception=False\nboost:without_fiber=False\nboost:without_filesystem=False\nboost:without_graph=False\nboost:without_graph_parallel=True\nboost:without_iostreams=False\nboost:without_json=False\nboost:without_locale=False\nboost:without_log=False\nboost:without_math=False\nboost:without_mpi=True\nboost:without_nowide=False\nboost:without_program_options=False\nboost:without_python=True\nboost:without_random=False\nboost:without_regex=False\nboost:without_serialization=False\nboost:without_stacktrace=False\nboost:without_system=False\nboost:without_test=False\nboost:without_thread=False\nboost:without_timer=False\nboost:without_type_erasure=False\nboost:without_wave=False\nboost:zlib=True\nboost:zstd=False\nbullet3:bt2_thread_locks=False\nbullet3:bullet3=True\nbullet3:double_precision=False\nbullet3:extras=False\nbullet3:graphical_benchmark=False\nbullet3:network_support=False\nbullet3:shared=False\nbullet3:soft_body_multi_body_dynamics_world=False\nbzip2:build_executable=True\nbzip2:shared=False\nfmt:header_only=False\nfmt:shared=True\nfmt:with_fmt_alias=False\nfmt:with_os_api=True\nglad:extensions=''\nglad:gl_profile=compatibility\nglad:gl_version=3.3\nglad:gles1_version=None\nglad:gles2_version=None\nglad:glsc2_version=None\nglad:no_loader=False\nglad:shared=False\nglad:spec=gl\ngtest:build_gmock=True\ngtest:debug_postfix=d\ngtest:hide_symbols=False\ngtest:no_main=False\ngtest:shared=True\nlz4:shared=False\nopenssl:386=False\nopenssl:capieng_dialog=False\nopenssl:enable_capieng=False\nopenssl:enable_weak_ssl_ciphers=False\nopenssl:no_aria=False\nopenssl:no_asm=False\nopenssl:no_async=False\nopenssl:no_bf=False\nopenssl:no_blake2=False\nopenssl:no_camellia=False\nopenssl:no_cast=False\nopenssl:no_chacha=False\nopenssl:no_cms=False\nopenssl:no_comp=False\nopenssl:no_ct=False\nopenssl:no_deprecated=False\nopenssl:no_des=False\nopenssl:no_dgram=False\nopenssl:no_dh=False\nopenssl:no_dsa=False\nopenssl:no_dso=False\nopenssl:no_ec=False\nopenssl:no_ecdh=False\nopenssl:no_ecdsa=False\nopenssl:no_engine=False\nopenssl:no_filenames=False\nopenssl:no_gost=False\nopenssl:no_hmac=False\nopenssl:no_idea=False\nopenssl:no_md4=False\nopenssl:no_md5=False\nopenssl:no_mdc2=False\nopenssl:no_ocsp=False\nopenssl:no_pinshared=False\nopenssl:no_rc2=False\nopenssl:no_rfc3779=False\nopenssl:no_rmd160=False\nopenssl:no_rsa=False\nopenssl:no_seed=False\nopenssl:no_sha=False\nopenssl:no_sm2=False\nopenssl:no_sm3=False\nopenssl:no_sm4=False\nopenssl:no_sock=False\nopenssl:no_srp=False\nopenssl:no_srtp=False\nopenssl:no_sse2=False\nopenssl:no_ssl=False\nopenssl:no_ssl3=False\nopenssl:no_stdio=False\nopenssl:no_tests=False\nopenssl:no_threads=False\nopenssl:no_tls1=False\nopenssl:no_ts=False\nopenssl:no_whirlpool=False\nopenssl:openssldir=None\nopenssl:shared=True\nsdl:directx=True\nsdl:opengl=True\nsdl:opengles=True\nsdl:sdl2main=True\nsdl:shared=True\nsdl:vulkan=True\nzlib:shared=False",
    "requires": [
     "1",
     "2",
     "3",
     "4",
     "5",
     "6",
     "9",
     "10",
     "11",
     "12",
     "13",
     "14",
     "15"
    ],
    "path": "..\\..\\conanfile.txt",
    "context": "host"
   },
   "1": {
    "ref": "rapidjson/1.1.0",
    "options": "",
    "package_id": "5ab84d6acfe1f23c4fae0ab88f26e3a396351ac9",
    "prev": "0",
    "context": "host"
   },
   "2": {
    "ref": "magic_enum/0.8.1",
    "options": "",
    "package_id": "5ab84d6acfe1f23c4fae0ab88f26e3a396351ac9",
    "prev": "0",
    "context": "host"
   },
   "3": {
    "ref": "lz4/1.9.4",
    "options": "shared=False",
    "package_id": "d057732059ea44a47760900cb5e4855d2bea8714",
    "prev": "0",
    "context": "host"
   },
   "4": {
    "ref": "fmt/9.1.0",
    "options": "header_only=False\nshared=True\nwith_fmt_alias=False\nwith_os_api=True",
    "package_id": "c78baded34c8958386c75d3c49a34ce6e77a9de7",
    "prev": "0",
    "context": "host"
   },
   "5": {
    "ref": "openssl/1.1.1k",
    "options": "386=False\ncapieng_dialog=False\nenable_capieng=False\nenable_weak_ssl_ciphers=False\nno_aria=False\nno_asm=False\nno_async=False\nno_bf=False\nno_blake2=False\nno_camellia=False\nno_cast=False\nno_chacha=False\nno_cms=False\nno_comp=False\nno_ct=False\nno_deprecated=False\nno_des=False\nno_dgram=False\nno_dh=False\nno_dsa=False\nno_dso=False\nno_ec=False\nno_ecdh=False\nno_ecdsa=False\nno_engine=False\nno_filenames=False\nno_gost=False\nno_hmac=False\nno_idea=False\nno_md4=False\nno_md5=False\nno_mdc2=False\nno_ocsp=False\nno_pinshared=False\nno_rc2=False\nno_rfc3779=False\nno_rmd160=False\nno_rsa=False\nno_seed=False\nno_sha=False\nno_sm2=False\nno_sm3=False\nno_sm4=False\nno_sock=False\nno_srp=False\nno_srtp=False\nno_sse2=False\nno_ssl=False\nno_ssl3=False\nno_stdio=False\nno_tests=False\nno_threads=False\nno_tls1=False\nno_ts=False\nno_whirlpool=False\nopenssldir=None\nshared=True",
    "package_id": "4f1710918aa542fccb5a54d7bd712e4b0750b50d",
    "prev": "0",
    "context": "host"
   },
   "6": {
    "ref": "boost/1.80.0",
    "options": "asio_no_deprecated=False\nbuildid=None\nbzip2=True\ndebug_level=0\ndiagnostic_definitions=False\nerror_code_header_only=False\nextra_b2_flags=None\nfilesystem_no_deprecated=False\nfilesystem_version=None\nheader_only=False\ni18n_backend=deprecated\ni18n_backend_iconv=off\ni18n_backend_icu=False\nlayout=system\nlzma=False\nmagic_autolink=False\nmultithreading=True\nnamespace=boost\nnamespace_alias=False\nnuma=True\npch=True\npython_executable=None\npython_version=None\nsegmented_stacks=False\nshared=False\nsystem_no_deprecated=False\nsystem_use_utf8=False\nvisibility=hidden\nwithout_atomic=False\nwithout_chrono=False\nwithout_container=False\nwithout_context=False\nwithout_contract=False\nwithout_coroutine=False\nwithout_date_time=False\nwithout_exception=False\nwithout_fiber=False\nwithout_filesystem=False\nwithout_graph=False\nwithout_graph_parallel=True\nwithout_iostreams=False\nwithout_json=False\nwithout_locale=False\nwithout_log=False\nwithout_math=False\nwithout_mpi=True\nwithout_nowide=False\nwithout_program_options=False\nwithout_python=True\nwithout_random=False\nwithout_regex=False\nwithout_serialization=False\nwithout_stacktrace=False\nwithout_system=False\nwithout_test=False\nwithout_thread=False\nwithout_timer=False\nwithout_type_erasure=False\nwithout_wave=False\nzlib=True\nzstd=False\nbzip2:build_executable=True\nbzip2:shared=False\nzlib:shared=False",
    "package_id": "e25da6736836401d14d18eb2361204b3783cc5f4",
    "prev": "0",
    "requires": [
     "7",
     "8"
    ],
    "context": "host"
   },
   "7": {
    "ref": "zlib/1.2.12",
    "options": "shared=False",
    "package_id": "d057732059ea44a47760900cb5e4855d2bea8714",
    "prev": "0",
    "context": "host"
   },
   "8": {
    "ref": "bzip2/1.0.8",
    "options": "build_executable=True\nshared=False",
    "package_id": "589a23dff5fdb23a7fb851223eb766480ead0a9a",
    "prev": "0",
    "context": "host"
   },
   "9": {
    "ref": "bullet3/3.24",
    "options": "bt2_thread_locks=False\nbullet3=True\ndouble_precision=False\nextras=False\ngraphical_benchmark=False\nnetwork_support=False\nshared=False\nsoft_body_multi_body_dynamics_world=False",
    "package_id": "06bd5ffc17dd58667c5306438a11cb21d2526155",
    "prev": "0",
    "context": "host"
   },
   "10": {
    "ref": "gtest/1.10.0",
    "options": "build_gmock=True\ndebug_postfix=d\nhide_symbols=False\nno_main=False\nshared=True",
    "package_id": "dc359ea859b0535df467a5278a5ddf943a44739d",
    "prev": "0",
    "context": "host"
   },
   "11": {
    "ref": "sdl/2.24.0",
    "options": "directx=True\nopengl=True\nopengles=True\nsdl2main=True\nshared=True\nvulkan=True",
    "package_id": "996a52c438de9a8d0cca785b1d69310cc8e3dce3",
    "prev": "0",
    "context": "host"
   },
   "12": {
    "ref": "stb/20200203",
    "options": "",
    "package_id": "5ab84d6acfe1f23c4fae0ab88f26e3a396351ac9",
    "prev": "0",
    "context": "host"
   },
   "13": {
    "ref": "glad/0.1.36",
    "options": "extensions=''\ngl_profile=compatibility\ngl_version=3.3\ngles1_version=None\ngles2_version=None\nglsc2_version=None\nno_loader=False\nshared=False\nspec=gl",
    "package_id": "07b3a6a6cf6872693cd25f3ba34045fb28115ad7",
    "prev": "0",
    "context": "host"
   },
   "14": {
    "ref": "glm/0.9.9.8",
    "options": "",
    "package_id": "5ab84d6acfe1f23c4fae0ab88f26e3a396351ac9",
    "prev": "0",
    "context": "host"
   },
   "15": {
    "ref": "termcolor/2.1.0",
    "options": "",
    "package_id": "5ab84d6acfe1f23c4fae0ab88f26e3a396351ac9",
    "prev": "0",
    "context": "host"
   }
  },
  "revisions_enabled": false
 },
 "version": "0.4",
 "profile_host": "[settings]\narch=x86_64\narch_build=x86_64\nbuild_type=Debug\ncompiler=Visual Studio\ncompiler.runtime=MDd\ncompiler.toolset=v142\ncompiler.version=16\nos=Windows\nos_build=Windows\n[options]\n[build_requires]\n[env]\n"
}