<?xml version="1.0" encoding="utf-8"?>
<Project ToolsVersion="4.0" xmlns="http://schemas.microsoft.com/developer/msbuild/2003">
  <ItemGroup>
    <Filter Include="Sources">
      <UniqueIdentifier>{c6ab5bc9-cd4e-4fb0-b48e-64c49410d43f}</UniqueIdentifier>
    </Filter>
    <Filter Include="Generated Files">
      <UniqueIdentifier>{9e48a5c4-9885-4d7f-b92b-e50c5c2a174b}</UniqueIdentifier>
    </Filter>
    <Filter Include="Data">
      <UniqueIdentifier>{85a60848-a4c0-40fe-aba1-21a021856f00}</UniqueIdentifier>
    </Filter>
  </ItemGroup>
  <ItemGroup>
    <ClCompile Include="main.cpp">
      <Filter>Sources</Filter>
    </ClCompile>
    <ClCompile Include="JsonSerializer.cpp">
      <Filter>Generated Files</Filter>
    </ClCompile>
    <ClCompile Include="TestStruct.h">
      <Filter>Sources</Filter>
    </ClCompile>
  </ItemGroup>
  <ItemGroup>
    <ClInclude Include="JsonSerializer.h">
      <Filter>Generated Files</Filter>
    </ClInclude>
    <ClInclude Include="TestClass.h">
      <Filter>Sources</Filter>
    </ClInclude>
    <ClInclude Include="BaseStruct.h">
      <Filter>Sources</Filter>
    </ClInclude>
  </ItemGroup>
  <ItemGroup>
    <None Include="data.json">
      <Filter>Data</Filter>
    </None>
  </ItemGroup>
</Project>