<?xml version="1.0" encoding="utf-8"?>
<Project ToolsVersion="4.0" xmlns="http://schemas.microsoft.com/developer/msbuild/2003">
  <ItemGroup>
    <Filter Include="Source Files">
      <UniqueIdentifier>{4FC737F1-C7A5-4376-A066-2A32D752A2FF}</UniqueIdentifier>
      <Extensions>cpp;c;cc;cxx;def;odl;idl;hpj;bat;asm;asmx</Extensions>
    </Filter>
    <Filter Include="Resource Files">
      <UniqueIdentifier>{67DA6AB6-F800-4c08-8B7A-83BB121AAD01}</UniqueIdentifier>
      <Extensions>rc;ico;cur;bmp;dlg;rc2;rct;bin;rgs;gif;jpg;jpeg;jpe;resx;tiff;tif;png;wav;mfcribbon-ms</Extensions>
    </Filter>
    <Filter Include="Generated Files">
      <UniqueIdentifier>{93995380-89BD-4b04-88EB-625FBE52EBFB}</UniqueIdentifier>
      <Extensions>h;hh;hpp;hxx;hm;inl;inc;ipp;xsd</Extensions>
    </Filter>
    <Filter Include="DataSources">
      <UniqueIdentifier>{6ce39b3f-bafc-43ca-a63d-e8d70d465d16}</UniqueIdentifier>
    </Filter>
  </ItemGroup>
  <ItemGroup>
    <ClCompile Include="main.cpp">
      <Filter>Source Files</Filter>
    </ClCompile>
    <ClCompile Include="DataSources\Simple.cpp">
      <Filter>DataSources</Filter>
    </ClCompile>
    <ClCompile Include="SimpleTest.cpp">
      <Filter>Source Files</Filter>
    </ClCompile>
    <ClCompile Include="ComplexTest.cpp">
      <Filter>Source Files</Filter>
    </ClCompile>
    <ClCompile Include="DataSources\Complex.cpp">
      <Filter>DataSources</Filter>
    </ClCompile>
    <ClCompile Include="JsonSerializer.cpp">
      <Filter>Generated Files</Filter>
    </ClCompile>
    <ClCompile Include="SimpleEnumTest.cpp">
      <Filter>Source Files</Filter>
    </ClCompile>
    <ClCompile Include="DataSources\SimpleEnum.cpp">
      <Filter>DataSources</Filter>
    </ClCompile>
    <ClCompile Include="JsonSerializer_InOut_0.cpp">
      <Filter>Generated Files</Filter>
    </ClCompile>
    <ClCompile Include="JsonSerializer_InOut_1.cpp">
      <Filter>Generated Files</Filter>
    </ClCompile>
    <ClCompile Include="InOutTest.cpp">
      <Filter>Source Files</Filter>
    </ClCompile>
  </ItemGroup>
  <ItemGroup>
    <ClInclude Include="DataSources\Complex.hpp">
      <Filter>DataSources</Filter>
    </ClInclude>
    <ClInclude Include="DataSources\Simple.hpp">
      <Filter>DataSources</Filter>
    </ClInclude>
    <ClInclude Include="IncludeList.h">
      <Filter>Generated Files</Filter>
    </ClInclude>
    <ClInclude Include="JsonSerializer.h">
      <Filter>Generated Files</Filter>
    </ClInclude>
    <ClInclude Include="DataSources\SimpleEnum.h">
      <Filter>DataSources</Filter>
    </ClInclude>
    <ClInclude Include="DataSources\FarType.h">
      <Filter>DataSources</Filter>
    </ClInclude>
    <ClInclude Include="DataSources\InOut.h">
      <Filter>DataSources</Filter>
    </ClInclude>
    <ClInclude Include="IncludeList_InOut_0.h">
      <Filter>Generated Files</Filter>
    </ClInclude>
    <ClInclude Include="JsonSerializer_InOut_0.h">
      <Filter>Generated Files</Filter>
    </ClInclude>
    <ClInclude Include="IncludeList_InOut_1.h">
      <Filter>Generated Files</Filter>
    </ClInclude>
    <ClInclude Include="JsonSerializer_InOut_1.h">
      <Filter>Generated Files</Filter>
    </ClInclude>
  </ItemGroup>
  <ItemGroup>
    <None Include="data.json">
      <Filter>Resource Files</Filter>
    </None>
    <None Include="data0.json">
      <Filter>Resource Files</Filter>
    </None>
    <None Include="data1.json">
      <Filter>Resource Files</Filter>
    </None>
    <None Include="inOut0.json">
      <Filter>Resource Files</Filter>
    </None>
    <None Include="inOut1.json">
      <Filter>Resource Files</Filter>
    </None>
  </ItemGroup>
  <ItemGroup>
    <Text Include="..\..\conanfile.txt" />
  </ItemGroup>
</Project>