
Microsoft Visual Studio Solution File, Format Version 12.00
# Visual Studio Version 17
VisualStudioVersion = 17.5.33502.453
MinimumVisualStudioVersion = 10.0.40219.1
Project("{2150E333-8FDC-42A3-9474-1A3956D46DE8}") = "Base", "Base", "{B430C5D8-F825-4361-96AE-EC40E71483FD}"
EndProject
Project("{2150E333-8FDC-42A3-9474-1A3956D46DE8}") = "Modules", "Modules", "{66409113-263C-4F6A-A36F-6848E9E76980}"
EndProject
Project("{2150E333-8FDC-42A3-9474-1A3956D46DE8}") = "Core", "Core", "{C7FA8CD1-065C-4718-B784-1D4916E37C74}"
EndProject
Project("{2150E333-8FDC-42A3-9474-1A3956D46DE8}") = "Tools", "Tools", "{63F2AF3D-F916-454F-A35D-3BECD8997B2B}"
EndProject
Project("{2150E333-8FDC-42A3-9474-1A3956D46DE8}") = "Test", "Test", "{D8991E7D-796B-4D53-BD04-A0363C6131CF}"
EndProject
Project("{2150E333-8FDC-42A3-9474-1A3956D46DE8}") = "MMO", "MMO", "{91D29338-9A35-43B6-93F7-0C5202ABDEE5}"
EndProject
Project("{8BC9CEB8-8B4A-11D0-8D11-00A0C91BC942}") = "Base", "Source\Base\Base.vcxproj", "{4FE15A87-875C-41AB-B100-317EAA0A9E5A}"
EndProject
Project("{8BC9CEB8-8B4A-11D0-8D11-00A0C91BC942}") = "MMOEngine", "Source\Modules\MMOEngine\MMOEngine.vcxproj", "{0E4224F3-AE4D-4E4C-914C-800A97AA5594}"
	ProjectSection(ProjectDependencies) = postProject
		{3DCD5F9C-9C3B-4DB5-8A64-FE40B69E2083} = {3DCD5F9C-9C3B-4DB5-8A64-FE40B69E2083}
	EndProjectSection
EndProject
Project("{8BC9CEB8-8B4A-11D0-8D11-00A0C91BC942}") = "NetTransport", "Source\Modules\NetTransport\NetTransport.vcxproj", "{E7924A0D-D904-459D-9A0F-2D3C2F4A9D35}"
EndProject
Project("{8BC9CEB8-8B4A-11D0-8D11-00A0C91BC942}") = "PhysicEngine", "Source\Modules\PhysicEngine\PhysicEngine.vcxproj", "{4540BC7A-5138-426F-B74C-EDFBD5348645}"
EndProject
Project("{8BC9CEB8-8B4A-11D0-8D11-00A0C91BC942}") = "Client", "Test\MMO\Client\Client.vcxproj", "{B4E4FBCF-07AA-4AFA-B96D-C65B1FD312B3}"
EndProject
Project("{8BC9CEB8-8B4A-11D0-8D11-00A0C91BC942}") = "Server", "Test\MMO\Server\Server.vcxproj", "{9EFF54C3-67A6-40F2-8263-299BE313A9DA}"
	ProjectSection(ProjectDependencies) = postProject
		{E0DAD862-649E-4B27-8565-C33A2E66338E} = {E0DAD862-649E-4B27-8565-C33A2E66338E}
	EndProjectSection
EndProject
Project("{8BC9CEB8-8B4A-11D0-8D11-00A0C91BC942}") = "Marshaller", "Test\Marshaller\Marshaller.vcxproj", "{873816F5-E57D-4C7B-A76B-9D593ECA7531}"
EndProject
Project("{8BC9CEB8-8B4A-11D0-8D11-00A0C91BC942}") = "ECS", "Source\Modules\ECS\ECS.vcxproj", "{3DCD5F9C-9C3B-4DB5-8A64-FE40B69E2083}"
	ProjectSection(ProjectDependencies) = postProject
		{4FE15A87-875C-41AB-B100-317EAA0A9E5A} = {4FE15A87-875C-41AB-B100-317EAA0A9E5A}
	EndProjectSection
EndProject
Project("{8BC9CEB8-8B4A-11D0-8D11-00A0C91BC942}") = "ECS_test", "Test\ECS\ECS_test.vcxproj", "{9A1494FD-C0FC-4550-AD89-2D23DFF0A4B3}"
	ProjectSection(ProjectDependencies) = postProject
		{3DCD5F9C-9C3B-4DB5-8A64-FE40B69E2083} = {3DCD5F9C-9C3B-4DB5-8A64-FE40B69E2083}
	EndProjectSection
EndProject
Project("{8BC9CEB8-8B4A-11D0-8D11-00A0C91BC942}") = "LZ4", "Test\LZ4\LZ4.vcxproj", "{1390C370-907D-47A2-AEDD-8B415E76EC57}"
	ProjectSection(ProjectDependencies) = postProject
		{4FE15A87-875C-41AB-B100-317EAA0A9E5A} = {4FE15A87-875C-41AB-B100-317EAA0A9E5A}
	EndProjectSection
EndProject
Project("{8BC9CEB8-8B4A-11D0-8D11-00A0C91BC942}") = "MessagePack_test", "Test\MessagePack\MessagePack_test.vcxproj", "{0DCA0554-47F7-4B86-AF5A-4988E705528E}"
	ProjectSection(ProjectDependencies) = postProject
		{4FE15A87-875C-41AB-B100-317EAA0A9E5A} = {4FE15A87-875C-41AB-B100-317EAA0A9E5A}
	EndProjectSection
EndProject
Project("{8BC9CEB8-8B4A-11D0-8D11-00A0C91BC942}") = "ClusterMonitor", "Test\MMO\ClusterMonitor\ClusterMonitor.vcxproj", "{B3130236-6B2C-495E-8F35-A311F5660060}"
	ProjectSection(ProjectDependencies) = postProject
		{E0DAD862-649E-4B27-8565-C33A2E66338E} = {E0DAD862-649E-4B27-8565-C33A2E66338E}
	EndProjectSection
EndProject
Project("{8BC9CEB8-8B4A-11D0-8D11-00A0C91BC942}") = "ClusterMonitorProtocol", "Source\Modules\ClusterMonitorProtocol\ClusterMonitorProtocol.vcxproj", "{E0DAD862-649E-4B27-8565-C33A2E66338E}"
	ProjectSection(ProjectDependencies) = postProject
		{0E4224F3-AE4D-4E4C-914C-800A97AA5594} = {0E4224F3-AE4D-4E4C-914C-800A97AA5594}
	EndProjectSection
EndProject
Project("{8BC9CEB8-8B4A-11D0-8D11-00A0C91BC942}") = "ReflectionCodeGenerator", "Source\Tools\ReflectionCodeGenerator\ReflectionCodeGenerator.vcxproj", "{828F130A-B73A-49EB-9234-D4605EC24DE3}"
	ProjectSection(ProjectDependencies) = postProject
		{4266EAE5-3525-4E26-A8B9-52144DCD8A4F} = {4266EAE5-3525-4E26-A8B9-52144DCD8A4F}
		{4FE15A87-875C-41AB-B100-317EAA0A9E5A} = {4FE15A87-875C-41AB-B100-317EAA0A9E5A}
		{AB7DFF93-7142-43CA-81DB-1AA01EDA873C} = {AB7DFF93-7142-43CA-81DB-1AA01EDA873C}
		{FE5C234A-5DB1-4AAE-8A57-96935FA67EA5} = {FE5C234A-5DB1-4AAE-8A57-96935FA67EA5}
	EndProjectSection
EndProject
Project("{2150E333-8FDC-42A3-9474-1A3956D46DE8}") = "Solution Items", "Solution Items", "{8569200B-7C2A-47CE-9490-5D6993D96B65}"
	ProjectSection(SolutionItems) = preProject
		.editorconfig = .editorconfig
	EndProjectSection
EndProject
Project("{8BC9CEB8-8B4A-11D0-8D11-00A0C91BC942}") = "Json", "Test\Json\Json.vcxproj", "{485EA2A3-7778-4525-8C6A-12791B876072}"
	ProjectSection(ProjectDependencies) = postProject
		{828F130A-B73A-49EB-9234-D4605EC24DE3} = {828F130A-B73A-49EB-9234-D4605EC24DE3}
	EndProjectSection
EndProject
Project("{8BC9CEB8-8B4A-11D0-8D11-00A0C91BC942}") = "MemoryPoolTest", "Test\MemoryPoolTest\MemoryPoolTest.vcxproj", "{8AE9E997-F79F-4E4E-89A8-2C2B668609DF}"
	ProjectSection(ProjectDependencies) = postProject
		{4FE15A87-875C-41AB-B100-317EAA0A9E5A} = {4FE15A87-875C-41AB-B100-317EAA0A9E5A}
	EndProjectSection
EndProject
Project("{8BC9CEB8-8B4A-11D0-8D11-00A0C91BC942}") = "test_SSL", "Test\test_SSL\test_SSL.vcxproj", "{56B43845-038F-4523-BAC5-D5558F118196}"
	ProjectSection(ProjectDependencies) = postProject
		{4FE15A87-875C-41AB-B100-317EAA0A9E5A} = {4FE15A87-875C-41AB-B100-317EAA0A9E5A}
	EndProjectSection
EndProject
Project("{2150E333-8FDC-42A3-9474-1A3956D46DE8}") = "Transport", "Transport", "{658B032F-9D83-4B33-A5AA-B0A0C8B6C384}"
EndProject
Project("{2150E333-8FDC-42A3-9474-1A3956D46DE8}") = "Others", "Others", "{A7F864D1-F952-48A5-A706-4EE17786221A}"
EndProject
Project("{8BC9CEB8-8B4A-11D0-8D11-00A0C91BC942}") = "ClientTransport", "Test\Transport\ClientTransport\ClientTransport.vcxproj", "{D2A02C8F-1344-4D1B-8E69-2214FD1800F0}"
EndProject
Project("{8BC9CEB8-8B4A-11D0-8D11-00A0C91BC942}") = "ServerTransport", "Test\Transport\ServerTransport\ServerTransport.vcxproj", "{AB07F67C-FCB8-4C35-BBFD-4B1CB842C301}"
EndProject
Project("{8BC9CEB8-8B4A-11D0-8D11-00A0C91BC942}") = "JsonInterface", "Test\JsonInterface\JsonInterface.vcxproj", "{E9898319-A3D1-41C5-A047-CAF8B961649F}"
	ProjectSection(ProjectDependencies) = postProject
		{4FE15A87-875C-41AB-B100-317EAA0A9E5A} = {4FE15A87-875C-41AB-B100-317EAA0A9E5A}
	EndProjectSection
EndProject
Project("{8BC9CEB8-8B4A-11D0-8D11-00A0C91BC942}") = "Parser", "Source\Tools\Parser\Parser.vcxproj", "{AB7DFF93-7142-43CA-81DB-1AA01EDA873C}"
	ProjectSection(ProjectDependencies) = postProject
		{4FE15A87-875C-41AB-B100-317EAA0A9E5A} = {4FE15A87-875C-41AB-B100-317EAA0A9E5A}
	EndProjectSection
EndProject
Project("{8BC9CEB8-8B4A-11D0-8D11-00A0C91BC942}") = "ParserTest", "Test\ParserTest\ParserTest.vcxproj", "{E6206EAB-5C23-449D-8C6E-7F99C14C8F8F}"
	ProjectSection(ProjectDependencies) = postProject
		{AB7DFF93-7142-43CA-81DB-1AA01EDA873C} = {AB7DFF93-7142-43CA-81DB-1AA01EDA873C}
	EndProjectSection
EndProject
Project("{8BC9CEB8-8B4A-11D0-8D11-00A0C91BC942}") = "ReflectionCodeGeneratorTest", "Test\ReflectionCodeGeneratorTest\ReflectionCodeGeneratorTest.vcxproj", "{D722BA23-1517-4B10-A1F6-FD5241D5C5C5}"
	ProjectSection(ProjectDependencies) = postProject
		{3DCD5F9C-9C3B-4DB5-8A64-FE40B69E2083} = {3DCD5F9C-9C3B-4DB5-8A64-FE40B69E2083}
		{828F130A-B73A-49EB-9234-D4605EC24DE3} = {828F130A-B73A-49EB-9234-D4605EC24DE3}
	EndProjectSection
EndProject
Project("{8BC9CEB8-8B4A-11D0-8D11-00A0C91BC942}") = "ReflectionCodeGeneratorLib", "Source\Tools\ReflectionCodeGeneratorLib\ReflectionCodeGeneratorLib.vcxproj", "{4266EAE5-3525-4E26-A8B9-52144DCD8A4F}"
	ProjectSection(ProjectDependencies) = postProject
		{4FE15A87-875C-41AB-B100-317EAA0A9E5A} = {4FE15A87-875C-41AB-B100-317EAA0A9E5A}
		{AB7DFF93-7142-43CA-81DB-1AA01EDA873C} = {AB7DFF93-7142-43CA-81DB-1AA01EDA873C}
	EndProjectSection
EndProject
Project("{8BC9CEB8-8B4A-11D0-8D11-00A0C91BC942}") = "ContainerCodeGenerator", "Source\Tools\ContainerCodeGenerator\ContainerCodeGenerator.vcxproj", "{8E9CABAE-65CC-41C5-9727-7ACAA361DB15}"
	ProjectSection(ProjectDependencies) = postProject
		{6EEFAE6B-8A09-425B-B320-DF78F2FB19DE} = {6EEFAE6B-8A09-425B-B320-DF78F2FB19DE}
		{AB7DFF93-7142-43CA-81DB-1AA01EDA873C} = {AB7DFF93-7142-43CA-81DB-1AA01EDA873C}
		{FE5C234A-5DB1-4AAE-8A57-96935FA67EA5} = {FE5C234A-5DB1-4AAE-8A57-96935FA67EA5}
	EndProjectSection
EndProject
Project("{8BC9CEB8-8B4A-11D0-8D11-00A0C91BC942}") = "CodeGeneratorImplementation", "Source\Tools\CodeGeneratorImplementation\CodeGeneratorImplementation.vcxproj", "{FE5C234A-5DB1-4AAE-8A57-96935FA67EA5}"
	ProjectSection(ProjectDependencies) = postProject
		{4266EAE5-3525-4E26-A8B9-52144DCD8A4F} = {4266EAE5-3525-4E26-A8B9-52144DCD8A4F}
		{4FE15A87-875C-41AB-B100-317EAA0A9E5A} = {4FE15A87-875C-41AB-B100-317EAA0A9E5A}
		{AB7DFF93-7142-43CA-81DB-1AA01EDA873C} = {AB7DFF93-7142-43CA-81DB-1AA01EDA873C}
	EndProjectSection
EndProject
Project("{2150E333-8FDC-42A3-9474-1A3956D46DE8}") = "CodeGenerators", "CodeGenerators", "{F9E1345D-984D-44DA-B48A-32ABE58C81A3}"
EndProject
Project("{8BC9CEB8-8B4A-11D0-8D11-00A0C91BC942}") = "Launcher", "Source\Core\Launcher\Launcher.vcxproj", "{D2602F61-B76E-4537-A9A2-1A16D3DEBBA5}"
	ProjectSection(ProjectDependencies) = postProject
		{828F130A-B73A-49EB-9234-D4605EC24DE3} = {828F130A-B73A-49EB-9234-D4605EC24DE3}
		{FB1B5338-0EC6-4FDE-AE4C-10763893A9D6} = {FB1B5338-0EC6-4FDE-AE4C-10763893A9D6}
	EndProjectSection
EndProject
Project("{2150E333-8FDC-42A3-9474-1A3956D46DE8}") = "Benchmarks", "Benchmarks", "{4B883F19-1DBE-4083-8699-FFDB1C80D42C}"
EndProject
Project("{8BC9CEB8-8B4A-11D0-8D11-00A0C91BC942}") = "EcsBenchmark", "Test\EcsBenchmark\EcsBenchmark.vcxproj", "{1D77EC78-B0BB-42EF-AE68-AC06B0C77ADA}"
	ProjectSection(ProjectDependencies) = postProject
		{3DCD5F9C-9C3B-4DB5-8A64-FE40B69E2083} = {3DCD5F9C-9C3B-4DB5-8A64-FE40B69E2083}
	EndProjectSection
EndProject
Project("{8BC9CEB8-8B4A-11D0-8D11-00A0C91BC942}") = "ImGuiWidgets", "Source\Modules\ImGuiWidgets\ImGuiWidgets.vcxproj", "{74EEF00F-1AD6-4730-A279-C04072D4420A}"
EndProject
Project("{8BC9CEB8-8B4A-11D0-8D11-00A0C91BC942}") = "TornadoEngine", "Source\Core\TornadoEngine\TornadoEngine.vcxproj", "{FB1B5338-0EC6-4FDE-AE4C-10763893A9D6}"
	ProjectSection(ProjectDependencies) = postProject
		{0E4224F3-AE4D-4E4C-914C-800A97AA5594} = {0E4224F3-AE4D-4E4C-914C-800A97AA5594}
		{3DCD5F9C-9C3B-4DB5-8A64-FE40B69E2083} = {3DCD5F9C-9C3B-4DB5-8A64-FE40B69E2083}
		{4540BC7A-5138-426F-B74C-EDFBD5348645} = {4540BC7A-5138-426F-B74C-EDFBD5348645}
		{74EEF00F-1AD6-4730-A279-C04072D4420A} = {74EEF00F-1AD6-4730-A279-C04072D4420A}
		{8B82CD16-9638-4299-9BA1-A7D363FE68BA} = {8B82CD16-9638-4299-9BA1-A7D363FE68BA}
		{E7924A0D-D904-459D-9A0F-2D3C2F4A9D35} = {E7924A0D-D904-459D-9A0F-2D3C2F4A9D35}
	EndProjectSection
EndProject
Project("{8BC9CEB8-8B4A-11D0-8D11-00A0C91BC942}") = "TornadoEditor", "Source\Tools\TornadoEditor\TornadoEditor.vcxproj", "{73534D02-D7A8-4D08-8A8A-187CEE536C3F}"
	ProjectSection(ProjectDependencies) = postProject
		{828F130A-B73A-49EB-9234-D4605EC24DE3} = {828F130A-B73A-49EB-9234-D4605EC24DE3}
		{D2602F61-B76E-4537-A9A2-1A16D3DEBBA5} = {D2602F61-B76E-4537-A9A2-1A16D3DEBBA5}
	EndProjectSection
EndProject
Project("{2150E333-8FDC-42A3-9474-1A3956D46DE8}") = "Reflection", "Reflection", "{680755CA-47DA-447D-9F7E-9A64EC673DEA}"
EndProject
Project("{8BC9CEB8-8B4A-11D0-8D11-00A0C91BC942}") = "GraphicEngine", "Source\Modules\GraphicEngine\GraphicEngine.vcxproj", "{8B82CD16-9638-4299-9BA1-A7D363FE68BA}"
	ProjectSection(ProjectDependencies) = postProject
		{4FE15A87-875C-41AB-B100-317EAA0A9E5A} = {4FE15A87-875C-41AB-B100-317EAA0A9E5A}
	EndProjectSection
EndProject
Project("{8BC9CEB8-8B4A-11D0-8D11-00A0C91BC942}") = "Application", "Test\Application\Application.vcxproj", "{72D017F0-CBB8-4AB4-A674-241E72A2AD51}"
	ProjectSection(ProjectDependencies) = postProject
		{8B82CD16-9638-4299-9BA1-A7D363FE68BA} = {8B82CD16-9638-4299-9BA1-A7D363FE68BA}
	EndProjectSection
EndProject
Project("{2150E333-8FDC-42A3-9474-1A3956D46DE8}") = "GUI", "GUI", "{D3DADEE4-12D6-46C7-87CF-A921168CEE1D}"
EndProject
Project("{8BC9CEB8-8B4A-11D0-8D11-00A0C91BC942}") = "GuiTest", "Test\GuiTest\GuiTest.vcxproj", "{B9F08DB3-C209-4C44-B0C7-349D3B1FFF69}"
	ProjectSection(ProjectDependencies) = postProject
		{4FE15A87-875C-41AB-B100-317EAA0A9E5A} = {4FE15A87-875C-41AB-B100-317EAA0A9E5A}
		{74EEF00F-1AD6-4730-A279-C04072D4420A} = {74EEF00F-1AD6-4730-A279-C04072D4420A}
		{8B82CD16-9638-4299-9BA1-A7D363FE68BA} = {8B82CD16-9638-4299-9BA1-A7D363FE68BA}
	EndProjectSection
EndProject
Project("{8BC9CEB8-8B4A-11D0-8D11-00A0C91BC942}") = "DynamicCasterTest", "Test\DynamicCasterTest\DynamicCasterTest.vcxproj", "{34564B80-EEC1-4844-AD1C-164EDC2E8EC0}"
EndProject
Project("{8BC9CEB8-8B4A-11D0-8D11-00A0C91BC942}") = "ContainerCodeGeneratorLib", "Source\Tools\ContainerCodeGeneratorLib\ContainerCodeGeneratorLib.vcxproj", "{6EEFAE6B-8A09-425B-B320-DF78F2FB19DE}"
	ProjectSection(ProjectDependencies) = postProject
		{3DCD5F9C-9C3B-4DB5-8A64-FE40B69E2083} = {3DCD5F9C-9C3B-4DB5-8A64-FE40B69E2083}
		{4266EAE5-3525-4E26-A8B9-52144DCD8A4F} = {4266EAE5-3525-4E26-A8B9-52144DCD8A4F}
		{4FE15A87-875C-41AB-B100-317EAA0A9E5A} = {4FE15A87-875C-41AB-B100-317EAA0A9E5A}
		{AB7DFF93-7142-43CA-81DB-1AA01EDA873C} = {AB7DFF93-7142-43CA-81DB-1AA01EDA873C}
		{FE5C234A-5DB1-4AAE-8A57-96935FA67EA5} = {FE5C234A-5DB1-4AAE-8A57-96935FA67EA5}
	EndProjectSection
EndProject
Project("{8BC9CEB8-8B4A-11D0-8D11-00A0C91BC942}") = "LockFreeTest", "Test\LockFreeTest\LockFreeTest.vcxproj", "{F05A7FA4-74D0-463C-8357-86A85EA43969}"
	ProjectSection(ProjectDependencies) = postProject
		{4FE15A87-875C-41AB-B100-317EAA0A9E5A} = {4FE15A87-875C-41AB-B100-317EAA0A9E5A}
	EndProjectSection
EndProject
Project("{8BC9CEB8-8B4A-11D0-8D11-00A0C91BC942}") = "StressTestClient", "Test\MMO\StressTestClient\StressTestClient.vcxproj", "{E5F75C8D-9220-4D28-9894-24C72F48E2CC}"
EndProject
Project("{8BC9CEB8-8B4A-11D0-8D11-00A0C91BC942}") = "TextGen", "Test\TextGen\TextGen.vcxproj", "{7FABAC7B-8668-4E36-8B72-89DCE4891669}"
	ProjectSection(ProjectDependencies) = postProject
		{4FE15A87-875C-41AB-B100-317EAA0A9E5A} = {4FE15A87-875C-41AB-B100-317EAA0A9E5A}
	EndProjectSection
EndProject
Project("{2150E333-8FDC-42A3-9474-1A3956D46DE8}") = "Libs", "Libs", "{2CAF493C-D9F8-40F9-BF64-BB8319B672AE}"
EndProject
Project("{2150E333-8FDC-42A3-9474-1A3956D46DE8}") = "Utils", "Utils", "{896866D8-05BC-41A2-9E54-701F2E950BA8}"
EndProject
Global
	GlobalSection(SolutionConfigurationPlatforms) = preSolution
		Debug|x64 = Debug|x64
		Debug|x86 = Debug|x86
		Profile|x64 = Profile|x64
		Profile|x86 = Profile|x86
		Release|x64 = Release|x64
		Release|x86 = Release|x86
	EndGlobalSection
	GlobalSection(ProjectConfigurationPlatforms) = postSolution
		{4FE15A87-875C-41AB-B100-317EAA0A9E5A}.Debug|x64.ActiveCfg = Debug|x64
		{4FE15A87-875C-41AB-B100-317EAA0A9E5A}.Debug|x64.Build.0 = Debug|x64
		{4FE15A87-875C-41AB-B100-317EAA0A9E5A}.Debug|x86.ActiveCfg = Debug|Win32
		{4FE15A87-875C-41AB-B100-317EAA0A9E5A}.Debug|x86.Build.0 = Debug|Win32
		{4FE15A87-875C-41AB-B100-317EAA0A9E5A}.Profile|x64.ActiveCfg = Release|x64
		{4FE15A87-875C-41AB-B100-317EAA0A9E5A}.Profile|x64.Build.0 = Release|x64
		{4FE15A87-875C-41AB-B100-317EAA0A9E5A}.Profile|x86.ActiveCfg = Release|Win32
		{4FE15A87-875C-41AB-B100-317EAA0A9E5A}.Profile|x86.Build.0 = Release|Win32
		{4FE15A87-875C-41AB-B100-317EAA0A9E5A}.Release|x64.ActiveCfg = Release|x64
		{4FE15A87-875C-41AB-B100-317EAA0A9E5A}.Release|x64.Build.0 = Release|x64
		{4FE15A87-875C-41AB-B100-317EAA0A9E5A}.Release|x86.ActiveCfg = Release|Win32
		{4FE15A87-875C-41AB-B100-317EAA0A9E5A}.Release|x86.Build.0 = Release|Win32
		{0E4224F3-AE4D-4E4C-914C-800A97AA5594}.Debug|x64.ActiveCfg = Debug|x64
		{0E4224F3-AE4D-4E4C-914C-800A97AA5594}.Debug|x64.Build.0 = Debug|x64
		{0E4224F3-AE4D-4E4C-914C-800A97AA5594}.Debug|x86.ActiveCfg = Debug|Win32
		{0E4224F3-AE4D-4E4C-914C-800A97AA5594}.Debug|x86.Build.0 = Debug|Win32
		{0E4224F3-AE4D-4E4C-914C-800A97AA5594}.Profile|x64.ActiveCfg = Release|x64
		{0E4224F3-AE4D-4E4C-914C-800A97AA5594}.Profile|x64.Build.0 = Release|x64
		{0E4224F3-AE4D-4E4C-914C-800A97AA5594}.Profile|x86.ActiveCfg = Release|Win32
		{0E4224F3-AE4D-4E4C-914C-800A97AA5594}.Profile|x86.Build.0 = Release|Win32
		{0E4224F3-AE4D-4E4C-914C-800A97AA5594}.Release|x64.ActiveCfg = Release|x64
		{0E4224F3-AE4D-4E4C-914C-800A97AA5594}.Release|x64.Build.0 = Release|x64
		{0E4224F3-AE4D-4E4C-914C-800A97AA5594}.Release|x86.ActiveCfg = Release|Win32
		{0E4224F3-AE4D-4E4C-914C-800A97AA5594}.Release|x86.Build.0 = Release|Win32
		{E7924A0D-D904-459D-9A0F-2D3C2F4A9D35}.Debug|x64.ActiveCfg = Debug|x64
		{E7924A0D-D904-459D-9A0F-2D3C2F4A9D35}.Debug|x64.Build.0 = Debug|x64
		{E7924A0D-D904-459D-9A0F-2D3C2F4A9D35}.Debug|x86.ActiveCfg = Debug|Win32
		{E7924A0D-D904-459D-9A0F-2D3C2F4A9D35}.Debug|x86.Build.0 = Debug|Win32
		{E7924A0D-D904-459D-9A0F-2D3C2F4A9D35}.Profile|x64.ActiveCfg = Release|x64
		{E7924A0D-D904-459D-9A0F-2D3C2F4A9D35}.Profile|x64.Build.0 = Release|x64
		{E7924A0D-D904-459D-9A0F-2D3C2F4A9D35}.Profile|x86.ActiveCfg = Release|Win32
		{E7924A0D-D904-459D-9A0F-2D3C2F4A9D35}.Profile|x86.Build.0 = Release|Win32
		{E7924A0D-D904-459D-9A0F-2D3C2F4A9D35}.Release|x64.ActiveCfg = Release|x64
		{E7924A0D-D904-459D-9A0F-2D3C2F4A9D35}.Release|x64.Build.0 = Release|x64
		{E7924A0D-D904-459D-9A0F-2D3C2F4A9D35}.Release|x86.ActiveCfg = Release|Win32
		{E7924A0D-D904-459D-9A0F-2D3C2F4A9D35}.Release|x86.Build.0 = Release|Win32
		{4540BC7A-5138-426F-B74C-EDFBD5348645}.Debug|x64.ActiveCfg = Debug|x64
		{4540BC7A-5138-426F-B74C-EDFBD5348645}.Debug|x64.Build.0 = Debug|x64
		{4540BC7A-5138-426F-B74C-EDFBD5348645}.Debug|x86.ActiveCfg = Debug|Win32
		{4540BC7A-5138-426F-B74C-EDFBD5348645}.Debug|x86.Build.0 = Debug|Win32
		{4540BC7A-5138-426F-B74C-EDFBD5348645}.Profile|x64.ActiveCfg = Release|x64
		{4540BC7A-5138-426F-B74C-EDFBD5348645}.Profile|x64.Build.0 = Release|x64
		{4540BC7A-5138-426F-B74C-EDFBD5348645}.Profile|x86.ActiveCfg = Release|Win32
		{4540BC7A-5138-426F-B74C-EDFBD5348645}.Profile|x86.Build.0 = Release|Win32
		{4540BC7A-5138-426F-B74C-EDFBD5348645}.Release|x64.ActiveCfg = Release|x64
		{4540BC7A-5138-426F-B74C-EDFBD5348645}.Release|x64.Build.0 = Release|x64
		{4540BC7A-5138-426F-B74C-EDFBD5348645}.Release|x86.ActiveCfg = Release|Win32
		{4540BC7A-5138-426F-B74C-EDFBD5348645}.Release|x86.Build.0 = Release|Win32
		{B4E4FBCF-07AA-4AFA-B96D-C65B1FD312B3}.Debug|x64.ActiveCfg = Debug|x64
		{B4E4FBCF-07AA-4AFA-B96D-C65B1FD312B3}.Debug|x64.Build.0 = Debug|x64
		{B4E4FBCF-07AA-4AFA-B96D-C65B1FD312B3}.Debug|x86.ActiveCfg = Debug|Win32
		{B4E4FBCF-07AA-4AFA-B96D-C65B1FD312B3}.Debug|x86.Build.0 = Debug|Win32
		{B4E4FBCF-07AA-4AFA-B96D-C65B1FD312B3}.Profile|x64.ActiveCfg = Release|x64
		{B4E4FBCF-07AA-4AFA-B96D-C65B1FD312B3}.Profile|x64.Build.0 = Release|x64
		{B4E4FBCF-07AA-4AFA-B96D-C65B1FD312B3}.Profile|x86.ActiveCfg = Release|Win32
		{B4E4FBCF-07AA-4AFA-B96D-C65B1FD312B3}.Profile|x86.Build.0 = Release|Win32
		{B4E4FBCF-07AA-4AFA-B96D-C65B1FD312B3}.Release|x64.ActiveCfg = Release|x64
		{B4E4FBCF-07AA-4AFA-B96D-C65B1FD312B3}.Release|x64.Build.0 = Release|x64
		{B4E4FBCF-07AA-4AFA-B96D-C65B1FD312B3}.Release|x86.ActiveCfg = Release|Win32
		{B4E4FBCF-07AA-4AFA-B96D-C65B1FD312B3}.Release|x86.Build.0 = Release|Win32
		{9EFF54C3-67A6-40F2-8263-299BE313A9DA}.Debug|x64.ActiveCfg = Debug|x64
		{9EFF54C3-67A6-40F2-8263-299BE313A9DA}.Debug|x64.Build.0 = Debug|x64
		{9EFF54C3-67A6-40F2-8263-299BE313A9DA}.Debug|x86.ActiveCfg = Debug|Win32
		{9EFF54C3-67A6-40F2-8263-299BE313A9DA}.Debug|x86.Build.0 = Debug|Win32
		{9EFF54C3-67A6-40F2-8263-299BE313A9DA}.Profile|x64.ActiveCfg = Release|x64
		{9EFF54C3-67A6-40F2-8263-299BE313A9DA}.Profile|x64.Build.0 = Release|x64
		{9EFF54C3-67A6-40F2-8263-299BE313A9DA}.Profile|x86.ActiveCfg = Release|Win32
		{9EFF54C3-67A6-40F2-8263-299BE313A9DA}.Profile|x86.Build.0 = Release|Win32
		{9EFF54C3-67A6-40F2-8263-299BE313A9DA}.Release|x64.ActiveCfg = Release|x64
		{9EFF54C3-67A6-40F2-8263-299BE313A9DA}.Release|x64.Build.0 = Release|x64
		{9EFF54C3-67A6-40F2-8263-299BE313A9DA}.Release|x86.ActiveCfg = Release|Win32
		{9EFF54C3-67A6-40F2-8263-299BE313A9DA}.Release|x86.Build.0 = Release|Win32
		{873816F5-E57D-4C7B-A76B-9D593ECA7531}.Debug|x64.ActiveCfg = Debug|x64
		{873816F5-E57D-4C7B-A76B-9D593ECA7531}.Debug|x64.Build.0 = Debug|x64
		{873816F5-E57D-4C7B-A76B-9D593ECA7531}.Debug|x86.ActiveCfg = Debug|Win32
		{873816F5-E57D-4C7B-A76B-9D593ECA7531}.Debug|x86.Build.0 = Debug|Win32
		{873816F5-E57D-4C7B-A76B-9D593ECA7531}.Profile|x64.ActiveCfg = Release|x64
		{873816F5-E57D-4C7B-A76B-9D593ECA7531}.Profile|x64.Build.0 = Release|x64
		{873816F5-E57D-4C7B-A76B-9D593ECA7531}.Profile|x86.ActiveCfg = Release|Win32
		{873816F5-E57D-4C7B-A76B-9D593ECA7531}.Profile|x86.Build.0 = Release|Win32
		{873816F5-E57D-4C7B-A76B-9D593ECA7531}.Release|x64.ActiveCfg = Release|x64
		{873816F5-E57D-4C7B-A76B-9D593ECA7531}.Release|x64.Build.0 = Release|x64
		{873816F5-E57D-4C7B-A76B-9D593ECA7531}.Release|x86.ActiveCfg = Release|Win32
		{873816F5-E57D-4C7B-A76B-9D593ECA7531}.Release|x86.Build.0 = Release|Win32
		{3DCD5F9C-9C3B-4DB5-8A64-FE40B69E2083}.Debug|x64.ActiveCfg = Debug|x64
		{3DCD5F9C-9C3B-4DB5-8A64-FE40B69E2083}.Debug|x64.Build.0 = Debug|x64
		{3DCD5F9C-9C3B-4DB5-8A64-FE40B69E2083}.Debug|x86.ActiveCfg = Debug|Win32
		{3DCD5F9C-9C3B-4DB5-8A64-FE40B69E2083}.Debug|x86.Build.0 = Debug|Win32
		{3DCD5F9C-9C3B-4DB5-8A64-FE40B69E2083}.Profile|x64.ActiveCfg = Release|x64
		{3DCD5F9C-9C3B-4DB5-8A64-FE40B69E2083}.Profile|x64.Build.0 = Release|x64
		{3DCD5F9C-9C3B-4DB5-8A64-FE40B69E2083}.Profile|x86.ActiveCfg = Release|Win32
		{3DCD5F9C-9C3B-4DB5-8A64-FE40B69E2083}.Profile|x86.Build.0 = Release|Win32
		{3DCD5F9C-9C3B-4DB5-8A64-FE40B69E2083}.Release|x64.ActiveCfg = Release|x64
		{3DCD5F9C-9C3B-4DB5-8A64-FE40B69E2083}.Release|x64.Build.0 = Release|x64
		{3DCD5F9C-9C3B-4DB5-8A64-FE40B69E2083}.Release|x86.ActiveCfg = Release|Win32
		{3DCD5F9C-9C3B-4DB5-8A64-FE40B69E2083}.Release|x86.Build.0 = Release|Win32
		{9A1494FD-C0FC-4550-AD89-2D23DFF0A4B3}.Debug|x64.ActiveCfg = Debug|x64
		{9A1494FD-C0FC-4550-AD89-2D23DFF0A4B3}.Debug|x64.Build.0 = Debug|x64
		{9A1494FD-C0FC-4550-AD89-2D23DFF0A4B3}.Debug|x86.ActiveCfg = Debug|Win32
		{9A1494FD-C0FC-4550-AD89-2D23DFF0A4B3}.Debug|x86.Build.0 = Debug|Win32
		{9A1494FD-C0FC-4550-AD89-2D23DFF0A4B3}.Profile|x64.ActiveCfg = Release|x64
		{9A1494FD-C0FC-4550-AD89-2D23DFF0A4B3}.Profile|x64.Build.0 = Release|x64
		{9A1494FD-C0FC-4550-AD89-2D23DFF0A4B3}.Profile|x86.ActiveCfg = Release|Win32
		{9A1494FD-C0FC-4550-AD89-2D23DFF0A4B3}.Profile|x86.Build.0 = Release|Win32
		{9A1494FD-C0FC-4550-AD89-2D23DFF0A4B3}.Release|x64.ActiveCfg = Release|x64
		{9A1494FD-C0FC-4550-AD89-2D23DFF0A4B3}.Release|x64.Build.0 = Release|x64
		{9A1494FD-C0FC-4550-AD89-2D23DFF0A4B3}.Release|x86.ActiveCfg = Release|Win32
		{9A1494FD-C0FC-4550-AD89-2D23DFF0A4B3}.Release|x86.Build.0 = Release|Win32
		{1390C370-907D-47A2-AEDD-8B415E76EC57}.Debug|x64.ActiveCfg = Debug|x64
		{1390C370-907D-47A2-AEDD-8B415E76EC57}.Debug|x64.Build.0 = Debug|x64
		{1390C370-907D-47A2-AEDD-8B415E76EC57}.Debug|x86.ActiveCfg = Debug|Win32
		{1390C370-907D-47A2-AEDD-8B415E76EC57}.Debug|x86.Build.0 = Debug|Win32
		{1390C370-907D-47A2-AEDD-8B415E76EC57}.Profile|x64.ActiveCfg = Release|x64
		{1390C370-907D-47A2-AEDD-8B415E76EC57}.Profile|x64.Build.0 = Release|x64
		{1390C370-907D-47A2-AEDD-8B415E76EC57}.Profile|x86.ActiveCfg = Release|Win32
		{1390C370-907D-47A2-AEDD-8B415E76EC57}.Profile|x86.Build.0 = Release|Win32
		{1390C370-907D-47A2-AEDD-8B415E76EC57}.Release|x64.ActiveCfg = Release|x64
		{1390C370-907D-47A2-AEDD-8B415E76EC57}.Release|x64.Build.0 = Release|x64
		{1390C370-907D-47A2-AEDD-8B415E76EC57}.Release|x86.ActiveCfg = Release|Win32
		{1390C370-907D-47A2-AEDD-8B415E76EC57}.Release|x86.Build.0 = Release|Win32
		{0DCA0554-47F7-4B86-AF5A-4988E705528E}.Debug|x64.ActiveCfg = Debug|x64
		{0DCA0554-47F7-4B86-AF5A-4988E705528E}.Debug|x64.Build.0 = Debug|x64
		{0DCA0554-47F7-4B86-AF5A-4988E705528E}.Debug|x86.ActiveCfg = Debug|Win32
		{0DCA0554-47F7-4B86-AF5A-4988E705528E}.Debug|x86.Build.0 = Debug|Win32
		{0DCA0554-47F7-4B86-AF5A-4988E705528E}.Profile|x64.ActiveCfg = Release|x64
		{0DCA0554-47F7-4B86-AF5A-4988E705528E}.Profile|x64.Build.0 = Release|x64
		{0DCA0554-47F7-4B86-AF5A-4988E705528E}.Profile|x86.ActiveCfg = Release|Win32
		{0DCA0554-47F7-4B86-AF5A-4988E705528E}.Profile|x86.Build.0 = Release|Win32
		{0DCA0554-47F7-4B86-AF5A-4988E705528E}.Release|x64.ActiveCfg = Release|x64
		{0DCA0554-47F7-4B86-AF5A-4988E705528E}.Release|x64.Build.0 = Release|x64
		{0DCA0554-47F7-4B86-AF5A-4988E705528E}.Release|x86.ActiveCfg = Release|Win32
		{0DCA0554-47F7-4B86-AF5A-4988E705528E}.Release|x86.Build.0 = Release|Win32
		{B3130236-6B2C-495E-8F35-A311F5660060}.Debug|x64.ActiveCfg = Debug|x64
		{B3130236-6B2C-495E-8F35-A311F5660060}.Debug|x64.Build.0 = Debug|x64
		{B3130236-6B2C-495E-8F35-A311F5660060}.Debug|x86.ActiveCfg = Debug|Win32
		{B3130236-6B2C-495E-8F35-A311F5660060}.Debug|x86.Build.0 = Debug|Win32
		{B3130236-6B2C-495E-8F35-A311F5660060}.Profile|x64.ActiveCfg = Release|x64
		{B3130236-6B2C-495E-8F35-A311F5660060}.Profile|x64.Build.0 = Release|x64
		{B3130236-6B2C-495E-8F35-A311F5660060}.Profile|x86.ActiveCfg = Release|Win32
		{B3130236-6B2C-495E-8F35-A311F5660060}.Profile|x86.Build.0 = Release|Win32
		{B3130236-6B2C-495E-8F35-A311F5660060}.Release|x64.ActiveCfg = Release|x64
		{B3130236-6B2C-495E-8F35-A311F5660060}.Release|x64.Build.0 = Release|x64
		{B3130236-6B2C-495E-8F35-A311F5660060}.Release|x86.ActiveCfg = Release|Win32
		{B3130236-6B2C-495E-8F35-A311F5660060}.Release|x86.Build.0 = Release|Win32
		{E0DAD862-649E-4B27-8565-C33A2E66338E}.Debug|x64.ActiveCfg = Debug|x64
		{E0DAD862-649E-4B27-8565-C33A2E66338E}.Debug|x64.Build.0 = Debug|x64
		{E0DAD862-649E-4B27-8565-C33A2E66338E}.Debug|x86.ActiveCfg = Debug|Win32
		{E0DAD862-649E-4B27-8565-C33A2E66338E}.Debug|x86.Build.0 = Debug|Win32
		{E0DAD862-649E-4B27-8565-C33A2E66338E}.Profile|x64.ActiveCfg = Release|x64
		{E0DAD862-649E-4B27-8565-C33A2E66338E}.Profile|x64.Build.0 = Release|x64
		{E0DAD862-649E-4B27-8565-C33A2E66338E}.Profile|x86.ActiveCfg = Release|Win32
		{E0DAD862-649E-4B27-8565-C33A2E66338E}.Profile|x86.Build.0 = Release|Win32
		{E0DAD862-649E-4B27-8565-C33A2E66338E}.Release|x64.ActiveCfg = Release|x64
		{E0DAD862-649E-4B27-8565-C33A2E66338E}.Release|x64.Build.0 = Release|x64
		{E0DAD862-649E-4B27-8565-C33A2E66338E}.Release|x86.ActiveCfg = Release|Win32
		{E0DAD862-649E-4B27-8565-C33A2E66338E}.Release|x86.Build.0 = Release|Win32
		{828F130A-B73A-49EB-9234-D4605EC24DE3}.Debug|x64.ActiveCfg = Debug|x64
		{828F130A-B73A-49EB-9234-D4605EC24DE3}.Debug|x64.Build.0 = Debug|x64
		{828F130A-B73A-49EB-9234-D4605EC24DE3}.Debug|x86.ActiveCfg = Debug|Win32
		{828F130A-B73A-49EB-9234-D4605EC24DE3}.Debug|x86.Build.0 = Debug|Win32
		{828F130A-B73A-49EB-9234-D4605EC24DE3}.Profile|x64.ActiveCfg = Release|x64
		{828F130A-B73A-49EB-9234-D4605EC24DE3}.Profile|x64.Build.0 = Release|x64
		{828F130A-B73A-49EB-9234-D4605EC24DE3}.Profile|x86.ActiveCfg = Release|Win32
		{828F130A-B73A-49EB-9234-D4605EC24DE3}.Profile|x86.Build.0 = Release|Win32
		{828F130A-B73A-49EB-9234-D4605EC24DE3}.Release|x64.ActiveCfg = Release|x64
		{828F130A-B73A-49EB-9234-D4605EC24DE3}.Release|x64.Build.0 = Release|x64
		{828F130A-B73A-49EB-9234-D4605EC24DE3}.Release|x86.ActiveCfg = Release|Win32
		{828F130A-B73A-49EB-9234-D4605EC24DE3}.Release|x86.Build.0 = Release|Win32
		{485EA2A3-7778-4525-8C6A-12791B876072}.Debug|x64.ActiveCfg = Debug|x64
		{485EA2A3-7778-4525-8C6A-12791B876072}.Debug|x64.Build.0 = Debug|x64
		{485EA2A3-7778-4525-8C6A-12791B876072}.Debug|x86.ActiveCfg = Debug|Win32
		{485EA2A3-7778-4525-8C6A-12791B876072}.Debug|x86.Build.0 = Debug|Win32
		{485EA2A3-7778-4525-8C6A-12791B876072}.Profile|x64.ActiveCfg = Release|x64
		{485EA2A3-7778-4525-8C6A-12791B876072}.Profile|x64.Build.0 = Release|x64
		{485EA2A3-7778-4525-8C6A-12791B876072}.Profile|x86.ActiveCfg = Release|Win32
		{485EA2A3-7778-4525-8C6A-12791B876072}.Profile|x86.Build.0 = Release|Win32
		{485EA2A3-7778-4525-8C6A-12791B876072}.Release|x64.ActiveCfg = Release|x64
		{485EA2A3-7778-4525-8C6A-12791B876072}.Release|x64.Build.0 = Release|x64
		{485EA2A3-7778-4525-8C6A-12791B876072}.Release|x86.ActiveCfg = Release|Win32
		{485EA2A3-7778-4525-8C6A-12791B876072}.Release|x86.Build.0 = Release|Win32
		{8AE9E997-F79F-4E4E-89A8-2C2B668609DF}.Debug|x64.ActiveCfg = Debug|x64
		{8AE9E997-F79F-4E4E-89A8-2C2B668609DF}.Debug|x64.Build.0 = Debug|x64
		{8AE9E997-F79F-4E4E-89A8-2C2B668609DF}.Debug|x86.ActiveCfg = Debug|Win32
		{8AE9E997-F79F-4E4E-89A8-2C2B668609DF}.Debug|x86.Build.0 = Debug|Win32
		{8AE9E997-F79F-4E4E-89A8-2C2B668609DF}.Profile|x64.ActiveCfg = Release|x64
		{8AE9E997-F79F-4E4E-89A8-2C2B668609DF}.Profile|x64.Build.0 = Release|x64
		{8AE9E997-F79F-4E4E-89A8-2C2B668609DF}.Profile|x86.ActiveCfg = Release|Win32
		{8AE9E997-F79F-4E4E-89A8-2C2B668609DF}.Profile|x86.Build.0 = Release|Win32
		{8AE9E997-F79F-4E4E-89A8-2C2B668609DF}.Release|x64.ActiveCfg = Release|x64
		{8AE9E997-F79F-4E4E-89A8-2C2B668609DF}.Release|x64.Build.0 = Release|x64
		{8AE9E997-F79F-4E4E-89A8-2C2B668609DF}.Release|x86.ActiveCfg = Release|Win32
		{8AE9E997-F79F-4E4E-89A8-2C2B668609DF}.Release|x86.Build.0 = Release|Win32
		{56B43845-038F-4523-BAC5-D5558F118196}.Debug|x64.ActiveCfg = Debug|x64
		{56B43845-038F-4523-BAC5-D5558F118196}.Debug|x64.Build.0 = Debug|x64
		{56B43845-038F-4523-BAC5-D5558F118196}.Debug|x86.ActiveCfg = Debug|Win32
		{56B43845-038F-4523-BAC5-D5558F118196}.Debug|x86.Build.0 = Debug|Win32
		{56B43845-038F-4523-BAC5-D5558F118196}.Profile|x64.ActiveCfg = Release|x64
		{56B43845-038F-4523-BAC5-D5558F118196}.Profile|x64.Build.0 = Release|x64
		{56B43845-038F-4523-BAC5-D5558F118196}.Profile|x86.ActiveCfg = Release|Win32
		{56B43845-038F-4523-BAC5-D5558F118196}.Profile|x86.Build.0 = Release|Win32
		{56B43845-038F-4523-BAC5-D5558F118196}.Release|x64.ActiveCfg = Release|x64
		{56B43845-038F-4523-BAC5-D5558F118196}.Release|x64.Build.0 = Release|x64
		{56B43845-038F-4523-BAC5-D5558F118196}.Release|x86.ActiveCfg = Release|Win32
		{56B43845-038F-4523-BAC5-D5558F118196}.Release|x86.Build.0 = Release|Win32
		{D2A02C8F-1344-4D1B-8E69-2214FD1800F0}.Debug|x64.ActiveCfg = Debug|x64
		{D2A02C8F-1344-4D1B-8E69-2214FD1800F0}.Debug|x64.Build.0 = Debug|x64
		{D2A02C8F-1344-4D1B-8E69-2214FD1800F0}.Debug|x86.ActiveCfg = Debug|Win32
		{D2A02C8F-1344-4D1B-8E69-2214FD1800F0}.Debug|x86.Build.0 = Debug|Win32
		{D2A02C8F-1344-4D1B-8E69-2214FD1800F0}.Profile|x64.ActiveCfg = Release|x64
		{D2A02C8F-1344-4D1B-8E69-2214FD1800F0}.Profile|x64.Build.0 = Release|x64
		{D2A02C8F-1344-4D1B-8E69-2214FD1800F0}.Profile|x86.ActiveCfg = Release|Win32
		{D2A02C8F-1344-4D1B-8E69-2214FD1800F0}.Profile|x86.Build.0 = Release|Win32
		{D2A02C8F-1344-4D1B-8E69-2214FD1800F0}.Release|x64.ActiveCfg = Release|x64
		{D2A02C8F-1344-4D1B-8E69-2214FD1800F0}.Release|x64.Build.0 = Release|x64
		{D2A02C8F-1344-4D1B-8E69-2214FD1800F0}.Release|x86.ActiveCfg = Release|Win32
		{D2A02C8F-1344-4D1B-8E69-2214FD1800F0}.Release|x86.Build.0 = Release|Win32
		{AB07F67C-FCB8-4C35-BBFD-4B1CB842C301}.Debug|x64.ActiveCfg = Debug|x64
		{AB07F67C-FCB8-4C35-BBFD-4B1CB842C301}.Debug|x64.Build.0 = Debug|x64
		{AB07F67C-FCB8-4C35-BBFD-4B1CB842C301}.Debug|x86.ActiveCfg = Debug|Win32
		{AB07F67C-FCB8-4C35-BBFD-4B1CB842C301}.Debug|x86.Build.0 = Debug|Win32
		{AB07F67C-FCB8-4C35-BBFD-4B1CB842C301}.Profile|x64.ActiveCfg = Release|x64
		{AB07F67C-FCB8-4C35-BBFD-4B1CB842C301}.Profile|x64.Build.0 = Release|x64
		{AB07F67C-FCB8-4C35-BBFD-4B1CB842C301}.Profile|x86.ActiveCfg = Release|Win32
		{AB07F67C-FCB8-4C35-BBFD-4B1CB842C301}.Profile|x86.Build.0 = Release|Win32
		{AB07F67C-FCB8-4C35-BBFD-4B1CB842C301}.Release|x64.ActiveCfg = Release|x64
		{AB07F67C-FCB8-4C35-BBFD-4B1CB842C301}.Release|x64.Build.0 = Release|x64
		{AB07F67C-FCB8-4C35-BBFD-4B1CB842C301}.Release|x86.ActiveCfg = Release|Win32
		{AB07F67C-FCB8-4C35-BBFD-4B1CB842C301}.Release|x86.Build.0 = Release|Win32
		{E9898319-A3D1-41C5-A047-CAF8B961649F}.Debug|x64.ActiveCfg = Debug|x64
		{E9898319-A3D1-41C5-A047-CAF8B961649F}.Debug|x64.Build.0 = Debug|x64
		{E9898319-A3D1-41C5-A047-CAF8B961649F}.Debug|x86.ActiveCfg = Debug|Win32
		{E9898319-A3D1-41C5-A047-CAF8B961649F}.Debug|x86.Build.0 = Debug|Win32
		{E9898319-A3D1-41C5-A047-CAF8B961649F}.Profile|x64.ActiveCfg = Debug|x64
		{E9898319-A3D1-41C5-A047-CAF8B961649F}.Profile|x64.Build.0 = Debug|x64
		{E9898319-A3D1-41C5-A047-CAF8B961649F}.Profile|x86.ActiveCfg = Debug|Win32
		{E9898319-A3D1-41C5-A047-CAF8B961649F}.Profile|x86.Build.0 = Debug|Win32
		{E9898319-A3D1-41C5-A047-CAF8B961649F}.Release|x64.ActiveCfg = Release|x64
		{E9898319-A3D1-41C5-A047-CAF8B961649F}.Release|x64.Build.0 = Release|x64
		{E9898319-A3D1-41C5-A047-CAF8B961649F}.Release|x86.ActiveCfg = Release|Win32
		{E9898319-A3D1-41C5-A047-CAF8B961649F}.Release|x86.Build.0 = Release|Win32
		{AB7DFF93-7142-43CA-81DB-1AA01EDA873C}.Debug|x64.ActiveCfg = Debug|x64
		{AB7DFF93-7142-43CA-81DB-1AA01EDA873C}.Debug|x64.Build.0 = Debug|x64
		{AB7DFF93-7142-43CA-81DB-1AA01EDA873C}.Debug|x86.ActiveCfg = Debug|Win32
		{AB7DFF93-7142-43CA-81DB-1AA01EDA873C}.Debug|x86.Build.0 = Debug|Win32
		{AB7DFF93-7142-43CA-81DB-1AA01EDA873C}.Profile|x64.ActiveCfg = Debug|x64
		{AB7DFF93-7142-43CA-81DB-1AA01EDA873C}.Profile|x64.Build.0 = Debug|x64
		{AB7DFF93-7142-43CA-81DB-1AA01EDA873C}.Profile|x86.ActiveCfg = Debug|Win32
		{AB7DFF93-7142-43CA-81DB-1AA01EDA873C}.Profile|x86.Build.0 = Debug|Win32
		{AB7DFF93-7142-43CA-81DB-1AA01EDA873C}.Release|x64.ActiveCfg = Release|x64
		{AB7DFF93-7142-43CA-81DB-1AA01EDA873C}.Release|x64.Build.0 = Release|x64
		{AB7DFF93-7142-43CA-81DB-1AA01EDA873C}.Release|x86.ActiveCfg = Release|Win32
		{AB7DFF93-7142-43CA-81DB-1AA01EDA873C}.Release|x86.Build.0 = Release|Win32
		{E6206EAB-5C23-449D-8C6E-7F99C14C8F8F}.Debug|x64.ActiveCfg = Debug|x64
		{E6206EAB-5C23-449D-8C6E-7F99C14C8F8F}.Debug|x64.Build.0 = Debug|x64
		{E6206EAB-5C23-449D-8C6E-7F99C14C8F8F}.Debug|x86.ActiveCfg = Debug|Win32
		{E6206EAB-5C23-449D-8C6E-7F99C14C8F8F}.Debug|x86.Build.0 = Debug|Win32
		{E6206EAB-5C23-449D-8C6E-7F99C14C8F8F}.Profile|x64.ActiveCfg = Debug|x64
		{E6206EAB-5C23-449D-8C6E-7F99C14C8F8F}.Profile|x64.Build.0 = Debug|x64
		{E6206EAB-5C23-449D-8C6E-7F99C14C8F8F}.Profile|x86.ActiveCfg = Debug|Win32
		{E6206EAB-5C23-449D-8C6E-7F99C14C8F8F}.Profile|x86.Build.0 = Debug|Win32
		{E6206EAB-5C23-449D-8C6E-7F99C14C8F8F}.Release|x64.ActiveCfg = Release|x64
		{E6206EAB-5C23-449D-8C6E-7F99C14C8F8F}.Release|x64.Build.0 = Release|x64
		{E6206EAB-5C23-449D-8C6E-7F99C14C8F8F}.Release|x86.ActiveCfg = Release|Win32
		{E6206EAB-5C23-449D-8C6E-7F99C14C8F8F}.Release|x86.Build.0 = Release|Win32
		{D722BA23-1517-4B10-A1F6-FD5241D5C5C5}.Debug|x64.ActiveCfg = Debug|x64
		{D722BA23-1517-4B10-A1F6-FD5241D5C5C5}.Debug|x64.Build.0 = Debug|x64
		{D722BA23-1517-4B10-A1F6-FD5241D5C5C5}.Debug|x86.ActiveCfg = Debug|Win32
		{D722BA23-1517-4B10-A1F6-FD5241D5C5C5}.Debug|x86.Build.0 = Debug|Win32
		{D722BA23-1517-4B10-A1F6-FD5241D5C5C5}.Profile|x64.ActiveCfg = Debug|x64
		{D722BA23-1517-4B10-A1F6-FD5241D5C5C5}.Profile|x64.Build.0 = Debug|x64
		{D722BA23-1517-4B10-A1F6-FD5241D5C5C5}.Profile|x86.ActiveCfg = Debug|Win32
		{D722BA23-1517-4B10-A1F6-FD5241D5C5C5}.Profile|x86.Build.0 = Debug|Win32
		{D722BA23-1517-4B10-A1F6-FD5241D5C5C5}.Release|x64.ActiveCfg = Release|x64
		{D722BA23-1517-4B10-A1F6-FD5241D5C5C5}.Release|x64.Build.0 = Release|x64
		{D722BA23-1517-4B10-A1F6-FD5241D5C5C5}.Release|x86.ActiveCfg = Release|Win32
		{D722BA23-1517-4B10-A1F6-FD5241D5C5C5}.Release|x86.Build.0 = Release|Win32
		{4266EAE5-3525-4E26-A8B9-52144DCD8A4F}.Debug|x64.ActiveCfg = Debug|x64
		{4266EAE5-3525-4E26-A8B9-52144DCD8A4F}.Debug|x64.Build.0 = Debug|x64
		{4266EAE5-3525-4E26-A8B9-52144DCD8A4F}.Debug|x86.ActiveCfg = Debug|Win32
		{4266EAE5-3525-4E26-A8B9-52144DCD8A4F}.Debug|x86.Build.0 = Debug|Win32
		{4266EAE5-3525-4E26-A8B9-52144DCD8A4F}.Profile|x64.ActiveCfg = Debug|x64
		{4266EAE5-3525-4E26-A8B9-52144DCD8A4F}.Profile|x64.Build.0 = Debug|x64
		{4266EAE5-3525-4E26-A8B9-52144DCD8A4F}.Profile|x86.ActiveCfg = Debug|Win32
		{4266EAE5-3525-4E26-A8B9-52144DCD8A4F}.Profile|x86.Build.0 = Debug|Win32
		{4266EAE5-3525-4E26-A8B9-52144DCD8A4F}.Release|x64.ActiveCfg = Release|x64
		{4266EAE5-3525-4E26-A8B9-52144DCD8A4F}.Release|x64.Build.0 = Release|x64
		{4266EAE5-3525-4E26-A8B9-52144DCD8A4F}.Release|x86.ActiveCfg = Release|Win32
		{4266EAE5-3525-4E26-A8B9-52144DCD8A4F}.Release|x86.Build.0 = Release|Win32
		{8E9CABAE-65CC-41C5-9727-7ACAA361DB15}.Debug|x64.ActiveCfg = Debug|x64
		{8E9CABAE-65CC-41C5-9727-7ACAA361DB15}.Debug|x64.Build.0 = Debug|x64
		{8E9CABAE-65CC-41C5-9727-7ACAA361DB15}.Debug|x86.ActiveCfg = Debug|Win32
		{8E9CABAE-65CC-41C5-9727-7ACAA361DB15}.Debug|x86.Build.0 = Debug|Win32
		{8E9CABAE-65CC-41C5-9727-7ACAA361DB15}.Profile|x64.ActiveCfg = Debug|x64
		{8E9CABAE-65CC-41C5-9727-7ACAA361DB15}.Profile|x64.Build.0 = Debug|x64
		{8E9CABAE-65CC-41C5-9727-7ACAA361DB15}.Profile|x86.ActiveCfg = Debug|Win32
		{8E9CABAE-65CC-41C5-9727-7ACAA361DB15}.Profile|x86.Build.0 = Debug|Win32
		{8E9CABAE-65CC-41C5-9727-7ACAA361DB15}.Release|x64.ActiveCfg = Release|x64
		{8E9CABAE-65CC-41C5-9727-7ACAA361DB15}.Release|x64.Build.0 = Release|x64
		{8E9CABAE-65CC-41C5-9727-7ACAA361DB15}.Release|x86.ActiveCfg = Release|Win32
		{8E9CABAE-65CC-41C5-9727-7ACAA361DB15}.Release|x86.Build.0 = Release|Win32
		{FE5C234A-5DB1-4AAE-8A57-96935FA67EA5}.Debug|x64.ActiveCfg = Debug|x64
		{FE5C234A-5DB1-4AAE-8A57-96935FA67EA5}.Debug|x64.Build.0 = Debug|x64
		{FE5C234A-5DB1-4AAE-8A57-96935FA67EA5}.Debug|x86.ActiveCfg = Debug|Win32
		{FE5C234A-5DB1-4AAE-8A57-96935FA67EA5}.Debug|x86.Build.0 = Debug|Win32
		{FE5C234A-5DB1-4AAE-8A57-96935FA67EA5}.Profile|x64.ActiveCfg = Debug|x64
		{FE5C234A-5DB1-4AAE-8A57-96935FA67EA5}.Profile|x64.Build.0 = Debug|x64
		{FE5C234A-5DB1-4AAE-8A57-96935FA67EA5}.Profile|x86.ActiveCfg = Debug|Win32
		{FE5C234A-5DB1-4AAE-8A57-96935FA67EA5}.Profile|x86.Build.0 = Debug|Win32
		{FE5C234A-5DB1-4AAE-8A57-96935FA67EA5}.Release|x64.ActiveCfg = Release|x64
		{FE5C234A-5DB1-4AAE-8A57-96935FA67EA5}.Release|x64.Build.0 = Release|x64
		{FE5C234A-5DB1-4AAE-8A57-96935FA67EA5}.Release|x86.ActiveCfg = Release|Win32
		{FE5C234A-5DB1-4AAE-8A57-96935FA67EA5}.Release|x86.Build.0 = Release|Win32
		{D2602F61-B76E-4537-A9A2-1A16D3DEBBA5}.Debug|x64.ActiveCfg = Debug|x64
		{D2602F61-B76E-4537-A9A2-1A16D3DEBBA5}.Debug|x64.Build.0 = Debug|x64
		{D2602F61-B76E-4537-A9A2-1A16D3DEBBA5}.Debug|x86.ActiveCfg = Debug|Win32
		{D2602F61-B76E-4537-A9A2-1A16D3DEBBA5}.Debug|x86.Build.0 = Debug|Win32
		{D2602F61-B76E-4537-A9A2-1A16D3DEBBA5}.Profile|x64.ActiveCfg = Debug|x64
		{D2602F61-B76E-4537-A9A2-1A16D3DEBBA5}.Profile|x64.Build.0 = Debug|x64
		{D2602F61-B76E-4537-A9A2-1A16D3DEBBA5}.Profile|x86.ActiveCfg = Debug|Win32
		{D2602F61-B76E-4537-A9A2-1A16D3DEBBA5}.Profile|x86.Build.0 = Debug|Win32
		{D2602F61-B76E-4537-A9A2-1A16D3DEBBA5}.Release|x64.ActiveCfg = Release|x64
		{D2602F61-B76E-4537-A9A2-1A16D3DEBBA5}.Release|x64.Build.0 = Release|x64
		{D2602F61-B76E-4537-A9A2-1A16D3DEBBA5}.Release|x86.ActiveCfg = Release|Win32
		{D2602F61-B76E-4537-A9A2-1A16D3DEBBA5}.Release|x86.Build.0 = Release|Win32
		{1D77EC78-B0BB-42EF-AE68-AC06B0C77ADA}.Debug|x64.ActiveCfg = Debug|x64
		{1D77EC78-B0BB-42EF-AE68-AC06B0C77ADA}.Debug|x64.Build.0 = Debug|x64
		{1D77EC78-B0BB-42EF-AE68-AC06B0C77ADA}.Debug|x86.ActiveCfg = Debug|Win32
		{1D77EC78-B0BB-42EF-AE68-AC06B0C77ADA}.Debug|x86.Build.0 = Debug|Win32
		{1D77EC78-B0BB-42EF-AE68-AC06B0C77ADA}.Profile|x64.ActiveCfg = Debug|x64
		{1D77EC78-B0BB-42EF-AE68-AC06B0C77ADA}.Profile|x64.Build.0 = Debug|x64
		{1D77EC78-B0BB-42EF-AE68-AC06B0C77ADA}.Profile|x86.ActiveCfg = Debug|Win32
		{1D77EC78-B0BB-42EF-AE68-AC06B0C77ADA}.Profile|x86.Build.0 = Debug|Win32
		{1D77EC78-B0BB-42EF-AE68-AC06B0C77ADA}.Release|x64.ActiveCfg = Release|x64
		{1D77EC78-B0BB-42EF-AE68-AC06B0C77ADA}.Release|x64.Build.0 = Release|x64
		{1D77EC78-B0BB-42EF-AE68-AC06B0C77ADA}.Release|x86.ActiveCfg = Release|Win32
		{1D77EC78-B0BB-42EF-AE68-AC06B0C77ADA}.Release|x86.Build.0 = Release|Win32
		{74EEF00F-1AD6-4730-A279-C04072D4420A}.Debug|x64.ActiveCfg = Debug|x64
		{74EEF00F-1AD6-4730-A279-C04072D4420A}.Debug|x64.Build.0 = Debug|x64
		{74EEF00F-1AD6-4730-A279-C04072D4420A}.Debug|x86.ActiveCfg = Debug|Win32
		{74EEF00F-1AD6-4730-A279-C04072D4420A}.Debug|x86.Build.0 = Debug|Win32
		{74EEF00F-1AD6-4730-A279-C04072D4420A}.Profile|x64.ActiveCfg = Debug|x64
		{74EEF00F-1AD6-4730-A279-C04072D4420A}.Profile|x64.Build.0 = Debug|x64
		{74EEF00F-1AD6-4730-A279-C04072D4420A}.Profile|x86.ActiveCfg = Debug|Win32
		{74EEF00F-1AD6-4730-A279-C04072D4420A}.Profile|x86.Build.0 = Debug|Win32
		{74EEF00F-1AD6-4730-A279-C04072D4420A}.Release|x64.ActiveCfg = Release|x64
		{74EEF00F-1AD6-4730-A279-C04072D4420A}.Release|x64.Build.0 = Release|x64
		{74EEF00F-1AD6-4730-A279-C04072D4420A}.Release|x86.ActiveCfg = Release|Win32
		{74EEF00F-1AD6-4730-A279-C04072D4420A}.Release|x86.Build.0 = Release|Win32
		{FB1B5338-0EC6-4FDE-AE4C-10763893A9D6}.Debug|x64.ActiveCfg = Debug|x64
		{FB1B5338-0EC6-4FDE-AE4C-10763893A9D6}.Debug|x64.Build.0 = Debug|x64
		{FB1B5338-0EC6-4FDE-AE4C-10763893A9D6}.Debug|x86.ActiveCfg = Debug|Win32
		{FB1B5338-0EC6-4FDE-AE4C-10763893A9D6}.Debug|x86.Build.0 = Debug|Win32
		{FB1B5338-0EC6-4FDE-AE4C-10763893A9D6}.Profile|x64.ActiveCfg = Debug|x64
		{FB1B5338-0EC6-4FDE-AE4C-10763893A9D6}.Profile|x64.Build.0 = Debug|x64
		{FB1B5338-0EC6-4FDE-AE4C-10763893A9D6}.Profile|x86.ActiveCfg = Debug|Win32
		{FB1B5338-0EC6-4FDE-AE4C-10763893A9D6}.Profile|x86.Build.0 = Debug|Win32
		{FB1B5338-0EC6-4FDE-AE4C-10763893A9D6}.Release|x64.ActiveCfg = Release|x64
		{FB1B5338-0EC6-4FDE-AE4C-10763893A9D6}.Release|x64.Build.0 = Release|x64
		{FB1B5338-0EC6-4FDE-AE4C-10763893A9D6}.Release|x86.ActiveCfg = Release|Win32
		{FB1B5338-0EC6-4FDE-AE4C-10763893A9D6}.Release|x86.Build.0 = Release|Win32
		{73534D02-D7A8-4D08-8A8A-187CEE536C3F}.Debug|x64.ActiveCfg = Debug|x64
		{73534D02-D7A8-4D08-8A8A-187CEE536C3F}.Debug|x64.Build.0 = Debug|x64
		{73534D02-D7A8-4D08-8A8A-187CEE536C3F}.Debug|x86.ActiveCfg = Debug|Win32
		{73534D02-D7A8-4D08-8A8A-187CEE536C3F}.Debug|x86.Build.0 = Debug|Win32
		{73534D02-D7A8-4D08-8A8A-187CEE536C3F}.Profile|x64.ActiveCfg = Debug|x64
		{73534D02-D7A8-4D08-8A8A-187CEE536C3F}.Profile|x64.Build.0 = Debug|x64
		{73534D02-D7A8-4D08-8A8A-187CEE536C3F}.Profile|x86.ActiveCfg = Debug|Win32
		{73534D02-D7A8-4D08-8A8A-187CEE536C3F}.Profile|x86.Build.0 = Debug|Win32
		{73534D02-D7A8-4D08-8A8A-187CEE536C3F}.Release|x64.ActiveCfg = Release|x64
		{73534D02-D7A8-4D08-8A8A-187CEE536C3F}.Release|x64.Build.0 = Release|x64
		{73534D02-D7A8-4D08-8A8A-187CEE536C3F}.Release|x86.ActiveCfg = Release|Win32
		{73534D02-D7A8-4D08-8A8A-187CEE536C3F}.Release|x86.Build.0 = Release|Win32
		{8B82CD16-9638-4299-9BA1-A7D363FE68BA}.Debug|x64.ActiveCfg = Debug|x64
		{8B82CD16-9638-4299-9BA1-A7D363FE68BA}.Debug|x64.Build.0 = Debug|x64
		{8B82CD16-9638-4299-9BA1-A7D363FE68BA}.Debug|x86.ActiveCfg = Debug|Win32
		{8B82CD16-9638-4299-9BA1-A7D363FE68BA}.Debug|x86.Build.0 = Debug|Win32
		{8B82CD16-9638-4299-9BA1-A7D363FE68BA}.Profile|x64.ActiveCfg = Debug|x64
		{8B82CD16-9638-4299-9BA1-A7D363FE68BA}.Profile|x64.Build.0 = Debug|x64
		{8B82CD16-9638-4299-9BA1-A7D363FE68BA}.Profile|x86.ActiveCfg = Debug|Win32
		{8B82CD16-9638-4299-9BA1-A7D363FE68BA}.Profile|x86.Build.0 = Debug|Win32
		{8B82CD16-9638-4299-9BA1-A7D363FE68BA}.Release|x64.ActiveCfg = Release|x64
		{8B82CD16-9638-4299-9BA1-A7D363FE68BA}.Release|x64.Build.0 = Release|x64
		{8B82CD16-9638-4299-9BA1-A7D363FE68BA}.Release|x86.ActiveCfg = Release|Win32
		{8B82CD16-9638-4299-9BA1-A7D363FE68BA}.Release|x86.Build.0 = Release|Win32
		{72D017F0-CBB8-4AB4-A674-241E72A2AD51}.Debug|x64.ActiveCfg = Debug|x64
		{72D017F0-CBB8-4AB4-A674-241E72A2AD51}.Debug|x64.Build.0 = Debug|x64
		{72D017F0-CBB8-4AB4-A674-241E72A2AD51}.Debug|x86.ActiveCfg = Debug|Win32
		{72D017F0-CBB8-4AB4-A674-241E72A2AD51}.Debug|x86.Build.0 = Debug|Win32
		{72D017F0-CBB8-4AB4-A674-241E72A2AD51}.Profile|x64.ActiveCfg = Debug|x64
		{72D017F0-CBB8-4AB4-A674-241E72A2AD51}.Profile|x64.Build.0 = Debug|x64
		{72D017F0-CBB8-4AB4-A674-241E72A2AD51}.Profile|x86.ActiveCfg = Debug|Win32
		{72D017F0-CBB8-4AB4-A674-241E72A2AD51}.Profile|x86.Build.0 = Debug|Win32
		{72D017F0-CBB8-4AB4-A674-241E72A2AD51}.Release|x64.ActiveCfg = Release|x64
		{72D017F0-CBB8-4AB4-A674-241E72A2AD51}.Release|x64.Build.0 = Release|x64
		{72D017F0-CBB8-4AB4-A674-241E72A2AD51}.Release|x86.ActiveCfg = Release|Win32
		{72D017F0-CBB8-4AB4-A674-241E72A2AD51}.Release|x86.Build.0 = Release|Win32
		{B9F08DB3-C209-4C44-B0C7-349D3B1FFF69}.Debug|x64.ActiveCfg = Debug|x64
		{B9F08DB3-C209-4C44-B0C7-349D3B1FFF69}.Debug|x64.Build.0 = Debug|x64
		{B9F08DB3-C209-4C44-B0C7-349D3B1FFF69}.Debug|x86.ActiveCfg = Debug|Win32
		{B9F08DB3-C209-4C44-B0C7-349D3B1FFF69}.Debug|x86.Build.0 = Debug|Win32
		{B9F08DB3-C209-4C44-B0C7-349D3B1FFF69}.Profile|x64.ActiveCfg = Debug|x64
		{B9F08DB3-C209-4C44-B0C7-349D3B1FFF69}.Profile|x64.Build.0 = Debug|x64
		{B9F08DB3-C209-4C44-B0C7-349D3B1FFF69}.Profile|x86.ActiveCfg = Debug|Win32
		{B9F08DB3-C209-4C44-B0C7-349D3B1FFF69}.Profile|x86.Build.0 = Debug|Win32
		{B9F08DB3-C209-4C44-B0C7-349D3B1FFF69}.Release|x64.ActiveCfg = Release|x64
		{B9F08DB3-C209-4C44-B0C7-349D3B1FFF69}.Release|x64.Build.0 = Release|x64
		{B9F08DB3-C209-4C44-B0C7-349D3B1FFF69}.Release|x86.ActiveCfg = Release|Win32
		{B9F08DB3-C209-4C44-B0C7-349D3B1FFF69}.Release|x86.Build.0 = Release|Win32
		{34564B80-EEC1-4844-AD1C-164EDC2E8EC0}.Debug|x64.ActiveCfg = Debug|x64
		{34564B80-EEC1-4844-AD1C-164EDC2E8EC0}.Debug|x64.Build.0 = Debug|x64
		{34564B80-EEC1-4844-AD1C-164EDC2E8EC0}.Debug|x86.ActiveCfg = Debug|Win32
		{34564B80-EEC1-4844-AD1C-164EDC2E8EC0}.Debug|x86.Build.0 = Debug|Win32
		{34564B80-EEC1-4844-AD1C-164EDC2E8EC0}.Profile|x64.ActiveCfg = Debug|x64
		{34564B80-EEC1-4844-AD1C-164EDC2E8EC0}.Profile|x64.Build.0 = Debug|x64
		{34564B80-EEC1-4844-AD1C-164EDC2E8EC0}.Profile|x86.ActiveCfg = Debug|Win32
		{34564B80-EEC1-4844-AD1C-164EDC2E8EC0}.Profile|x86.Build.0 = Debug|Win32
		{34564B80-EEC1-4844-AD1C-164EDC2E8EC0}.Release|x64.ActiveCfg = Release|x64
		{34564B80-EEC1-4844-AD1C-164EDC2E8EC0}.Release|x64.Build.0 = Release|x64
		{34564B80-EEC1-4844-AD1C-164EDC2E8EC0}.Release|x86.ActiveCfg = Release|Win32
		{34564B80-EEC1-4844-AD1C-164EDC2E8EC0}.Release|x86.Build.0 = Release|Win32
		{6EEFAE6B-8A09-425B-B320-DF78F2FB19DE}.Debug|x64.ActiveCfg = Debug|x64
		{6EEFAE6B-8A09-425B-B320-DF78F2FB19DE}.Debug|x64.Build.0 = Debug|x64
		{6EEFAE6B-8A09-425B-B320-DF78F2FB19DE}.Debug|x86.ActiveCfg = Debug|Win32
		{6EEFAE6B-8A09-425B-B320-DF78F2FB19DE}.Debug|x86.Build.0 = Debug|Win32
		{6EEFAE6B-8A09-425B-B320-DF78F2FB19DE}.Profile|x64.ActiveCfg = Debug|x64
		{6EEFAE6B-8A09-425B-B320-DF78F2FB19DE}.Profile|x64.Build.0 = Debug|x64
		{6EEFAE6B-8A09-425B-B320-DF78F2FB19DE}.Profile|x86.ActiveCfg = Debug|Win32
		{6EEFAE6B-8A09-425B-B320-DF78F2FB19DE}.Profile|x86.Build.0 = Debug|Win32
		{6EEFAE6B-8A09-425B-B320-DF78F2FB19DE}.Release|x64.ActiveCfg = Release|x64
		{6EEFAE6B-8A09-425B-B320-DF78F2FB19DE}.Release|x64.Build.0 = Release|x64
		{6EEFAE6B-8A09-425B-B320-DF78F2FB19DE}.Release|x86.ActiveCfg = Release|Win32
		{6EEFAE6B-8A09-425B-B320-DF78F2FB19DE}.Release|x86.Build.0 = Release|Win32
		{F05A7FA4-74D0-463C-8357-86A85EA43969}.Debug|x64.ActiveCfg = Debug|x64
		{F05A7FA4-74D0-463C-8357-86A85EA43969}.Debug|x64.Build.0 = Debug|x64
		{F05A7FA4-74D0-463C-8357-86A85EA43969}.Debug|x86.ActiveCfg = Debug|Win32
		{F05A7FA4-74D0-463C-8357-86A85EA43969}.Debug|x86.Build.0 = Debug|Win32
		{F05A7FA4-74D0-463C-8357-86A85EA43969}.Profile|x64.ActiveCfg = Debug|x64
		{F05A7FA4-74D0-463C-8357-86A85EA43969}.Profile|x64.Build.0 = Debug|x64
		{F05A7FA4-74D0-463C-8357-86A85EA43969}.Profile|x86.ActiveCfg = Debug|Win32
		{F05A7FA4-74D0-463C-8357-86A85EA43969}.Profile|x86.Build.0 = Debug|Win32
		{F05A7FA4-74D0-463C-8357-86A85EA43969}.Release|x64.ActiveCfg = Release|x64
		{F05A7FA4-74D0-463C-8357-86A85EA43969}.Release|x64.Build.0 = Release|x64
		{F05A7FA4-74D0-463C-8357-86A85EA43969}.Release|x86.ActiveCfg = Release|Win32
		{F05A7FA4-74D0-463C-8357-86A85EA43969}.Release|x86.Build.0 = Release|Win32
		{E5F75C8D-9220-4D28-9894-24C72F48E2CC}.Debug|x64.ActiveCfg = Debug|x64
		{E5F75C8D-9220-4D28-9894-24C72F48E2CC}.Debug|x64.Build.0 = Debug|x64
		{E5F75C8D-9220-4D28-9894-24C72F48E2CC}.Debug|x86.ActiveCfg = Debug|Win32
		{E5F75C8D-9220-4D28-9894-24C72F48E2CC}.Debug|x86.Build.0 = Debug|Win32
		{E5F75C8D-9220-4D28-9894-24C72F48E2CC}.Profile|x64.ActiveCfg = Debug|x64
		{E5F75C8D-9220-4D28-9894-24C72F48E2CC}.Profile|x64.Build.0 = Debug|x64
		{E5F75C8D-9220-4D28-9894-24C72F48E2CC}.Profile|x86.ActiveCfg = Debug|Win32
		{E5F75C8D-9220-4D28-9894-24C72F48E2CC}.Profile|x86.Build.0 = Debug|Win32
		{E5F75C8D-9220-4D28-9894-24C72F48E2CC}.Release|x64.ActiveCfg = Release|x64
		{E5F75C8D-9220-4D28-9894-24C72F48E2CC}.Release|x64.Build.0 = Release|x64
		{E5F75C8D-9220-4D28-9894-24C72F48E2CC}.Release|x86.ActiveCfg = Release|Win32
		{E5F75C8D-9220-4D28-9894-24C72F48E2CC}.Release|x86.Build.0 = Release|Win32
		{7FABAC7B-8668-4E36-8B72-89DCE4891669}.Debug|x64.ActiveCfg = Debug|x64
		{7FABAC7B-8668-4E36-8B72-89DCE4891669}.Debug|x64.Build.0 = Debug|x64
		{7FABAC7B-8668-4E36-8B72-89DCE4891669}.Debug|x86.ActiveCfg = Debug|Win32
		{7FABAC7B-8668-4E36-8B72-89DCE4891669}.Debug|x86.Build.0 = Debug|Win32
		{7FABAC7B-8668-4E36-8B72-89DCE4891669}.Profile|x64.ActiveCfg = Debug|x64
		{7FABAC7B-8668-4E36-8B72-89DCE4891669}.Profile|x64.Build.0 = Debug|x64
		{7FABAC7B-8668-4E36-8B72-89DCE4891669}.Profile|x86.ActiveCfg = Debug|Win32
		{7FABAC7B-8668-4E36-8B72-89DCE4891669}.Profile|x86.Build.0 = Debug|Win32
		{7FABAC7B-8668-4E36-8B72-89DCE4891669}.Release|x64.ActiveCfg = Release|x64
		{7FABAC7B-8668-4E36-8B72-89DCE4891669}.Release|x64.Build.0 = Release|x64
		{7FABAC7B-8668-4E36-8B72-89DCE4891669}.Release|x86.ActiveCfg = Release|Win32
		{7FABAC7B-8668-4E36-8B72-89DCE4891669}.Release|x86.Build.0 = Release|Win32
	EndGlobalSection
	GlobalSection(SolutionProperties) = preSolution
		HideSolutionNode = FALSE
	EndGlobalSection
	GlobalSection(NestedProjects) = preSolution
		{91D29338-9A35-43B6-93F7-0C5202ABDEE5} = {D8991E7D-796B-4D53-BD04-A0363C6131CF}
		{4FE15A87-875C-41AB-B100-317EAA0A9E5A} = {B430C5D8-F825-4361-96AE-EC40E71483FD}
		{0E4224F3-AE4D-4E4C-914C-800A97AA5594} = {66409113-263C-4F6A-A36F-6848E9E76980}
		{E7924A0D-D904-459D-9A0F-2D3C2F4A9D35} = {66409113-263C-4F6A-A36F-6848E9E76980}
		{4540BC7A-5138-426F-B74C-EDFBD5348645} = {66409113-263C-4F6A-A36F-6848E9E76980}
		{B4E4FBCF-07AA-4AFA-B96D-C65B1FD312B3} = {91D29338-9A35-43B6-93F7-0C5202ABDEE5}
		{9EFF54C3-67A6-40F2-8263-299BE313A9DA} = {91D29338-9A35-43B6-93F7-0C5202ABDEE5}
		{873816F5-E57D-4C7B-A76B-9D593ECA7531} = {F9E1345D-984D-44DA-B48A-32ABE58C81A3}
		{3DCD5F9C-9C3B-4DB5-8A64-FE40B69E2083} = {66409113-263C-4F6A-A36F-6848E9E76980}
		{9A1494FD-C0FC-4550-AD89-2D23DFF0A4B3} = {A7F864D1-F952-48A5-A706-4EE17786221A}
		{1390C370-907D-47A2-AEDD-8B415E76EC57} = {A7F864D1-F952-48A5-A706-4EE17786221A}
		{0DCA0554-47F7-4B86-AF5A-4988E705528E} = {A7F864D1-F952-48A5-A706-4EE17786221A}
		{B3130236-6B2C-495E-8F35-A311F5660060} = {91D29338-9A35-43B6-93F7-0C5202ABDEE5}
		{E0DAD862-649E-4B27-8565-C33A2E66338E} = {66409113-263C-4F6A-A36F-6848E9E76980}
		{828F130A-B73A-49EB-9234-D4605EC24DE3} = {896866D8-05BC-41A2-9E54-701F2E950BA8}
		{485EA2A3-7778-4525-8C6A-12791B876072} = {F9E1345D-984D-44DA-B48A-32ABE58C81A3}
		{8AE9E997-F79F-4E4E-89A8-2C2B668609DF} = {A7F864D1-F952-48A5-A706-4EE17786221A}
		{56B43845-038F-4523-BAC5-D5558F118196} = {A7F864D1-F952-48A5-A706-4EE17786221A}
		{658B032F-9D83-4B33-A5AA-B0A0C8B6C384} = {D8991E7D-796B-4D53-BD04-A0363C6131CF}
		{A7F864D1-F952-48A5-A706-4EE17786221A} = {D8991E7D-796B-4D53-BD04-A0363C6131CF}
		{D2A02C8F-1344-4D1B-8E69-2214FD1800F0} = {658B032F-9D83-4B33-A5AA-B0A0C8B6C384}
		{AB07F67C-FCB8-4C35-BBFD-4B1CB842C301} = {658B032F-9D83-4B33-A5AA-B0A0C8B6C384}
		{E9898319-A3D1-41C5-A047-CAF8B961649F} = {A7F864D1-F952-48A5-A706-4EE17786221A}
		{AB7DFF93-7142-43CA-81DB-1AA01EDA873C} = {2CAF493C-D9F8-40F9-BF64-BB8319B672AE}
		{E6206EAB-5C23-449D-8C6E-7F99C14C8F8F} = {F9E1345D-984D-44DA-B48A-32ABE58C81A3}
		{D722BA23-1517-4B10-A1F6-FD5241D5C5C5} = {F9E1345D-984D-44DA-B48A-32ABE58C81A3}
		{4266EAE5-3525-4E26-A8B9-52144DCD8A4F} = {2CAF493C-D9F8-40F9-BF64-BB8319B672AE}
		{8E9CABAE-65CC-41C5-9727-7ACAA361DB15} = {896866D8-05BC-41A2-9E54-701F2E950BA8}
		{FE5C234A-5DB1-4AAE-8A57-96935FA67EA5} = {2CAF493C-D9F8-40F9-BF64-BB8319B672AE}
		{F9E1345D-984D-44DA-B48A-32ABE58C81A3} = {D8991E7D-796B-4D53-BD04-A0363C6131CF}
		{D2602F61-B76E-4537-A9A2-1A16D3DEBBA5} = {C7FA8CD1-065C-4718-B784-1D4916E37C74}
		{4B883F19-1DBE-4083-8699-FFDB1C80D42C} = {D8991E7D-796B-4D53-BD04-A0363C6131CF}
		{1D77EC78-B0BB-42EF-AE68-AC06B0C77ADA} = {4B883F19-1DBE-4083-8699-FFDB1C80D42C}
		{74EEF00F-1AD6-4730-A279-C04072D4420A} = {66409113-263C-4F6A-A36F-6848E9E76980}
		{FB1B5338-0EC6-4FDE-AE4C-10763893A9D6} = {C7FA8CD1-065C-4718-B784-1D4916E37C74}
		{73534D02-D7A8-4D08-8A8A-187CEE536C3F} = {63F2AF3D-F916-454F-A35D-3BECD8997B2B}
		{680755CA-47DA-447D-9F7E-9A64EC673DEA} = {63F2AF3D-F916-454F-A35D-3BECD8997B2B}
		{8B82CD16-9638-4299-9BA1-A7D363FE68BA} = {66409113-263C-4F6A-A36F-6848E9E76980}
		{72D017F0-CBB8-4AB4-A674-241E72A2AD51} = {D3DADEE4-12D6-46C7-87CF-A921168CEE1D}
		{D3DADEE4-12D6-46C7-87CF-A921168CEE1D} = {D8991E7D-796B-4D53-BD04-A0363C6131CF}
		{B9F08DB3-C209-4C44-B0C7-349D3B1FFF69} = {D3DADEE4-12D6-46C7-87CF-A921168CEE1D}
		{34564B80-EEC1-4844-AD1C-164EDC2E8EC0} = {F9E1345D-984D-44DA-B48A-32ABE58C81A3}
		{6EEFAE6B-8A09-425B-B320-DF78F2FB19DE} = {2CAF493C-D9F8-40F9-BF64-BB8319B672AE}
		{F05A7FA4-74D0-463C-8357-86A85EA43969} = {A7F864D1-F952-48A5-A706-4EE17786221A}
		{E5F75C8D-9220-4D28-9894-24C72F48E2CC} = {91D29338-9A35-43B6-93F7-0C5202ABDEE5}
		{7FABAC7B-8668-4E36-8B72-89DCE4891669} = {F9E1345D-984D-44DA-B48A-32ABE58C81A3}
		{2CAF493C-D9F8-40F9-BF64-BB8319B672AE} = {680755CA-47DA-447D-9F7E-9A64EC673DEA}
		{896866D8-05BC-41A2-9E54-701F2E950BA8} = {680755CA-47DA-447D-9F7E-9A64EC673DEA}
	EndGlobalSection
	GlobalSection(ExtensibilityGlobals) = postSolution
		SolutionGuid = {AC50DE98-6D74-4F5C-AD65-5C494B288AB0}
		VisualSVNWorkingCopyRoot = .
	EndGlobalSection
	GlobalSection(Performance) = preSolution
		HasPerformanceSessions = true
	EndGlobalSection
EndGlobal
