<?xml version="1.0" encoding="utf-8"?>
<Project ToolsVersion="4.0" xmlns="http://schemas.microsoft.com/developer/msbuild/2003">
  <ItemGroup>
    <Filter Include="Source Files">
      <UniqueIdentifier>{4FC737F1-C7A5-4376-A066-2A32D752A2FF}</UniqueIdentifier>
      <Extensions>cpp;c;cc;cxx;c++;cppm;ixx;def;odl;idl;hpj;bat;asm;asmx</Extensions>
    </Filter>
    <Filter Include="Header Files">
      <UniqueIdentifier>{93995380-89BD-4b04-88EB-625FBE52EBFB}</UniqueIdentifier>
      <Extensions>h;hh;hpp;hxx;h++;hm;inl;inc;ipp;xsd</Extensions>
    </Filter>
    <Filter Include="Resource Files">
      <UniqueIdentifier>{67DA6AB6-F800-4c08-8B7A-83BB121AAD01}</UniqueIdentifier>
      <Extensions>rc;ico;cur;bmp;dlg;rc2;rct;bin;rgs;gif;jpg;jpeg;jpe;resx;tiff;tif;png;wav;mfcribbon-ms</Extensions>
    </Filter>
  </ItemGroup>
  <ItemGroup>
    <ClCompile Include="Meta\Generated files\Container\ComponentDynamicCaster.cpp">
      <Filter>Source Files</Filter>
    </ClCompile>
    <ClCompile Include="Meta\Generated files\Container\ComponentEntMng.cpp">
      <Filter>Source Files</Filter>
    </ClCompile>
    <ClCompile Include="Meta\Generated files\Container\ComponentJson.cpp">
      <Filter>Source Files</Filter>
    </ClCompile>
    <ClCompile Include="Meta\Generated files\Container\ComponentTypeInfo.cpp">
      <Filter>Source Files</Filter>
    </ClCompile>
    <ClCompile Include="Meta\Generated files\Container\HandlerTypeFactory.cpp">
      <Filter>Source Files</Filter>
    </ClCompile>
    <ClCompile Include="Meta\Generated files\Container\HandlerTypeInfo.cpp">
      <Filter>Source Files</Filter>
    </ClCompile>
    <ClCompile Include="Meta\Generated files\Container\SystemTypeFactory.cpp">
      <Filter>Source Files</Filter>
    </ClCompile>
    <ClCompile Include="Meta\Generated files\Aggregator\ComponentDynamicCasterImpl.cpp">
      <Filter>Source Files</Filter>
    </ClCompile>
    <ClCompile Include="Meta\Generated files\Aggregator\ComponentEntityManagerExtensionImpl.cpp">
      <Filter>Source Files</Filter>
    </ClCompile>
    <ClCompile Include="Meta\Generated files\Aggregator\ComponentJsonSerializerImpl.cpp">
      <Filter>Source Files</Filter>
    </ClCompile>
    <ClCompile Include="Meta\Generated files\Aggregator\ComponentReflectionAggregatorImpl.cpp">
      <Filter>Source Files</Filter>
    </ClCompile>
    <ClCompile Include="Meta\Generated files\Aggregator\ComponentTypeInfoImpl.cpp">
      <Filter>Source Files</Filter>
    </ClCompile>
    <ClCompile Include="Meta\Generated files\Aggregator\DefMainFunc_DeveloperDLL.cpp">
      <Filter>Source Files</Filter>
    </ClCompile>
    <ClCompile Include="Meta\Generated files\Aggregator\HandlerReflectionAggregatorImpl.cpp">
      <Filter>Source Files</Filter>
    </ClCompile>
    <ClCompile Include="Meta\Generated files\Aggregator\HandlerTypeFactoryImpl.cpp">
      <Filter>Source Files</Filter>
    </ClCompile>
    <ClCompile Include="Meta\Generated files\Aggregator\HandlerTypeInformationImpl.cpp">
      <Filter>Source Files</Filter>
    </ClCompile>
    <ClCompile Include="Meta\Generated files\Aggregator\ImGuiWidgetsDynamicCasterImpl.cpp">
      <Filter>Source Files</Filter>
    </ClCompile>
    <ClCompile Include="Meta\Generated files\Aggregator\ImGuiWidgetsReflectionAggregatorImpl.cpp">
      <Filter>Source Files</Filter>
    </ClCompile>
    <ClCompile Include="Meta\Generated files\Aggregator\ImGuiWidgetsTypeInfoImpl.cpp">
      <Filter>Source Files</Filter>
    </ClCompile>
    <ClCompile Include="Meta\Generated files\Aggregator\ScenePartReflectionAggregatorImpl.cpp">
      <Filter>Source Files</Filter>
    </ClCompile>
    <ClCompile Include="Meta\Generated files\Aggregator\SystemDynamicCasterImpl.cpp">
      <Filter>Source Files</Filter>
    </ClCompile>
    <ClCompile Include="Meta\Generated files\Aggregator\SystemReflectionAggregatorImpl.cpp">
      <Filter>Source Files</Filter>
    </ClCompile>
    <ClCompile Include="Meta\Generated files\Aggregator\SystemTypeFactoryImpl.cpp">
      <Filter>Source Files</Filter>
    </ClCompile>
    <ClCompile Include="Meta\Generated files\Aggregator\SystemTypeInformationImpl.cpp">
      <Filter>Source Files</Filter>
    </ClCompile>
    <ClCompile Include="Meta\Generated files\Container\EcsDynamicCaster.cpp">
      <Filter>Source Files</Filter>
    </ClCompile>
    <ClCompile Include="Meta\Generated files\Container\EcsTypeInfo.cpp">
      <Filter>Source Files</Filter>
    </ClCompile>
    <ClCompile Include="Meta\Generated files\Container\ComponentTypeFactory.cpp">
      <Filter>Source Files</Filter>
    </ClCompile>
    <ClCompile Include="Meta\Generated files\Aggregator\ComponentTypeFactoryImpl.cpp">
      <Filter>Source Files</Filter>
    </ClCompile>
  </ItemGroup>
  <ItemGroup>
    <ClInclude Include="Meta\Generated files\Container\ComponentDynamicCaster.h">
      <Filter>Header Files</Filter>
    </ClInclude>
    <ClInclude Include="Meta\Generated files\Container\ComponentEntMng.h">
      <Filter>Header Files</Filter>
    </ClInclude>
    <ClInclude Include="Meta\Generated files\Container\ComponentIncludeList.h">
      <Filter>Header Files</Filter>
    </ClInclude>
    <ClInclude Include="Meta\Generated files\Container\ComponentJson.h">
      <Filter>Header Files</Filter>
    </ClInclude>
    <ClInclude Include="Meta\Generated files\Container\ComponentTypeInfo.h">
      <Filter>Header Files</Filter>
    </ClInclude>
    <ClInclude Include="Meta\Generated files\Container\HandlerIncludeList.h">
      <Filter>Header Files</Filter>
    </ClInclude>
    <ClInclude Include="Meta\Generated files\Container\HandlerTypeFactory.h">
      <Filter>Header Files</Filter>
    </ClInclude>
    <ClInclude Include="Meta\Generated files\Container\HandlerTypeInfo.h">
      <Filter>Header Files</Filter>
    </ClInclude>
    <ClInclude Include="Meta\Generated files\Container\SystemIncludeList.h">
      <Filter>Header Files</Filter>
    </ClInclude>
    <ClInclude Include="Meta\Generated files\Container\SystemTypeFactory.h">
      <Filter>Header Files</Filter>
    </ClInclude>
    <ClInclude Include="Meta\Generated files\Aggregator\ComponentDynamicCasterImpl.h">
      <Filter>Header Files</Filter>
    </ClInclude>
    <ClInclude Include="Meta\Generated files\Aggregator\ComponentEntityManagerExtensionImpl.h">
      <Filter>Header Files</Filter>
    </ClInclude>
    <ClInclude Include="Meta\Generated files\Aggregator\ComponentJsonSerializerImpl.h">
      <Filter>Header Files</Filter>
    </ClInclude>
    <ClInclude Include="Meta\Generated files\Aggregator\ComponentReflectionAggregatorImpl.h">
      <Filter>Header Files</Filter>
    </ClInclude>
    <ClInclude Include="Meta\Generated files\Aggregator\ComponentTypeInfoImpl.h">
      <Filter>Header Files</Filter>
    </ClInclude>
    <ClInclude Include="Meta\Generated files\Aggregator\HandlerReflectionAggregatorImpl.h">
      <Filter>Header Files</Filter>
    </ClInclude>
    <ClInclude Include="Meta\Generated files\Aggregator\HandlerTypeFactoryImpl.h">
      <Filter>Header Files</Filter>
    </ClInclude>
    <ClInclude Include="Meta\Generated files\Aggregator\HandlerTypeInformationImpl.h">
      <Filter>Header Files</Filter>
    </ClInclude>
    <ClInclude Include="Meta\Generated files\Aggregator\ImGuiWidgetsDynamicCasterImpl.h">
      <Filter>Header Files</Filter>
    </ClInclude>
    <ClInclude Include="Meta\Generated files\Aggregator\ImGuiWidgetsReflectionAggregatorImpl.h">
      <Filter>Header Files</Filter>
    </ClInclude>
    <ClInclude Include="Meta\Generated files\Aggregator\ImGuiWidgetsTypeInfoImpl.h">
      <Filter>Header Files</Filter>
    </ClInclude>
    <ClInclude Include="Meta\Generated files\Aggregator\ScenePartReflectionAggregatorImpl.h">
      <Filter>Header Files</Filter>
    </ClInclude>
    <ClInclude Include="Meta\Generated files\Aggregator\SystemDynamicCasterImpl.h">
      <Filter>Header Files</Filter>
    </ClInclude>
    <ClInclude Include="Meta\Generated files\Aggregator\SystemReflectionAggregatorImpl.h">
      <Filter>Header Files</Filter>
    </ClInclude>
    <ClInclude Include="Meta\Generated files\Aggregator\SystemTypeFactoryImpl.h">
      <Filter>Header Files</Filter>
    </ClInclude>
    <ClInclude Include="Meta\Generated files\Aggregator\SystemTypeInformationImpl.h">
      <Filter>Header Files</Filter>
    </ClInclude>
    <ClInclude Include="Meta\Generated files\Container\EcsDynamicCaster.h">
      <Filter>Header Files</Filter>
    </ClInclude>
    <ClInclude Include="Meta\Generated files\Container\EcsSystemIncludeList.h">
      <Filter>Header Files</Filter>
    </ClInclude>
    <ClInclude Include="Meta\Generated files\Container\EcsTypeInfo.h">
      <Filter>Header Files</Filter>
    </ClInclude>
    <ClInclude Include="Sources\Components\ScenePrefabTestComponent.h">
      <Filter>Header Files</Filter>
    </ClInclude>
    <ClInclude Include="Meta\Generated files\Container\ComponentTypeFactory.h">
      <Filter>Header Files</Filter>
    </ClInclude>
    <ClInclude Include="Meta\Generated files\Aggregator\ComponentTypeFactoryImpl.h">
      <Filter>Header Files</Filter>
    </ClInclude>
  </ItemGroup>
</Project>