<?xml version="1.0" encoding="utf-8"?>
<Project ToolsVersion="4.0" xmlns="http://schemas.microsoft.com/developer/msbuild/2003">
  <ItemGroup>
    <ClCompile Include="Sources\Handlers\OpenProjectOkButtonClickHandler.cpp">
      <Filter>Handlers</Filter>
    </ClCompile>
    <ClCompile Include="Sources\Handlers\OnMouseClickFileNodeHandler.cpp">
      <Filter>Handlers</Filter>
    </ClCompile>
    <ClCompile Include="Sources\Features\FileHierarchyWindowRefreshSystem.cpp">
      <Filter>Features\Main\Windows</Filter>
    </ClCompile>
    <ClCompile Include="Sources\Handlers\OnFileHierarchyClickHandler.cpp">
      <Filter>Handlers\Menu\View</Filter>
    </ClCompile>
    <ClCompile Include="Sources\Handlers\OnOpenProjectClickHandler.cpp">
      <Filter>Handlers\Menu\File</Filter>
    </ClCompile>
    <ClCompile Include="Sources\Features\ObjectHierarchyWindowRefreshSystem.cpp">
      <Filter>Features\Main\Windows</Filter>
    </ClCompile>
    <ClCompile Include="Sources\Handlers\OnOpenComponentViewerClickHandler.cpp">
      <Filter>Handlers\Menu\Tools</Filter>
    </ClCompile>
    <ClCompile Include="Sources\Handlers\OnOpenSystemViewerClickHandler.cpp">
      <Filter>Handlers\Menu\Tools</Filter>
    </ClCompile>
    <ClCompile Include="Sources\Features\InitWindowsFeature.cpp">
      <Filter>Features\Main\Windows</Filter>
    </ClCompile>
    <ClCompile Include="Sources\Features\MainFeature.cpp">
      <Filter>Features\Main</Filter>
    </ClCompile>
    <ClCompile Include="Sources\Features\BootstrapperFeature.cpp">
      <Filter>Features\Bootstrapper</Filter>
    </ClCompile>
    <ClCompile Include="Sources\Features\BootstrapperSystem.cpp">
      <Filter>Features\Bootstrapper</Filter>
    </ClCompile>
    <ClCompile Include="Sources\Features\FileHierarchyWindowInitSystem.cpp">
      <Filter>Features\Main\Windows</Filter>
    </ClCompile>
    <ClCompile Include="Sources\Features\ObjectHierarchyWindowInitSystem.cpp">
      <Filter>Features\Main\Windows</Filter>
    </ClCompile>
    <ClCompile Include="Meta\Generated files\Aggregator\ComponentEntityManagerExtensionImpl.cpp" />
    <ClCompile Include="Meta\Generated files\Aggregator\ComponentJsonSerializerImpl.cpp" />
    <ClCompile Include="Meta\Generated files\Aggregator\ComponentReflectionAggregatorImpl.cpp" />
    <ClCompile Include="Meta\Generated files\Aggregator\ComponentTypeInfoImpl.cpp" />
    <ClCompile Include="Meta\Generated files\Aggregator\DefMainFunc_DeveloperDLL.cpp" />
    <ClCompile Include="Meta\Generated files\Aggregator\ScenePartReflectionAggregatorImpl.cpp" />
    <ClCompile Include="Meta\Generated files\Aggregator\HandlerReflectionAggregatorImpl.cpp" />
    <ClCompile Include="Meta\Generated files\Aggregator\HandlerTypeInformationImpl.cpp" />
    <ClCompile Include="Meta\Generated files\Aggregator\HandlerTypeFactoryImpl.cpp" />
    <ClCompile Include="Meta\Generated files\Aggregator\SystemReflectionAggregatorImpl.cpp" />
    <ClCompile Include="Meta\Generated files\Aggregator\SystemTypeInformationImpl.cpp" />
    <ClCompile Include="Meta\Generated files\Aggregator\SystemDynamicCasterImpl.cpp" />
    <ClCompile Include="Meta\Generated files\Aggregator\SystemTypeFactoryImpl.cpp" />
    <ClCompile Include="Meta\Generated files\Aggregator\ComponentDynamicCasterImpl.cpp" />
    <ClCompile Include="Meta\Generated files\Container\ComponentEntMng.cpp" />
    <ClCompile Include="Meta\Generated files\Container\ComponentJson.cpp" />
    <ClCompile Include="Meta\Generated files\Container\ComponentTypeInfo.cpp" />
    <ClCompile Include="Meta\Generated files\Container\EcsDynamicCaster.cpp" />
    <ClCompile Include="Meta\Generated files\Container\EcsTypeInfo.cpp" />
    <ClCompile Include="Meta\Generated files\Container\HandlerTypeFactory.cpp" />
    <ClCompile Include="Meta\Generated files\Container\HandlerTypeInfo.cpp" />
    <ClCompile Include="Meta\Generated files\Container\SystemTypeFactory.cpp" />
    <ClCompile Include="Meta\Generated files\Container\ComponentDynamicCaster.cpp" />
    <ClCompile Include="Meta\Generated files\Aggregator\ImGuiWidgetsDynamicCasterImpl.cpp" />
    <ClCompile Include="Meta\Generated files\Aggregator\ImGuiWidgetsReflectionAggregatorImpl.cpp" />
    <ClCompile Include="Meta\Generated files\Aggregator\ImGuiWidgetsTypeInfoImpl.cpp" />
    <ClCompile Include="Meta\Generated files\Aggregator\ComponentTypeFactoryImpl.cpp" />
    <ClCompile Include="Meta\Generated files\Container\ComponentTypeFactory.cpp" />
  </ItemGroup>
  <ItemGroup>
    <None Include="Meta\Launch.json" />
    <None Include="Assets\Scenes\Main.scene">
      <Filter>Scenes</Filter>
    </None>
    <None Include="Assets\Scenes\Bootstrapper.scene">
      <Filter>Scenes</Filter>
    </None>
    <None Include="Assets\Prefabs\FileHierarchyWindow.prefab">
      <Filter>Prefabs</Filter>
    </None>
    <None Include="Meta\Resources.json">
      <Filter>Resources</Filter>
    </None>
    <None Include="Assets\Prefabs\OpenProjectDialog.prefab">
      <Filter>Prefabs</Filter>
    </None>
    <None Include="Assets\Prefabs\WarningDialog.prefab">
      <Filter>Prefabs</Filter>
    </None>
    <None Include="Assets\Prefabs\FileNode.prefab">
      <Filter>Prefabs</Filter>
    </None>
    <None Include="Assets\Prefabs\ObjectHierarchyWindow.prefab">
      <Filter>Prefabs</Filter>
    </None>
  </ItemGroup>
  <ItemGroup>
    <Filter Include="Components">
      <UniqueIdentifier>{4e513025-ee15-4163-99ec-30d6828b2414}</UniqueIdentifier>
    </Filter>
    <Filter Include="Handlers">
      <UniqueIdentifier>{c8e04da0-a83d-4314-b290-b33908ddaec0}</UniqueIdentifier>
    </Filter>
    <Filter Include="Features">
      <UniqueIdentifier>{535a7d5e-79e3-422a-9a5f-467903d09eb5}</UniqueIdentifier>
    </Filter>
    <Filter Include="Generated files">
      <UniqueIdentifier>{117c32ec-f038-43fc-b0a5-e32aa87021d7}</UniqueIdentifier>
    </Filter>
    <Filter Include="Generated files\Components">
      <UniqueIdentifier>{f31e6360-cc3a-4347-9e38-8a75c9b987bc}</UniqueIdentifier>
    </Filter>
    <Filter Include="MenuItems">
      <UniqueIdentifier>{4029546c-3cb6-461c-af69-02598c38cde3}</UniqueIdentifier>
    </Filter>
    <Filter Include="Generated files\Aggregators">
      <UniqueIdentifier>{3667497e-d88e-46b1-982e-01ba399fddc1}</UniqueIdentifier>
    </Filter>
    <Filter Include="Scenes">
      <UniqueIdentifier>{dceb4e38-26d7-4649-9867-0d461f1a0982}</UniqueIdentifier>
    </Filter>
    <Filter Include="Prefabs">
      <UniqueIdentifier>{ffa09d13-6829-495c-a3fd-320face00eaf}</UniqueIdentifier>
    </Filter>
    <Filter Include="Generated files\Components\Impl">
      <UniqueIdentifier>{6f65d934-9920-4b8d-b2db-21b6af9ee595}</UniqueIdentifier>
    </Filter>
    <Filter Include="Generated files\Components\GeneratedByReflection">
      <UniqueIdentifier>{c4a1cb35-9619-4f09-b2b2-50574cc44c15}</UniqueIdentifier>
    </Filter>
    <Filter Include="Generated files\Handlers">
      <UniqueIdentifier>{8006740d-86d8-4d0f-bf39-39bf9dffd515}</UniqueIdentifier>
    </Filter>
    <Filter Include="Generated files\Handlers\GeneratedByReflection">
      <UniqueIdentifier>{26614043-0c7a-4cfc-af09-cf1d9414efa9}</UniqueIdentifier>
    </Filter>
    <Filter Include="Generated files\Handlers\Impl">
      <UniqueIdentifier>{cdce524b-e769-44ca-8e1a-d59e7b12e19a}</UniqueIdentifier>
    </Filter>
    <Filter Include="Generated files\Features">
      <UniqueIdentifier>{cd06a34c-c5d9-4f3c-bad7-e97d849b91ad}</UniqueIdentifier>
    </Filter>
    <Filter Include="Generated files\Features\GeneratedByReflection">
      <UniqueIdentifier>{76a4a6c8-b775-46f6-bebf-9b2a283489fd}</UniqueIdentifier>
    </Filter>
    <Filter Include="Generated files\Features\Impl">
      <UniqueIdentifier>{e21488c1-1ddb-4984-9e6e-9e514bdae979}</UniqueIdentifier>
    </Filter>
    <Filter Include="Resources">
      <UniqueIdentifier>{82110ff4-579e-4002-af77-285787551f4f}</UniqueIdentifier>
    </Filter>
    <Filter Include="Components\WindowTags">
      <UniqueIdentifier>{7287816e-b46b-4b4f-9a9f-81d8461d02bd}</UniqueIdentifier>
    </Filter>
    <Filter Include="Components\ServiceTags">
      <UniqueIdentifier>{05ac273a-0353-470b-a744-6f2ee2aac637}</UniqueIdentifier>
    </Filter>
    <Filter Include="Handlers\Menu">
      <UniqueIdentifier>{f7107922-864a-4f30-8c96-0887daf1dd4a}</UniqueIdentifier>
    </Filter>
    <Filter Include="Handlers\Menu\View">
      <UniqueIdentifier>{6b7ba718-bad3-44d6-ae9a-3107af34c9e5}</UniqueIdentifier>
    </Filter>
    <Filter Include="Handlers\Menu\File">
      <UniqueIdentifier>{a04c6b19-5d7f-47b6-b1db-3f3249e68896}</UniqueIdentifier>
    </Filter>
    <Filter Include="Handlers\Menu\Help">
      <UniqueIdentifier>{de0d5b8c-7f5b-403c-b2b8-d8ba55405ea6}</UniqueIdentifier>
    </Filter>
    <Filter Include="Components\ProjectEntity">
      <UniqueIdentifier>{bc0b2afa-307f-4583-936d-c73df2e5500b}</UniqueIdentifier>
    </Filter>
    <Filter Include="Handlers\Menu\Tools">
      <UniqueIdentifier>{ac0551c3-a4e0-41dd-aa2f-3654bfb3b2b7}</UniqueIdentifier>
    </Filter>
    <Filter Include="Features\Main">
      <UniqueIdentifier>{ddfc8093-3b31-4073-847f-0861653e84c3}</UniqueIdentifier>
    </Filter>
    <Filter Include="Features\Main\Windows">
      <UniqueIdentifier>{8d488379-421f-4a89-b14b-8ed4d02dcf98}</UniqueIdentifier>
    </Filter>
    <Filter Include="Features\Bootstrapper">
      <UniqueIdentifier>{2884ca41-7b96-4efa-8e3d-c4b964db28a9}</UniqueIdentifier>
    </Filter>
  </ItemGroup>
  <ItemGroup>
    <ClInclude Include="Sources\Handlers\OpenProjectOkButtonClickHandler.h">
      <Filter>Handlers</Filter>
    </ClInclude>
    <ClInclude Include="Sources\Handlers\OnCloseDialogHandler.h">
      <Filter>Handlers</Filter>
    </ClInclude>
    <ClInclude Include="Sources\Handlers\OnCloseWindowHandler.h">
      <Filter>Handlers</Filter>
    </ClInclude>
    <ClInclude Include="Sources\Handlers\CurrentPathToInputTextHandler.h">
      <Filter>Handlers</Filter>
    </ClInclude>
    <ClInclude Include="Sources\Handlers\OpenProjectCancelButtonClickHandler.h">
      <Filter>Handlers</Filter>
    </ClInclude>
    <ClInclude Include="Sources\Components\FilePathNodeComponent.h">
      <Filter>Components</Filter>
    </ClInclude>
    <ClInclude Include="Sources\Components\FileHierarchyWindowTagComponent.h">
      <Filter>Components\WindowTags</Filter>
    </ClInclude>
    <ClInclude Include="Sources\Handlers\OnMouseClickFileNodeHandler.h">
      <Filter>Handlers</Filter>
    </ClInclude>
    <ClInclude Include="Sources\Components\ObjectHierarchyWindowTagComponent.h">
      <Filter>Components\WindowTags</Filter>
    </ClInclude>
    <ClInclude Include="Sources\Components\InspectorWindowTagComponent.h">
      <Filter>Components\WindowTags</Filter>
    </ClInclude>
    <ClInclude Include="Sources\Components\FileHierarchyWindowRefreshTagComponent.h">
      <Filter>Components\ServiceTags</Filter>
    </ClInclude>
    <ClInclude Include="Sources\Features\FileHierarchyWindowRefreshSystem.h">
      <Filter>Features\Main\Windows</Filter>
    </ClInclude>
    <ClInclude Include="Sources\Handlers\OnExitClickHandler.h">
      <Filter>Handlers\Menu\File</Filter>
    </ClInclude>
    <ClInclude Include="Sources\Handlers\OnOpenProjectClickHandler.h">
      <Filter>Handlers\Menu\File</Filter>
    </ClInclude>
    <ClInclude Include="Sources\Handlers\OnFileHierarchyClickHandler.h">
      <Filter>Handlers\Menu\View</Filter>
    </ClInclude>
    <ClInclude Include="Sources\Components\ObjectHierarchyWindowRefreshTagComponent.h">
      <Filter>Components\ServiceTags</Filter>
    </ClInclude>
    <ClInclude Include="Sources\Features\ObjectHierarchyWindowRefreshSystem.h">
      <Filter>Features\Main\Windows</Filter>
    </ClInclude>
    <ClInclude Include="Sources\Components\ProjectConfigComponent.h">
      <Filter>Components\ProjectEntity</Filter>
    </ClInclude>
    <ClInclude Include="Sources\Components\EditorInfoTagComponent.h">
      <Filter>Components\ProjectEntity</Filter>
    </ClInclude>
    <ClInclude Include="Sources\Components\AbsoluteFilePathComponent.h">
      <Filter>Components\ProjectEntity</Filter>
    </ClInclude>
    <ClInclude Include="Sources\Components\AssetAbsoluteFilePathComponent.h">
      <Filter>Components\ProjectEntity</Filter>
    </ClInclude>
    <ClInclude Include="Sources\Handlers\OnOpenComponentViewerClickHandler.h">
      <Filter>Handlers\Menu\Tools</Filter>
    </ClInclude>
    <ClInclude Include="Sources\Handlers\OnOpenSystemViewerClickHandler.h">
      <Filter>Handlers\Menu\Tools</Filter>
    </ClInclude>
    <ClInclude Include="Sources\Features\InitWindowsFeature.h">
      <Filter>Features\Main\Windows</Filter>
    </ClInclude>
    <ClInclude Include="Sources\Components\MainWindowTagComponent.h">
      <Filter>Components\WindowTags</Filter>
    </ClInclude>
    <ClInclude Include="Sources\Features\MainFeature.h">
      <Filter>Features\Main</Filter>
    </ClInclude>
    <ClInclude Include="Sources\Features\BootstrapperFeature.h">
      <Filter>Features\Bootstrapper</Filter>
    </ClInclude>
    <ClInclude Include="Sources\Features\BootstrapperSystem.h">
      <Filter>Features\Bootstrapper</Filter>
    </ClInclude>
    <ClInclude Include="Sources\Features\FileHierarchyWindowInitSystem.h">
      <Filter>Features\Main\Windows</Filter>
    </ClInclude>
    <ClInclude Include="Sources\Features\ObjectHierarchyWindowInitSystem.h">
      <Filter>Features\Main\Windows</Filter>
    </ClInclude>
    <ClInclude Include="Sources\Components\MainWindowPrefabGuidComponent.h">
      <Filter>Components\WindowTags</Filter>
    </ClInclude>
    <ClInclude Include="Meta\Generated files\Aggregator\ComponentEntityManagerExtensionImpl.h" />
    <ClInclude Include="Meta\Generated files\Aggregator\ComponentJsonSerializerImpl.h" />
    <ClInclude Include="Meta\Generated files\Aggregator\ComponentReflectionAggregatorImpl.h" />
    <ClInclude Include="Meta\Generated files\Aggregator\ComponentTypeInfoImpl.h" />
    <ClInclude Include="Meta\Generated files\Aggregator\ScenePartReflectionAggregatorImpl.h" />
    <ClInclude Include="Meta\Generated files\Aggregator\HandlerReflectionAggregatorImpl.h" />
    <ClInclude Include="Meta\Generated files\Aggregator\HandlerTypeInformationImpl.h" />
    <ClInclude Include="Meta\Generated files\Aggregator\HandlerTypeFactoryImpl.h" />
    <ClInclude Include="Meta\Generated files\Aggregator\SystemReflectionAggregatorImpl.h" />
    <ClInclude Include="Meta\Generated files\Aggregator\SystemTypeInformationImpl.h" />
    <ClInclude Include="Meta\Generated files\Aggregator\SystemDynamicCasterImpl.h" />
    <ClInclude Include="Meta\Generated files\Aggregator\SystemTypeFactoryImpl.h" />
    <ClInclude Include="Meta\Generated files\Aggregator\ComponentDynamicCasterImpl.h" />
    <ClInclude Include="Meta\Generated files\Container\ComponentEntMng.h" />
    <ClInclude Include="Meta\Generated files\Container\ComponentIncludeList.h" />
    <ClInclude Include="Meta\Generated files\Container\ComponentJson.h" />
    <ClInclude Include="Meta\Generated files\Container\ComponentTypeInfo.h" />
    <ClInclude Include="Meta\Generated files\Container\EcsDynamicCaster.h" />
    <ClInclude Include="Meta\Generated files\Container\EcsSystemIncludeList.h" />
    <ClInclude Include="Meta\Generated files\Container\EcsTypeInfo.h" />
    <ClInclude Include="Meta\Generated files\Container\HandlerIncludeList.h" />
    <ClInclude Include="Meta\Generated files\Container\HandlerTypeFactory.h" />
    <ClInclude Include="Meta\Generated files\Container\HandlerTypeInfo.h" />
    <ClInclude Include="Meta\Generated files\Container\SystemIncludeList.h" />
    <ClInclude Include="Meta\Generated files\Container\SystemTypeFactory.h" />
    <ClInclude Include="Meta\Generated files\Container\ComponentDynamicCaster.h" />
    <ClInclude Include="Meta\Generated files\Aggregator\ImGuiWidgetsDynamicCasterImpl.h" />
    <ClInclude Include="Meta\Generated files\Aggregator\ImGuiWidgetsReflectionAggregatorImpl.h" />
    <ClInclude Include="Meta\Generated files\Aggregator\ImGuiWidgetsTypeInfoImpl.h" />
    <ClInclude Include="Meta\Generated files\Aggregator\ComponentTypeFactoryImpl.h" />
    <ClInclude Include="Meta\Generated files\Container\ComponentTypeFactory.h" />
  </ItemGroup>
</Project>