<?xml version="1.0" encoding="utf-8"?>
<Project ToolsVersion="4.0" xmlns="http://schemas.microsoft.com/developer/msbuild/2003">
  <ItemGroup>
    <ClCompile Include="DefMainFunc_DeveloperDLL.cpp" />
    <ClCompile Include="Generated files\ScenePartReflectionAggregatorImpl.cpp">
      <Filter>Generated files</Filter>
    </ClCompile>
    <ClCompile Include="Generated files\ComponentReflectionAggregatorImpl.cpp">
      <Filter>Generated files\Aggregators</Filter>
    </ClCompile>
    <ClCompile Include="Generated files\FeatureReflectionAggregatorImpl.cpp">
      <Filter>Generated files\Aggregators</Filter>
    </ClCompile>
    <ClCompile Include="Generated files\HandlerReflectionAggregatorImpl.cpp">
      <Filter>Generated files\Aggregators</Filter>
    </ClCompile>
    <ClCompile Include="Generated files\MenuItemReflectionAggregatorImpl.cpp">
      <Filter>Generated files\Aggregators</Filter>
    </ClCompile>
    <ClCompile Include="Generated files\ComponentJsonSerializerImpl.cpp">
      <Filter>Generated files\Components</Filter>
    </ClCompile>
    <ClCompile Include="Generated files\ComponentEntityManagerExtension.cpp">
      <Filter>Generated files\Components</Filter>
    </ClCompile>
    <ClCompile Include="Generated files\ComponentJsonSerializer.cpp">
      <Filter>Generated files\Components</Filter>
    </ClCompile>
    <ClCompile Include="Generated files\ComponentTypeInformation.cpp">
      <Filter>Generated files\Components</Filter>
    </ClCompile>
  </ItemGroup>
  <ItemGroup>
    <Text Include="$(SolutionDir)\conanfile.txt" />
  </ItemGroup>
  <ItemGroup>
    <None Include="Editor.project" />
    <None Include="componentConfig.json" />
  </ItemGroup>
  <ItemGroup>
    <Filter Include="Components">
      <UniqueIdentifier>{4e513025-ee15-4163-99ec-30d6828b2414}</UniqueIdentifier>
    </Filter>
    <Filter Include="Handlers">
      <UniqueIdentifier>{c8e04da0-a83d-4314-b290-b33908ddaec0}</UniqueIdentifier>
    </Filter>
    <Filter Include="Features">
      <UniqueIdentifier>{535a7d5e-79e3-422a-9a5f-467903d09eb5}</UniqueIdentifier>
    </Filter>
    <Filter Include="Generated files">
      <UniqueIdentifier>{117c32ec-f038-43fc-b0a5-e32aa87021d7}</UniqueIdentifier>
    </Filter>
    <Filter Include="Generated files\Components">
      <UniqueIdentifier>{f31e6360-cc3a-4347-9e38-8a75c9b987bc}</UniqueIdentifier>
    </Filter>
    <Filter Include="MenuItems">
      <UniqueIdentifier>{4029546c-3cb6-461c-af69-02598c38cde3}</UniqueIdentifier>
    </Filter>
    <Filter Include="Generated files\Aggregators">
      <UniqueIdentifier>{3667497e-d88e-46b1-982e-01ba399fddc1}</UniqueIdentifier>
    </Filter>
  </ItemGroup>
  <ItemGroup>
    <ClInclude Include="Generated files\ScenePartReflectionAggregatorImpl.h">
      <Filter>Generated files</Filter>
    </ClInclude>
    <ClInclude Include="Generated files\MenuItemReflectionAggregatorImpl.h">
      <Filter>Generated files\Aggregators</Filter>
    </ClInclude>
    <ClInclude Include="Generated files\ComponentReflectionAggregatorImpl.h">
      <Filter>Generated files\Aggregators</Filter>
    </ClInclude>
    <ClInclude Include="Generated files\FeatureReflectionAggregatorImpl.h">
      <Filter>Generated files\Aggregators</Filter>
    </ClInclude>
    <ClInclude Include="Generated files\HandlerReflectionAggregatorImpl.h">
      <Filter>Generated files\Aggregators</Filter>
    </ClInclude>
    <ClInclude Include="Generated files\ComponentJsonSerializerImpl.h">
      <Filter>Generated files\Components</Filter>
    </ClInclude>
    <ClInclude Include="Generated files\ComponentIncludeList.h">
      <Filter>Generated files\Components</Filter>
    </ClInclude>
    <ClInclude Include="Generated files\ComponentEntityManagerExtension.h">
      <Filter>Generated files\Components</Filter>
    </ClInclude>
    <ClInclude Include="Generated files\ComponentJsonSerializer.h">
      <Filter>Generated files\Components</Filter>
    </ClInclude>
    <ClInclude Include="Generated files\ComponentTypeInformation.h">
      <Filter>Generated files\Components</Filter>
    </ClInclude>
  </ItemGroup>
</Project>