<?xml version="1.0" encoding="utf-8"?>
<Project ToolsVersion="4.0" xmlns="http://schemas.microsoft.com/developer/msbuild/2003">
  <ItemGroup>
    <Filter Include="Source Files">
      <UniqueIdentifier>{4FC737F1-C7A5-4376-A066-2A32D752A2FF}</UniqueIdentifier>
      <Extensions>cpp;c;cc;cxx;c++;cppm;ixx;def;odl;idl;hpj;bat;asm;asmx</Extensions>
    </Filter>
    <Filter Include="Header Files">
      <UniqueIdentifier>{93995380-89BD-4b04-88EB-625FBE52EBFB}</UniqueIdentifier>
      <Extensions>h;hh;hpp;hxx;h++;hm;inl;inc;ipp;xsd</Extensions>
    </Filter>
    <Filter Include="Resource Files">
      <UniqueIdentifier>{67DA6AB6-F800-4c08-8B7A-83BB121AAD01}</UniqueIdentifier>
      <Extensions>rc;ico;cur;bmp;dlg;rc2;rct;bin;rgs;gif;jpg;jpeg;jpe;resx;tiff;tif;png;wav;mfcribbon-ms</Extensions>
    </Filter>
  </ItemGroup>
  <ItemGroup>
    <ClInclude Include="Sources\Config.h">
      <Filter>Header Files</Filter>
    </ClInclude>
    <ClInclude Include="Sources\ContainerCodeGenerator.h">
      <Filter>Header Files</Filter>
    </ClInclude>
    <ClInclude Include="Sources\Components\InputOutput\ConfigComponent.h">
      <Filter>Header Files</Filter>
    </ClInclude>
    <ClInclude Include="Sources\Components\InputOutput\ResultComponent.h">
      <Filter>Header Files</Filter>
    </ClInclude>
    <ClInclude Include="Sources\Systems\Core\CoreGeneratorFeature.h">
      <Filter>Header Files</Filter>
    </ClInclude>
    <ClInclude Include="Sources\Systems\Project\ProjectGeneratorFeature.h">
      <Filter>Header Files</Filter>
    </ClInclude>
    <ClInclude Include="Sources\Systems\AggregatorDumper\AggregatorDumperFeature.h">
      <Filter>Header Files</Filter>
    </ClInclude>
    <ClInclude Include="Sources\Generated files\IncludeList.h">
      <Filter>Header Files</Filter>
    </ClInclude>
    <ClInclude Include="Sources\Generated files\JsonSerializer.h">
      <Filter>Header Files</Filter>
    </ClInclude>
    <ClInclude Include="Sources\Components\InputOutput\ArgumentComponent.h">
      <Filter>Header Files</Filter>
    </ClInclude>
    <ClInclude Include="Sources\Systems\SetupConfig\SetupConfigFeature.h">
      <Filter>Header Files</Filter>
    </ClInclude>
    <ClInclude Include="Sources\Components\InputOutput\PathsComponent.h">
      <Filter>Header Files</Filter>
    </ClInclude>
    <ClInclude Include="Sources\Systems\SetupConfig\CheckArgumentsSystem.h">
      <Filter>Header Files</Filter>
    </ClInclude>
    <ClInclude Include="Sources\Systems\SetupConfig\ResolveJsonPathSystem.h">
      <Filter>Header Files</Filter>
    </ClInclude>
    <ClInclude Include="Sources\Systems\SetupConfig\TryLoadConfigSystem.h">
      <Filter>Header Files</Filter>
    </ClInclude>
    <ClInclude Include="Sources\Systems\SetupConfig\ResolvePathesSystem.h">
      <Filter>Header Files</Filter>
    </ClInclude>
    <ClInclude Include="Sources\Systems\Core\CoreComponentGeneratorFeature.h">
      <Filter>Header Files</Filter>
    </ClInclude>
    <ClInclude Include="Sources\Systems\Core\CoreHandlerGeneratorFeature.h">
      <Filter>Header Files</Filter>
    </ClInclude>
    <ClInclude Include="Sources\Systems\Core\CoreEcsSystemGeneratorFeature.h">
      <Filter>Header Files</Filter>
    </ClInclude>
    <ClInclude Include="Sources\Systems\Core\CoreSystemGeneratorFeature.h">
      <Filter>Header Files</Filter>
    </ClInclude>
    <ClInclude Include="Sources\Systems\Core\CorePreparingConfigurationForGenerationForComponentsSystem.h">
      <Filter>Header Files</Filter>
    </ClInclude>
    <ClInclude Include="Sources\Systems\Common\GenerationForComponentsSystem.h">
      <Filter>Header Files</Filter>
    </ClInclude>
    <ClInclude Include="Sources\Systems\Common\DestroyConfigurationForGenerationForComponentsSystem.h">
      <Filter>Header Files</Filter>
    </ClInclude>
    <ClInclude Include="Sources\Systems\Core\CorePreparingConfigurationForGenerationForHandlersSystem.h">
      <Filter>Header Files</Filter>
    </ClInclude>
    <ClInclude Include="Sources\Systems\Common\ParsingHandlerTypesSystem.h">
      <Filter>Header Files</Filter>
    </ClInclude>
  </ItemGroup>
  <ItemGroup>
    <ClCompile Include="Sources\ContainerCodeGenerator.cpp">
      <Filter>Source Files</Filter>
    </ClCompile>
    <ClCompile Include="Sources\Systems\Core\CoreGeneratorFeature.cpp">
      <Filter>Source Files</Filter>
    </ClCompile>
    <ClCompile Include="Sources\Systems\Project\ProjectGeneratorFeature.cpp">
      <Filter>Source Files</Filter>
    </ClCompile>
    <ClCompile Include="Sources\Systems\AggregatorDumper\AggregatorDumperFeature.cpp">
      <Filter>Source Files</Filter>
    </ClCompile>
    <ClCompile Include="Sources\Generated files\JsonSerializer.cpp">
      <Filter>Source Files</Filter>
    </ClCompile>
    <ClCompile Include="Sources\Systems\SetupConfig\SetupConfigFeature.cpp">
      <Filter>Source Files</Filter>
    </ClCompile>
    <ClCompile Include="Sources\Systems\SetupConfig\CheckArgumentsSystem.cpp">
      <Filter>Source Files</Filter>
    </ClCompile>
    <ClCompile Include="Sources\Systems\SetupConfig\ResolveJsonPathSystem.cpp">
      <Filter>Source Files</Filter>
    </ClCompile>
    <ClCompile Include="Sources\Systems\SetupConfig\ResolvePathesSystem.cpp">
      <Filter>Source Files</Filter>
    </ClCompile>
    <ClCompile Include="Sources\Systems\SetupConfig\TryLoadConfigSystem.cpp">
      <Filter>Source Files</Filter>
    </ClCompile>
    <ClCompile Include="Sources\Systems\Core\CoreComponentGeneratorFeature.cpp">
      <Filter>Source Files</Filter>
    </ClCompile>
    <ClCompile Include="Sources\Systems\Core\CoreHandlerGeneratorFeature.cpp">
      <Filter>Source Files</Filter>
    </ClCompile>
    <ClCompile Include="Sources\Systems\Core\CoreEcsSystemGeneratorFeature.cpp">
      <Filter>Source Files</Filter>
    </ClCompile>
    <ClCompile Include="Sources\Systems\Core\CoreSystemGeneratorFeature.cpp">
      <Filter>Source Files</Filter>
    </ClCompile>
    <ClCompile Include="Sources\Systems\Core\CorePreparingConfigurationForGenerationForComponentsSystem.cpp">
      <Filter>Source Files</Filter>
    </ClCompile>
    <ClCompile Include="Sources\Systems\Common\GenerationForComponentsSystem.cpp">
      <Filter>Source Files</Filter>
    </ClCompile>
    <ClCompile Include="Sources\Systems\Common\DestroyConfigurationForGenerationForComponentsSystem.cpp">
      <Filter>Source Files</Filter>
    </ClCompile>
    <ClCompile Include="Sources\Systems\Core\CorePreparingConfigurationForGenerationForHandlersSystem.cpp">
      <Filter>Source Files</Filter>
    </ClCompile>
    <ClCompile Include="Sources\Systems\Common\ParsingHandlerTypesSystem.cpp">
      <Filter>Source Files</Filter>
    </ClCompile>
  </ItemGroup>
  <ItemGroup>
    <None Include="config.json" />
  </ItemGroup>
</Project>