<?xml version="1.0" encoding="utf-8"?>
<Project ToolsVersion="4.0" xmlns="http://schemas.microsoft.com/developer/msbuild/2003">
  <ItemGroup>
    <ClCompile Include="main.cpp" />
    <ClCompile Include="SpeedCalculationSystem.cpp" />
  </ItemGroup>
  <ItemGroup>
    <ClInclude Include="SpeedCalculationSystem.h" />
    <ClInclude Include="Components\FreshPacket.h">
      <Filter>Components</Filter>
    </ClInclude>
    <ClInclude Include="Components\PacketData.h">
      <Filter>Components</Filter>
    </ClInclude>
    <ClInclude Include="Conveyer\ConsumerSystem.h">
      <Filter>Systems</Filter>
    </ClInclude>
    <ClInclude Include="Conveyer\GroupedPacketSystem.h">
      <Filter>Systems</Filter>
    </ClInclude>
    <ClInclude Include="Conveyer\InitSettingsSystem.h">
      <Filter>Systems</Filter>
    </ClInclude>
    <ClInclude Include="Conveyer\MakeShuffleEntitiesSystem.h">
      <Filter>Systems</Filter>
    </ClInclude>
    <ClInclude Include="Conveyer\PacketObserverSystem.h">
      <Filter>Systems</Filter>
    </ClInclude>
    <ClInclude Include="Conveyer\ProducerSystem.h">
      <Filter>Systems</Filter>
    </ClInclude>
    <ClInclude Include="Conveyer\ViewShuffleEntitiesSystem.h">
      <Filter>Systems</Filter>
    </ClInclude>
    <ClInclude Include="Components\ShuffledComponents.h">
      <Filter>Components</Filter>
    </ClInclude>
    <ClInclude Include="Conveyer\ProducerFeature.h">
      <Filter>Systems</Filter>
    </ClInclude>
  </ItemGroup>
  <ItemGroup>
    <Filter Include="Components">
      <UniqueIdentifier>{f66d742f-710f-4088-a2e1-1f791a4b4a74}</UniqueIdentifier>
    </Filter>
    <Filter Include="Systems">
      <UniqueIdentifier>{bcdee650-5f15-46ac-9b3d-5f82e7244f2d}</UniqueIdentifier>
    </Filter>
  </ItemGroup>
</Project>