<?xml version="1.0" encoding="utf-8"?>
<Project ToolsVersion="4.0" xmlns="http://schemas.microsoft.com/developer/msbuild/2003">
  <ItemGroup>
    <Filter Include="Source Files">
      <UniqueIdentifier>{4FC737F1-C7A5-4376-A066-2A32D752A2FF}</UniqueIdentifier>
      <Extensions>cpp;c;cc;cxx;c++;cppm;ixx;def;odl;idl;hpj;bat;asm;asmx</Extensions>
    </Filter>
    <Filter Include="GeneratedFiles">
      <UniqueIdentifier>{0be3ba01-66c3-458f-9803-034560067a54}</UniqueIdentifier>
    </Filter>
    <Filter Include="Resource Files">
      <UniqueIdentifier>{bac22440-bb97-4b5b-8408-8c5e9c789d3a}</UniqueIdentifier>
    </Filter>
    <Filter Include="DataSources">
      <UniqueIdentifier>{97e47d5b-826a-46c5-9924-8ad6669b3175}</UniqueIdentifier>
    </Filter>
  </ItemGroup>
  <ItemGroup>
    <ClCompile Include="main.cpp">
      <Filter>Source Files</Filter>
    </ClCompile>
    <ClCompile Include="AllTypesTest.cpp">
      <Filter>Source Files</Filter>
    </ClCompile>
    <ClCompile Include="PathOperationsTest.cpp">
      <Filter>Source Files</Filter>
    </ClCompile>
    <ClCompile Include="TypeManagerTest.cpp">
      <Filter>Source Files</Filter>
    </ClCompile>
    <ClCompile Include="TypeNameDataBaseTest.cpp">
      <Filter>Source Files</Filter>
    </ClCompile>
    <ClCompile Include="TypeFactorySerializer.cpp">
      <Filter>GeneratedFiles</Filter>
    </ClCompile>
    <ClCompile Include="TypeInformationSerializer.cpp">
      <Filter>GeneratedFiles</Filter>
    </ClCompile>
    <ClCompile Include="EcsComponentExtensionExtension.cpp">
      <Filter>GeneratedFiles</Filter>
    </ClCompile>
    <ClCompile Include="EcsSystemExtension.cpp">
      <Filter>GeneratedFiles</Filter>
    </ClCompile>
    <ClCompile Include="EcsSystem.cpp">
      <Filter>Source Files</Filter>
    </ClCompile>
  </ItemGroup>
  <ItemGroup>
    <Text Include="..\..\conanfile.txt" />
  </ItemGroup>
  <ItemGroup>
    <ClInclude Include="DataSources\AllTypes.h">
      <Filter>DataSources</Filter>
    </ClInclude>
    <ClInclude Include="IncludeList.h">
      <Filter>GeneratedFiles</Filter>
    </ClInclude>
    <ClInclude Include="TypeFactorySerializer.h">
      <Filter>GeneratedFiles</Filter>
    </ClInclude>
    <ClInclude Include="TypeInformationSerializer.h">
      <Filter>GeneratedFiles</Filter>
    </ClInclude>
    <ClInclude Include="DataSources\SimpleComponents.h">
      <Filter>DataSources</Filter>
    </ClInclude>
    <ClInclude Include="DataSources\Systems.h">
      <Filter>DataSources</Filter>
    </ClInclude>
    <ClInclude Include="EcsComponentExtensionExtension.h">
      <Filter>GeneratedFiles</Filter>
    </ClInclude>
    <ClInclude Include="EcsComponentExtensionIncludeList.h">
      <Filter>GeneratedFiles</Filter>
    </ClInclude>
    <ClInclude Include="EcsSystemExtension.h">
      <Filter>GeneratedFiles</Filter>
    </ClInclude>
    <ClInclude Include="EcsSystemExtensionIncludeList.h">
      <Filter>GeneratedFiles</Filter>
    </ClInclude>
  </ItemGroup>
  <ItemGroup>
    <None Include="data.json">
      <Filter>Resource Files</Filter>
    </None>
    <None Include="dataEcs.json">
      <Filter>Resource Files</Filter>
    </None>
    <None Include="dataEcsSystem.json">
      <Filter>Resource Files</Filter>
    </None>
  </ItemGroup>
</Project>