<?xml version="1.0" encoding="utf-8"?>
<Project ToolsVersion="4.0" xmlns="http://schemas.microsoft.com/developer/msbuild/2003">
  <ItemGroup>
    <Filter Include="Source Files">
      <UniqueIdentifier>{4FC737F1-C7A5-4376-A066-2A32D752A2FF}</UniqueIdentifier>
      <Extensions>cpp;c;cc;cxx;c++;cppm;ixx;def;odl;idl;hpj;bat;asm;asmx</Extensions>
    </Filter>
    <Filter Include="Header Files">
      <UniqueIdentifier>{93995380-89BD-4b04-88EB-625FBE52EBFB}</UniqueIdentifier>
      <Extensions>h;hh;hpp;hxx;h++;hm;inl;inc;ipp;xsd</Extensions>
    </Filter>
  </ItemGroup>
  <ItemGroup>
    <ClCompile Include="Sources\AST_StateMachine.cpp">
      <Filter>Source Files</Filter>
    </ClCompile>
    <ClCompile Include="Sources\Parser.cpp">
      <Filter>Source Files</Filter>
    </ClCompile>
    <ClCompile Include="Sources\TypeInfo.cpp">
      <Filter>Source Files</Filter>
    </ClCompile>
    <ClCompile Include="Sources\MemberInfo.cpp">
      <Filter>Source Files</Filter>
    </ClCompile>
    <ClCompile Include="Sources\MemberTypeExtendedInfo.cpp">
      <Filter>Source Files</Filter>
    </ClCompile>
    <ClCompile Include="Sources\Tokenizer.cpp">
      <Filter>Source Files</Filter>
    </ClCompile>
    <ClCompile Include="Sources\LineSplitter.cpp">
      <Filter>Source Files</Filter>
    </ClCompile>
    <ClCompile Include="Sources\TypeManager.cpp">
      <Filter>Source Files</Filter>
    </ClCompile>
    <ClCompile Include="Sources\EntitySplitter.cpp">
      <Filter>Source Files</Filter>
    </ClCompile>
  </ItemGroup>
  <ItemGroup>
    <ClInclude Include="Sources\Parser.h">
      <Filter>Header Files</Filter>
    </ClInclude>
    <ClInclude Include="Sources\AST_StateMachine.h">
      <Filter>Header Files</Filter>
    </ClInclude>
    <ClInclude Include="Sources\ITokenEntity.h">
      <Filter>Header Files</Filter>
    </ClInclude>
    <ClInclude Include="Sources\BlockTokenEntity.h">
      <Filter>Header Files</Filter>
    </ClInclude>
    <ClInclude Include="Sources\TypeInfo.h">
      <Filter>Header Files</Filter>
    </ClInclude>
    <ClInclude Include="Sources\InheritanceInfo.h">
      <Filter>Header Files</Filter>
    </ClInclude>
    <ClInclude Include="Sources\MemberInfo.h">
      <Filter>Header Files</Filter>
    </ClInclude>
    <ClInclude Include="Sources\MemberTypeExtendedInfo.h">
      <Filter>Header Files</Filter>
    </ClInclude>
    <ClInclude Include="Sources\Tokenizer.h">
      <Filter>Header Files</Filter>
    </ClInclude>
    <ClInclude Include="Sources\TokenInfo.h">
      <Filter>Header Files</Filter>
    </ClInclude>
    <ClInclude Include="Sources\TokenInfoManager.h">
      <Filter>Header Files</Filter>
    </ClInclude>
    <ClInclude Include="Sources\LineTokenEntity.h">
      <Filter>Header Files</Filter>
    </ClInclude>
    <ClInclude Include="Sources\LineSplitter.h">
      <Filter>Header Files</Filter>
    </ClInclude>
    <ClInclude Include="Sources\MethodInfo.h">
      <Filter>Header Files</Filter>
    </ClInclude>
    <ClInclude Include="Sources\Types.h">
      <Filter>Header Files</Filter>
    </ClInclude>
    <ClInclude Include="Sources\TypeReference.h">
      <Filter>Header Files</Filter>
    </ClInclude>
    <ClInclude Include="Sources\FriendInfo.h">
      <Filter>Header Files</Filter>
    </ClInclude>
    <ClInclude Include="Sources\TypeManager.h">
      <Filter>Header Files</Filter>
    </ClInclude>
    <ClInclude Include="Sources\EntitySplitter.h">
      <Filter>Header Files</Filter>
    </ClInclude>
  </ItemGroup>
  <ItemGroup>
    <Text Include="..\..\..\conanfile.txt" />
  </ItemGroup>
</Project>