<?xml version="1.0" encoding="utf-8"?>
<Project ToolsVersion="4.0" xmlns="http://schemas.microsoft.com/developer/msbuild/2003">
  <ItemGroup>
    <Filter Include="Units">
      <UniqueIdentifier>{d2bf9240-c26f-41e0-9239-452767b4cd26}</UniqueIdentifier>
    </Filter>
    <Filter Include="Frames">
      <UniqueIdentifier>{93995380-89BD-4b04-88EB-625FBE52EBFB}</UniqueIdentifier>
      <Extensions>h;hh;hpp;hxx;h++;hm;inl;inc;ipp;xsd</Extensions>
    </Filter>
    <Filter Include="Common">
      <UniqueIdentifier>{4FC737F1-C7A5-4376-A066-2A32D752A2FF}</UniqueIdentifier>
      <Extensions>cpp;c;cc;cxx;c++;cppm;ixx;def;odl;idl;hpj;bat;asm;asmx</Extensions>
    </Filter>
    <Filter Include="Nodes">
      <UniqueIdentifier>{63a678a6-e2da-4b42-9656-2d593a96e821}</UniqueIdentifier>
    </Filter>
    <Filter Include="Properties">
      <UniqueIdentifier>{d323bae3-19e9-42ce-883b-66aefb7caa92}</UniqueIdentifier>
    </Filter>
    <Filter Include="Docking">
      <UniqueIdentifier>{33be79c5-2108-4c3d-a898-8e394c75a0fe}</UniqueIdentifier>
    </Filter>
    <Filter Include="Docking\Light">
      <UniqueIdentifier>{cfe46495-fed0-4a48-8d8f-911f840810e0}</UniqueIdentifier>
    </Filter>
  </ItemGroup>
  <ItemGroup>
    <Text Include="$(SolutionDir)\conanfile.txt" />
  </ItemGroup>
  <ItemGroup>
    <ClInclude Include="include\Helper.h">
      <Filter>Common</Filter>
    </ClInclude>
    <ClInclude Include="include\Unit.h">
      <Filter>Common</Filter>
    </ClInclude>
    <ClInclude Include="include\Widget.h">
      <Filter>Common</Filter>
    </ClInclude>
    <ClInclude Include="include\DockNode.h">
      <Filter>Docking</Filter>
    </ClInclude>
    <ClInclude Include="include\DockTree.h">
      <Filter>Docking</Filter>
    </ClInclude>
    <ClInclude Include="include\DockTreeManager.h">
      <Filter>Docking</Filter>
    </ClInclude>
    <ClInclude Include="include\DockTypeHelper.h">
      <Filter>Docking</Filter>
    </ClInclude>
    <ClInclude Include="include\LightDockNode.h">
      <Filter>Docking\Light</Filter>
    </ClInclude>
    <ClInclude Include="include\LightDockTreeManager.h">
      <Filter>Docking\Light</Filter>
    </ClInclude>
    <ClInclude Include="include\LightWindowNode.h">
      <Filter>Docking\Light</Filter>
    </ClInclude>
    <ClInclude Include="include\Frame.h">
      <Filter>Frames</Filter>
    </ClInclude>
    <ClInclude Include="include\MainWindow.h">
      <Filter>Frames</Filter>
    </ClInclude>
    <ClInclude Include="include\Window.h">
      <Filter>Frames</Filter>
    </ClInclude>
    <ClInclude Include="include\TreeView.h">
      <Filter>Frames</Filter>
    </ClInclude>
    <ClInclude Include="include\Button.h">
      <Filter>Units</Filter>
    </ClInclude>
    <ClInclude Include="include\CheckBox.h">
      <Filter>Units</Filter>
    </ClInclude>
    <ClInclude Include="include\ComboBox.h">
      <Filter>Units</Filter>
    </ClInclude>
    <ClInclude Include="include\InputInt.h">
      <Filter>Units</Filter>
    </ClInclude>
    <ClInclude Include="include\InputMultiText.h">
      <Filter>Units</Filter>
    </ClInclude>
    <ClInclude Include="include\InputText.h">
      <Filter>Units</Filter>
    </ClInclude>
    <ClInclude Include="include\Label.h">
      <Filter>Units</Filter>
    </ClInclude>
    <ClInclude Include="include\ToolTip.h">
      <Filter>Units</Filter>
    </ClInclude>
    <ClInclude Include="include\Focus.h">
      <Filter>Properties</Filter>
    </ClInclude>
    <ClInclude Include="include\Geometry.h">
      <Filter>Properties</Filter>
    </ClInclude>
    <ClInclude Include="include\Identity.h">
      <Filter>Properties</Filter>
    </ClInclude>
    <ClInclude Include="include\Title.h">
      <Filter>Properties</Filter>
    </ClInclude>
    <ClInclude Include="include\Visibility.h">
      <Filter>Properties</Filter>
    </ClInclude>
    <ClInclude Include="include\WidgetContainer.h">
      <Filter>Properties</Filter>
    </ClInclude>
    <ClInclude Include="include\MenuNode.h">
      <Filter>Nodes</Filter>
    </ClInclude>
    <ClInclude Include="include\Node.h">
      <Filter>Nodes</Filter>
    </ClInclude>
    <ClInclude Include="include\PopupMenu.h">
      <Filter>Nodes</Filter>
    </ClInclude>
    <ClInclude Include="include\Separator.h">
      <Filter>Nodes</Filter>
    </ClInclude>
    <ClInclude Include="include\PopupNode.h">
      <Filter>Nodes</Filter>
    </ClInclude>
    <ClInclude Include="include\TreeNode.h">
      <Filter>Nodes</Filter>
    </ClInclude>
    <ClInclude Include="include\Dialog.h">
      <Filter>Frames</Filter>
    </ClInclude>
    <ClInclude Include="include\DialogStack.h">
      <Filter>Frames</Filter>
    </ClInclude>
  </ItemGroup>
  <ItemGroup>
    <ClCompile Include="src\Helper.cpp">
      <Filter>Common</Filter>
    </ClCompile>
    <ClCompile Include="src\Unit.cpp">
      <Filter>Common</Filter>
    </ClCompile>
    <ClCompile Include="src\Widget.cpp">
      <Filter>Common</Filter>
    </ClCompile>
    <ClCompile Include="src\DockNode.cpp">
      <Filter>Docking</Filter>
    </ClCompile>
    <ClCompile Include="src\DockTree.cpp">
      <Filter>Docking</Filter>
    </ClCompile>
    <ClCompile Include="src\DockTreeManager.cpp">
      <Filter>Docking</Filter>
    </ClCompile>
    <ClCompile Include="src\DockTypeHelper.cpp">
      <Filter>Docking</Filter>
    </ClCompile>
    <ClCompile Include="src\LightDockNode.cpp">
      <Filter>Docking\Light</Filter>
    </ClCompile>
    <ClCompile Include="src\LightDockTreeManager.cpp">
      <Filter>Docking\Light</Filter>
    </ClCompile>
    <ClCompile Include="src\LightWindowNode.cpp">
      <Filter>Docking\Light</Filter>
    </ClCompile>
    <ClCompile Include="src\Frame.cpp">
      <Filter>Frames</Filter>
    </ClCompile>
    <ClCompile Include="src\MainWindow.cpp">
      <Filter>Frames</Filter>
    </ClCompile>
    <ClCompile Include="src\Window.cpp">
      <Filter>Frames</Filter>
    </ClCompile>
    <ClCompile Include="src\TreeView.cpp">
      <Filter>Frames</Filter>
    </ClCompile>
    <ClCompile Include="src\Button.cpp">
      <Filter>Units</Filter>
    </ClCompile>
    <ClCompile Include="src\CheckBox.cpp">
      <Filter>Units</Filter>
    </ClCompile>
    <ClCompile Include="src\ComboBox.cpp">
      <Filter>Units</Filter>
    </ClCompile>
    <ClCompile Include="src\InputInt.cpp">
      <Filter>Units</Filter>
    </ClCompile>
    <ClCompile Include="src\InputMultiText.cpp">
      <Filter>Units</Filter>
    </ClCompile>
    <ClCompile Include="src\InputText.cpp">
      <Filter>Units</Filter>
    </ClCompile>
    <ClCompile Include="src\Label.cpp">
      <Filter>Units</Filter>
    </ClCompile>
    <ClCompile Include="src\ToolTip.cpp">
      <Filter>Units</Filter>
    </ClCompile>
    <ClCompile Include="src\Focus.cpp">
      <Filter>Properties</Filter>
    </ClCompile>
    <ClCompile Include="src\Geometry.cpp">
      <Filter>Properties</Filter>
    </ClCompile>
    <ClCompile Include="src\Identity.cpp">
      <Filter>Properties</Filter>
    </ClCompile>
    <ClCompile Include="src\Title.cpp">
      <Filter>Properties</Filter>
    </ClCompile>
    <ClCompile Include="src\Visibility.cpp">
      <Filter>Properties</Filter>
    </ClCompile>
    <ClCompile Include="src\WidgetContainer.cpp">
      <Filter>Properties</Filter>
    </ClCompile>
    <ClCompile Include="src\MenuNode.cpp">
      <Filter>Nodes</Filter>
    </ClCompile>
    <ClCompile Include="src\Node.cpp">
      <Filter>Nodes</Filter>
    </ClCompile>
    <ClCompile Include="src\PopupMenu.cpp">
      <Filter>Nodes</Filter>
    </ClCompile>
    <ClCompile Include="src\PopupNode.cpp">
      <Filter>Nodes</Filter>
    </ClCompile>
    <ClCompile Include="src\Separator.cpp">
      <Filter>Nodes</Filter>
    </ClCompile>
    <ClCompile Include="src\TreeNode.cpp">
      <Filter>Nodes</Filter>
    </ClCompile>
    <ClCompile Include="src\Dialog.cpp">
      <Filter>Frames</Filter>
    </ClCompile>
    <ClCompile Include="src\DialogStack.cpp">
      <Filter>Frames</Filter>
    </ClCompile>
  </ItemGroup>
</Project>