<?xml version="1.0" encoding="utf-8"?>
<Project ToolsVersion="4.0" xmlns="http://schemas.microsoft.com/developer/msbuild/2003">
  <ItemGroup>
    <Filter Include="Source Files">
      <UniqueIdentifier>{4FC737F1-C7A5-4376-A066-2A32D752A2FF}</UniqueIdentifier>
      <Extensions>cpp;c;cc;cxx;def;odl;idl;hpj;bat;asm;asmx</Extensions>
    </Filter>
    <Filter Include="Header Files">
      <UniqueIdentifier>{93995380-89BD-4b04-88EB-625FBE52EBFB}</UniqueIdentifier>
      <Extensions>h;hpp;hxx;hm;inl;inc;xsd</Extensions>
    </Filter>
  </ItemGroup>
  <ItemGroup>
    <ClCompile Include="Sources\AllocatorPool.cpp">
      <Filter>Source Files</Filter>
    </ClCompile>
    <ClCompile Include="Sources\ArrContainer.cpp">
      <Filter>Source Files</Filter>
    </ClCompile>
    <ClCompile Include="Sources\BL_Debug.cpp">
      <Filter>Source Files</Filter>
    </ClCompile>
    <ClCompile Include="Sources\BreakPacket.cpp">
      <Filter>Source Files</Filter>
    </ClCompile>
    <ClCompile Include="Sources\CmdParam.cpp">
      <Filter>Source Files</Filter>
    </ClCompile>
    <ClCompile Include="Sources\ContainerRise.cpp">
      <Filter>Source Files</Filter>
    </ClCompile>
    <ClCompile Include="Sources\ConverterLocale.cpp">
      <Filter>Source Files</Filter>
    </ClCompile>
    <ClCompile Include="Sources\CRC8.cpp">
      <Filter>Source Files</Filter>
    </ClCompile>
    <ClCompile Include="Sources\CryptoAES_Impl.cpp">
      <Filter>Source Files</Filter>
    </ClCompile>
    <ClCompile Include="Sources\CryptoRSA_Impl.cpp">
      <Filter>Source Files</Filter>
    </ClCompile>
    <ClCompile Include="Sources\DataExchange2ThreadElement.cpp">
      <Filter>Source Files</Filter>
    </ClCompile>
    <ClCompile Include="Sources\DescCallBack.cpp">
      <Filter>Source Files</Filter>
    </ClCompile>
    <ClCompile Include="Sources\DstEvent.cpp">
      <Filter>Source Files</Filter>
    </ClCompile>
    <ClCompile Include="Sources\FileOperation.cpp">
      <Filter>Source Files</Filter>
    </ClCompile>
    <ClCompile Include="Sources\HiTimer.cpp">
      <Filter>Source Files</Filter>
    </ClCompile>
    <ClCompile Include="Sources\InfoFile.cpp">
      <Filter>Source Files</Filter>
    </ClCompile>
    <ClCompile Include="Sources\IXML.cpp">
      <Filter>Source Files</Filter>
    </ClCompile>
    <ClCompile Include="Sources\LoaderDLL_Unix.cpp">
      <Filter>Source Files</Filter>
    </ClCompile>
    <ClCompile Include="Sources\LoaderDLL_Win32.cpp">
      <Filter>Source Files</Filter>
    </ClCompile>
    <ClCompile Include="Sources\LoadFromFile.cpp">
      <Filter>Source Files</Filter>
    </ClCompile>
    <ClCompile Include="Sources\Logger.cpp">
      <Filter>Source Files</Filter>
    </ClCompile>
    <ClCompile Include="Sources\MakerLoaderDLL.cpp">
      <Filter>Source Files</Filter>
    </ClCompile>
    <ClCompile Include="Sources\MakerXML.cpp">
      <Filter>Source Files</Filter>
    </ClCompile>
    <ClCompile Include="Sources\MapCallBack.cpp">
      <Filter>Source Files</Filter>
    </ClCompile>
    <ClCompile Include="Sources\MapXML_Field.cpp">
      <Filter>Source Files</Filter>
    </ClCompile>
    <ClCompile Include="Sources\Markup.cpp">
      <Filter>Source Files</Filter>
    </ClCompile>
    <ClCompile Include="Sources\MathTools.cpp">
      <Filter>Source Files</Filter>
    </ClCompile>
    <ClCompile Include="Sources\MD5.cpp">
      <Filter>Source Files</Filter>
    </ClCompile>
    <ClCompile Include="Sources\Mutex.cpp">
      <Filter>Source Files</Filter>
    </ClCompile>
    <ClCompile Include="Sources\Only_N_Object.cpp">
      <Filter>Source Files</Filter>
    </ClCompile>
    <ClCompile Include="Sources\PopMaster.cpp">
      <Filter>Source Files</Filter>
    </ClCompile>
    <ClCompile Include="Sources\PushMaster.cpp">
      <Filter>Source Files</Filter>
    </ClCompile>
    <ClCompile Include="Sources\ResolverSelf_IP_v4.cpp">
      <Filter>Source Files</Filter>
    </ClCompile>
    <ClCompile Include="Sources\SaveToFile.cpp">
      <Filter>Source Files</Filter>
    </ClCompile>
    <ClCompile Include="Sources\SetOrderElement.cpp">
      <Filter>Source Files</Filter>
    </ClCompile>
    <ClCompile Include="Sources\Settings.cpp">
      <Filter>Source Files</Filter>
    </ClCompile>
    <ClCompile Include="Sources\SHA256.cpp">
      <Filter>Source Files</Filter>
    </ClCompile>
    <ClCompile Include="Sources\ShareLibWin.cpp">
      <Filter>Source Files</Filter>
    </ClCompile>
    <ClCompile Include="Sources\ShareMisc.cpp">
      <Filter>Source Files</Filter>
    </ClCompile>
    <ClCompile Include="Sources\SrcEvent.cpp">
      <Filter>Source Files</Filter>
    </ClCompile>
    <ClCompile Include="Sources\StorePathResources.cpp">
      <Filter>Source Files</Filter>
    </ClCompile>
    <ClCompile Include="Sources\SynchroAbonent.cpp">
      <Filter>Source Files</Filter>
    </ClCompile>
    <ClCompile Include="Sources\SynchroPoint.cpp">
      <Filter>Source Files</Filter>
    </ClCompile>
    <ClCompile Include="Sources\ThreadBoost.cpp">
      <Filter>Source Files</Filter>
    </ClCompile>
    <ClCompile Include="Sources\XML_Markup.cpp">
      <Filter>Source Files</Filter>
    </ClCompile>
    <ClCompile Include="Sources\FormManager.cpp">
      <Filter>Source Files</Filter>
    </ClCompile>
    <ClCompile Include="Sources\StateMachineManager.cpp">
      <Filter>Source Files</Filter>
    </ClCompile>
    <ClCompile Include="Sources\TimeManager.cpp">
      <Filter>Source Files</Filter>
    </ClCompile>
    <ClCompile Include="Sources\lz4.c">
      <Filter>Source Files</Filter>
    </ClCompile>
    <ClCompile Include="Sources\ReversedContainerRise.cpp">
      <Filter>Source Files</Filter>
    </ClCompile>
    <ClCompile Include="Sources\InputByCmd.cpp">
      <Filter>Source Files</Filter>
    </ClCompile>
  </ItemGroup>
  <ItemGroup>
    <ClInclude Include="Headers\AllocatorPool.h">
      <Filter>Header Files</Filter>
    </ClInclude>
    <ClInclude Include="Headers\ArrContainer.h">
      <Filter>Header Files</Filter>
    </ClInclude>
    <ClInclude Include="Headers\BL_Debug.h">
      <Filter>Header Files</Filter>
    </ClInclude>
    <ClInclude Include="Headers\BreakPacket.h">
      <Filter>Header Files</Filter>
    </ClInclude>
    <ClInclude Include="Headers\CallBackRegistrator.h">
      <Filter>Header Files</Filter>
    </ClInclude>
    <ClInclude Include="Headers\CmdParam.h">
      <Filter>Header Files</Filter>
    </ClInclude>
    <ClInclude Include="Headers\ContainerArrObj.h">
      <Filter>Header Files</Filter>
    </ClInclude>
    <ClInclude Include="Headers\ContainerPtrArrObj.h">
      <Filter>Header Files</Filter>
    </ClInclude>
    <ClInclude Include="Headers\ContainerRise.h">
      <Filter>Header Files</Filter>
    </ClInclude>
    <ClInclude Include="Headers\ContainerTypes.h">
      <Filter>Header Files</Filter>
    </ClInclude>
    <ClInclude Include="Headers\ConverterLocale.h">
      <Filter>Header Files</Filter>
    </ClInclude>
    <ClInclude Include="Headers\CRC8.h">
      <Filter>Header Files</Filter>
    </ClInclude>
    <ClInclude Include="Headers\CryptoAES_Impl.h">
      <Filter>Header Files</Filter>
    </ClInclude>
    <ClInclude Include="Headers\CryptoRSA_Impl.h">
      <Filter>Header Files</Filter>
    </ClInclude>
    <ClInclude Include="Headers\DataExchange2Thread.h">
      <Filter>Header Files</Filter>
    </ClInclude>
    <ClInclude Include="Headers\DataExchange2ThreadElement.h">
      <Filter>Header Files</Filter>
    </ClInclude>
    <ClInclude Include="Headers\DescCallBack.h">
      <Filter>Header Files</Filter>
    </ClInclude>
    <ClInclude Include="Headers\DescEvent.h">
      <Filter>Header Files</Filter>
    </ClInclude>
    <ClInclude Include="Headers\DstEvent.h">
      <Filter>Header Files</Filter>
    </ClInclude>
    <ClInclude Include="Headers\FileOperation.h">
      <Filter>Header Files</Filter>
    </ClInclude>
    <ClInclude Include="Headers\HiTimer.h">
      <Filter>Header Files</Filter>
    </ClInclude>
    <ClInclude Include="Headers\IContainer.h">
      <Filter>Header Files</Filter>
    </ClInclude>
    <ClInclude Include="Headers\ILoaderDLL.h">
      <Filter>Header Files</Filter>
    </ClInclude>
    <ClInclude Include="Headers\InfoFile.h">
      <Filter>Header Files</Filter>
    </ClInclude>
    <ClInclude Include="Headers\IXML.h">
      <Filter>Header Files</Filter>
    </ClInclude>
    <ClInclude Include="Headers\License.h">
      <Filter>Header Files</Filter>
    </ClInclude>
    <ClInclude Include="Headers\ListPtr.h">
      <Filter>Header Files</Filter>
    </ClInclude>
    <ClInclude Include="Headers\LoaderDLL_Unix.h">
      <Filter>Header Files</Filter>
    </ClInclude>
    <ClInclude Include="Headers\LoaderDLL_Win32.h">
      <Filter>Header Files</Filter>
    </ClInclude>
    <ClInclude Include="Headers\LoadFromFile.h">
      <Filter>Header Files</Filter>
    </ClInclude>
    <ClInclude Include="Headers\LockFreeDef.h">
      <Filter>Header Files</Filter>
    </ClInclude>
    <ClInclude Include="Headers\Logger.h">
      <Filter>Header Files</Filter>
    </ClInclude>
    <ClInclude Include="Headers\MacroMaker.h">
      <Filter>Header Files</Filter>
    </ClInclude>
    <ClInclude Include="Headers\MacroMaker_Prepare.h">
      <Filter>Header Files</Filter>
    </ClInclude>
    <ClInclude Include="Headers\MakerLoaderDLL.h">
      <Filter>Header Files</Filter>
    </ClInclude>
    <ClInclude Include="Headers\MakerXML.h">
      <Filter>Header Files</Filter>
    </ClInclude>
    <ClInclude Include="Headers\MapCallBack.h">
      <Filter>Header Files</Filter>
    </ClInclude>
    <ClInclude Include="Headers\MapXML_Field.h">
      <Filter>Header Files</Filter>
    </ClInclude>
    <ClInclude Include="Headers\Markup.h">
      <Filter>Header Files</Filter>
    </ClInclude>
    <ClInclude Include="Headers\MathTools.h">
      <Filter>Header Files</Filter>
    </ClInclude>
    <ClInclude Include="Headers\MD5.h">
      <Filter>Header Files</Filter>
    </ClInclude>
    <ClInclude Include="Headers\Mutex.h">
      <Filter>Header Files</Filter>
    </ClInclude>
    <ClInclude Include="Headers\Only_N_Object.h">
      <Filter>Header Files</Filter>
    </ClInclude>
    <ClInclude Include="Headers\PopMaster.h">
      <Filter>Header Files</Filter>
    </ClInclude>
    <ClInclude Include="Headers\PushMaster.h">
      <Filter>Header Files</Filter>
    </ClInclude>
    <ClInclude Include="Headers\ResolverSelf_IP_v4.h">
      <Filter>Header Files</Filter>
    </ClInclude>
    <ClInclude Include="Headers\SaveToFile.h">
      <Filter>Header Files</Filter>
    </ClInclude>
    <ClInclude Include="Headers\SetOrderElement.h">
      <Filter>Header Files</Filter>
    </ClInclude>
    <ClInclude Include="Headers\Settings.h">
      <Filter>Header Files</Filter>
    </ClInclude>
    <ClInclude Include="Headers\SHA256.h">
      <Filter>Header Files</Filter>
    </ClInclude>
    <ClInclude Include="Headers\ShareMisc.h">
      <Filter>Header Files</Filter>
    </ClInclude>
    <ClInclude Include="Headers\SrcEvent.h">
      <Filter>Header Files</Filter>
    </ClInclude>
    <ClInclude Include="Headers\SrcEvent_ex.h">
      <Filter>Header Files</Filter>
    </ClInclude>
    <ClInclude Include="Headers\StateMachine.h">
      <Filter>Header Files</Filter>
    </ClInclude>
    <ClInclude Include="Headers\StatisticValue.h">
      <Filter>Header Files</Filter>
    </ClInclude>
    <ClInclude Include="Headers\StorePathResources.h">
      <Filter>Header Files</Filter>
    </ClInclude>
    <ClInclude Include="Headers\SynchroAbonent.h">
      <Filter>Header Files</Filter>
    </ClInclude>
    <ClInclude Include="Headers\SynchroPoint.h">
      <Filter>Header Files</Filter>
    </ClInclude>
    <ClInclude Include="Headers\ThreadBoost.h">
      <Filter>Header Files</Filter>
    </ClInclude>
    <ClInclude Include="Headers\TypeDef.h">
      <Filter>Header Files</Filter>
    </ClInclude>
    <ClInclude Include="Headers\XML_Markup.h">
      <Filter>Header Files</Filter>
    </ClInclude>
    <ClInclude Include="Headers\FormManager.h">
      <Filter>Header Files</Filter>
    </ClInclude>
    <ClInclude Include="Headers\StateMachineManager.h">
      <Filter>Header Files</Filter>
    </ClInclude>
    <ClInclude Include="Headers\TimeManager.h">
      <Filter>Header Files</Filter>
    </ClInclude>
    <ClInclude Include="Headers\FastUpperBound.h">
      <Filter>Header Files</Filter>
    </ClInclude>
    <ClInclude Include="Headers\MemoryPool.h">
      <Filter>Header Files</Filter>
    </ClInclude>
    <ClInclude Include="Headers\VectorRise.h">
      <Filter>Header Files</Filter>
    </ClInclude>
    <ClInclude Include="Headers\Marshaller.h">
      <Filter>Header Files</Filter>
    </ClInclude>
    <ClInclude Include="Headers\MemoryPoolAllocator.h">
      <Filter>Header Files</Filter>
    </ClInclude>
    <ClInclude Include="Headers\ECS_Allocator.h">
      <Filter>Header Files</Filter>
    </ClInclude>
    <ClInclude Include="Headers\BinarySerializer.h">
      <Filter>Header Files</Filter>
    </ClInclude>
    <ClInclude Include="Headers\lz4.h">
      <Filter>Header Files</Filter>
    </ClInclude>
    <ClInclude Include="Headers\MessagePackSerializer.h">
      <Filter>Header Files</Filter>
    </ClInclude>
    <ClInclude Include="Headers\ReversedContainerRise.h">
      <Filter>Header Files</Filter>
    </ClInclude>
    <ClInclude Include="Headers\InputByCmd.h">
      <Filter>Header Files</Filter>
    </ClInclude>
  </ItemGroup>
  <ItemGroup>
    <Text Include="Blog.txt" />
  </ItemGroup>
</Project>