<?xml version="1.0" encoding="utf-8"?>
<Project ToolsVersion="4.0" xmlns="http://schemas.microsoft.com/developer/msbuild/2003">
  <ItemGroup>
    <Filter Include="Generators">
      <UniqueIdentifier>{93995380-89BD-4b04-88EB-625FBE52EBFB}</UniqueIdentifier>
      <Extensions>h;hh;hpp;hxx;h++;hm;inl;inc;ipp;xsd</Extensions>
    </Filter>
    <Filter Include="Generators\Json">
      <UniqueIdentifier>{eb22892f-016c-4164-96c6-df5ebe27fa8b}</UniqueIdentifier>
    </Filter>
    <Filter Include="Generators\Binary">
      <UniqueIdentifier>{755b901c-50e4-43e3-a90f-611a1c4b44a8}</UniqueIdentifier>
    </Filter>
    <Filter Include="Generators\IncludeList">
      <UniqueIdentifier>{686602aa-23fc-48d9-9f5d-66f8aabe43e9}</UniqueIdentifier>
    </Filter>
    <Filter Include="Generators\TypeInformation">
      <UniqueIdentifier>{97183178-db7e-415f-bcb4-de2804e06175}</UniqueIdentifier>
    </Filter>
    <Filter Include="Generators\TypeFactory">
      <UniqueIdentifier>{0a78cf14-c0c8-40df-b37c-fbe0e00e456f}</UniqueIdentifier>
    </Filter>
    <Filter Include="Generators\ImGui">
      <UniqueIdentifier>{f9bb1a54-8136-4c27-b8db-0c8211679ce9}</UniqueIdentifier>
    </Filter>
    <Filter Include="Generators\EcsComponentExtension">
      <UniqueIdentifier>{4179af10-fa01-4759-b151-e8d542bb8b62}</UniqueIdentifier>
    </Filter>
    <Filter Include="Generators\DynamicCaster">
      <UniqueIdentifier>{d6ed6f06-38ce-4860-aa71-acd22c11ca84}</UniqueIdentifier>
    </Filter>
  </ItemGroup>
  <ItemGroup>
    <ClCompile Include="Binary\BinaryMarshallerFileGenerator.cpp" />
    <ClCompile Include="Binary\BinaryMarshallerGenerator.cpp" />
    <ClCompile Include="Binary\BinaryMarshallerHeaderFileGenerator.cpp" />
    <ClCompile Include="Binary\BinaryMarshallerSourceFileGenerator.cpp" />
    <ClCompile Include="DynamicCaster\DynamicCasterFileGenerator.cpp" />
    <ClCompile Include="DynamicCaster\DynamicCasterGenerator.cpp" />
    <ClCompile Include="DynamicCaster\DynamicCasterHeaderFileGenerator.cpp" />
    <ClCompile Include="DynamicCaster\DynamicCasterSourceFIleGenerator.cpp" />
    <ClCompile Include="EcsComponentExtension\EcsComponentExtensionFileGenerator.cpp" />
    <ClCompile Include="EcsComponentExtension\EcsComponentExtensionGenerator.cpp" />
    <ClCompile Include="EcsComponentExtension\EcsComponentExtensionHeaderFileGenerator.cpp" />
    <ClCompile Include="EcsComponentExtension\EcsComponentExtensionSourceFIleGenerator.cpp" />
    <ClCompile Include="IncludeList\IncludeListFileGenerator.cpp" />
    <ClCompile Include="IncludeList\IncludeListGenerator.cpp" />
    <ClCompile Include="Json\JsonSerializerFileGenerator.cpp" />
    <ClCompile Include="Json\JsonSerializerGenerator.cpp" />
    <ClCompile Include="Json\JsonSerializerHeaderFileGenerator.cpp" />
    <ClCompile Include="Json\JsonSerializerSourceFileGenerator.cpp" />
    <ClCompile Include="TypeFactory\TypeFactoryFileGenerator.cpp" />
    <ClCompile Include="TypeFactory\TypeFactoryGenerator.cpp" />
    <ClCompile Include="TypeFactory\TypeFactoryHeaderFileGenerator.cpp" />
    <ClCompile Include="TypeFactory\TypeFactorySourceFIleGenerator.cpp" />
    <ClCompile Include="TypeInformation\TypeInformationFileGenerator.cpp" />
    <ClCompile Include="TypeInformation\TypeInformationGenerator.cpp" />
    <ClCompile Include="TypeInformation\TypeInformationHeaderFileGenerator.cpp" />
    <ClCompile Include="TypeInformation\TypeInformationSourceFIleGenerator.cpp" />
  </ItemGroup>
  <ItemGroup>
    <ClInclude Include="Binary\BinaryMarshallerFileGenerator.h">
      <Filter>Generators</Filter>
    </ClInclude>
    <ClInclude Include="Binary\BinaryMarshallerGenerator.h">
      <Filter>Generators</Filter>
    </ClInclude>
    <ClInclude Include="Binary\BinaryMarshallerHeaderFileGenerator.h">
      <Filter>Generators</Filter>
    </ClInclude>
    <ClInclude Include="Binary\BinaryMarshallerSourceFileGenerator.h">
      <Filter>Generators</Filter>
    </ClInclude>
    <ClInclude Include="DynamicCaster\DynamicCasterFileGenerator.h">
      <Filter>Generators</Filter>
    </ClInclude>
    <ClInclude Include="DynamicCaster\DynamicCasterGenerator.h">
      <Filter>Generators</Filter>
    </ClInclude>
    <ClInclude Include="DynamicCaster\DynamicCasterHeaderFileGenerator.h">
      <Filter>Generators</Filter>
    </ClInclude>
    <ClInclude Include="DynamicCaster\DynamicCasterSourceFIleGenerator.h">
      <Filter>Generators</Filter>
    </ClInclude>
    <ClInclude Include="EcsComponentExtension\EcsComponentExtensionFileGenerator.h">
      <Filter>Generators</Filter>
    </ClInclude>
    <ClInclude Include="EcsComponentExtension\EcsComponentExtensionGenerator.h">
      <Filter>Generators</Filter>
    </ClInclude>
    <ClInclude Include="EcsComponentExtension\EcsComponentExtensionHeaderFileGenerator.h">
      <Filter>Generators</Filter>
    </ClInclude>
    <ClInclude Include="EcsComponentExtension\EcsComponentExtensionSourceFIleGenerator.h">
      <Filter>Generators</Filter>
    </ClInclude>
    <ClInclude Include="IncludeList\IncludeListFileGenerator.h">
      <Filter>Generators</Filter>
    </ClInclude>
    <ClInclude Include="IncludeList\IncludeListGenerator.h">
      <Filter>Generators</Filter>
    </ClInclude>
    <ClInclude Include="Json\JsonSerializerFileGenerator.h">
      <Filter>Generators</Filter>
    </ClInclude>
    <ClInclude Include="Json\JsonSerializerGenerator.h">
      <Filter>Generators</Filter>
    </ClInclude>
    <ClInclude Include="Json\JsonSerializerHeaderFileGenerator.h">
      <Filter>Generators</Filter>
    </ClInclude>
    <ClInclude Include="Json\JsonSerializerSourceFileGenerator.h">
      <Filter>Generators</Filter>
    </ClInclude>
    <ClInclude Include="TypeFactory\TypeFactoryFileGenerator.h">
      <Filter>Generators</Filter>
    </ClInclude>
    <ClInclude Include="TypeFactory\TypeFactoryGenerator.h">
      <Filter>Generators</Filter>
    </ClInclude>
    <ClInclude Include="TypeFactory\TypeFactoryHeaderFileGenerator.h">
      <Filter>Generators</Filter>
    </ClInclude>
    <ClInclude Include="TypeFactory\TypeFactorySourceFIleGenerator.h">
      <Filter>Generators</Filter>
    </ClInclude>
    <ClInclude Include="TypeInformation\TypeInformationFileGenerator.h">
      <Filter>Generators</Filter>
    </ClInclude>
    <ClInclude Include="TypeInformation\TypeInformationGenerator.h">
      <Filter>Generators</Filter>
    </ClInclude>
    <ClInclude Include="TypeInformation\TypeInformationHeaderFileGenerator.h">
      <Filter>Generators</Filter>
    </ClInclude>
    <ClInclude Include="TypeInformation\TypeInformationSourceFIleGenerator.h">
      <Filter>Generators</Filter>
    </ClInclude>
    <ClInclude Include="GeneratorList.h">
      <Filter>Generators</Filter>
    </ClInclude>
  </ItemGroup>
  <ItemGroup>
    <Text Include="$(SolutionDir)\conanfile.txt" />
  </ItemGroup>
</Project>