<?xml version="1.0" encoding="utf-8"?>
<Project ToolsVersion="4.0" xmlns="http://schemas.microsoft.com/developer/msbuild/2003">
  <ItemGroup>
    <Filter Include="Source">
      <UniqueIdentifier>{4FC737F1-C7A5-4376-A066-2A32D752A2FF}</UniqueIdentifier>
      <Extensions>cpp;c;cc;cxx;def;odl;idl;hpj;bat;asm;asmx</Extensions>
    </Filter>
    <Filter Include="Header">
      <UniqueIdentifier>{93995380-89BD-4b04-88EB-625FBE52EBFB}</UniqueIdentifier>
      <Extensions>h;hpp;hxx;hm;inl;inc;xsd</Extensions>
    </Filter>
    <Filter Include="Boost_Implementation">
      <UniqueIdentifier>{50eda339-48dc-4041-8a0a-8d65a275a434}</UniqueIdentifier>
    </Filter>
    <Filter Include="Boost_Implementation\Header">
      <UniqueIdentifier>{c563153c-eb30-4687-9c7a-3a8895c9886b}</UniqueIdentifier>
    </Filter>
    <Filter Include="Boost_Implementation\Source">
      <UniqueIdentifier>{c0112c72-241f-4eb7-8076-00c7ecfacb52}</UniqueIdentifier>
    </Filter>
  </ItemGroup>
  <ItemGroup>
    <ClCompile Include="dllmain.cpp">
      <Filter>Source</Filter>
    </ClCompile>
    <ClCompile Include="HistoryPacketTCP.cpp">
      <Filter>Source</Filter>
    </ClCompile>
    <ClCompile Include="MakerNetTransport.cpp">
      <Filter>Source</Filter>
    </ClCompile>
    <ClCompile Include="Boost_Implementation\INetControl.cpp">
      <Filter>Boost_Implementation\Source</Filter>
    </ClCompile>
    <ClCompile Include="Boost_Implementation\NetControlAcceptor.cpp">
      <Filter>Boost_Implementation\Source</Filter>
    </ClCompile>
    <ClCompile Include="Boost_Implementation\NetControlTCP.cpp">
      <Filter>Boost_Implementation\Source</Filter>
    </ClCompile>
    <ClCompile Include="Boost_Implementation\NetControlUDP.cpp">
      <Filter>Boost_Implementation\Source</Filter>
    </ClCompile>
    <ClCompile Include="Boost_Implementation\NetDeviceAcceptor.cpp">
      <Filter>Boost_Implementation\Source</Filter>
    </ClCompile>
    <ClCompile Include="Boost_Implementation\NetDeviceTCP.cpp">
      <Filter>Boost_Implementation\Source</Filter>
    </ClCompile>
    <ClCompile Include="Boost_Implementation\NetDeviceUDP.cpp">
      <Filter>Boost_Implementation\Source</Filter>
    </ClCompile>
    <ClCompile Include="Boost_Implementation\NetTransport_Boost.cpp">
      <Filter>Boost_Implementation\Source</Filter>
    </ClCompile>
    <ClCompile Include="Boost_Implementation\NetWorkThread.cpp">
      <Filter>Boost_Implementation\Source</Filter>
    </ClCompile>
  </ItemGroup>
  <ItemGroup>
    <ClInclude Include="HeaderTCP.h">
      <Filter>Header</Filter>
    </ClInclude>
    <ClInclude Include="HistoryPacketTCP.h">
      <Filter>Header</Filter>
    </ClInclude>
    <ClInclude Include="MakerNetTransport.h">
      <Filter>Header</Filter>
    </ClInclude>
    <ClInclude Include="Boost_Implementation\INetControl.h">
      <Filter>Boost_Implementation\Header</Filter>
    </ClInclude>
    <ClInclude Include="Boost_Implementation\INetDevice.h">
      <Filter>Boost_Implementation\Header</Filter>
    </ClInclude>
    <ClInclude Include="Boost_Implementation\NetControlAcceptor.h">
      <Filter>Boost_Implementation\Header</Filter>
    </ClInclude>
    <ClInclude Include="Boost_Implementation\NetControlTCP.h">
      <Filter>Boost_Implementation\Header</Filter>
    </ClInclude>
    <ClInclude Include="Boost_Implementation\NetControlUDP.h">
      <Filter>Boost_Implementation\Header</Filter>
    </ClInclude>
    <ClInclude Include="Boost_Implementation\NetDeviceAcceptor.h">
      <Filter>Boost_Implementation\Header</Filter>
    </ClInclude>
    <ClInclude Include="Boost_Implementation\NetDeviceTCP.h">
      <Filter>Boost_Implementation\Header</Filter>
    </ClInclude>
    <ClInclude Include="Boost_Implementation\NetDeviceUDP.h">
      <Filter>Boost_Implementation\Header</Filter>
    </ClInclude>
    <ClInclude Include="Boost_Implementation\NetTransport_Boost.h">
      <Filter>Boost_Implementation\Header</Filter>
    </ClInclude>
    <ClInclude Include="Boost_Implementation\NetWorkThread.h">
      <Filter>Boost_Implementation\Header</Filter>
    </ClInclude>
  </ItemGroup>
</Project>