<?xml version="1.0" encoding="utf-8"?>
<Project ToolsVersion="4.0" xmlns="http://schemas.microsoft.com/developer/msbuild/2003">
  <ItemGroup>
    <Filter Include="Source Files">
      <UniqueIdentifier>{4FC737F1-C7A5-4376-A066-2A32D752A2FF}</UniqueIdentifier>
      <Extensions>cpp;c;cc;cxx;def;odl;idl;hpj;bat;asm;asmx</Extensions>
    </Filter>
    <Filter Include="Header Files">
      <UniqueIdentifier>{93995380-89BD-4b04-88EB-625FBE52EBFB}</UniqueIdentifier>
      <Extensions>h;hh;hpp;hxx;hm;inl;inc;ipp;xsd</Extensions>
    </Filter>
  </ItemGroup>
  <ItemGroup>
    <ClInclude Include="Conveyer\BaseReactiveSystem.h">
      <Filter>Header Files</Filter>
    </ClInclude>
    <ClInclude Include="Conveyer\ConveyerPartMaster.h">
      <Filter>Header Files</Filter>
    </ClInclude>
    <ClInclude Include="Conveyer\ConveyerPartWithGlobalAccess.h">
      <Filter>Header Files</Filter>
    </ClInclude>
    <ClInclude Include="Conveyer\DataMemoryPoolComponent.h">
      <Filter>Header Files</Filter>
    </ClInclude>
    <ClInclude Include="Conveyer\ECSconfig.h">
      <Filter>Header Files</Filter>
    </ClInclude>
    <ClInclude Include="Conveyer\ExecuteSystem.h">
      <Filter>Header Files</Filter>
    </ClInclude>
    <ClInclude Include="Conveyer\Feature.h">
      <Filter>Header Files</Filter>
    </ClInclude>
    <ClInclude Include="Conveyer\GlobalAccess.h">
      <Filter>Header Files</Filter>
    </ClInclude>
    <ClInclude Include="Conveyer\IConveyerPart.h">
      <Filter>Header Files</Filter>
    </ClInclude>
    <ClInclude Include="Conveyer\InitSystem.h">
      <Filter>Header Files</Filter>
    </ClInclude>
    <ClInclude Include="Conveyer\ReactiveForManyEventsSystem.h">
      <Filter>Header Files</Filter>
    </ClInclude>
    <ClInclude Include="Conveyer\ReactiveForOneEventSystem.h">
      <Filter>Header Files</Filter>
    </ClInclude>
    <ClInclude Include="Conveyer\System.h">
      <Filter>Header Files</Filter>
    </ClInclude>
    <ClInclude Include="Conveyer\World.h">
      <Filter>Header Files</Filter>
    </ClInclude>
    <ClInclude Include="TypeDef.h">
      <Filter>Header Files</Filter>
    </ClInclude>
  </ItemGroup>
  <ItemGroup>
    <ClCompile Include="Conveyer\ConveyerPartMaster.cpp">
      <Filter>Source Files</Filter>
    </ClCompile>
    <ClCompile Include="Conveyer\ExecuteSystem.cpp">
      <Filter>Source Files</Filter>
    </ClCompile>
    <ClCompile Include="Conveyer\ReactiveForManyEventsSystem.cpp">
      <Filter>Source Files</Filter>
    </ClCompile>
    <ClCompile Include="Conveyer\ReactiveForOneEventSystem.cpp">
      <Filter>Source Files</Filter>
    </ClCompile>
    <ClCompile Include="Conveyer\World.cpp">
      <Filter>Source Files</Filter>
    </ClCompile>
  </ItemGroup>
</Project>