<?xml version="1.0" encoding="utf-8"?>
<Project ToolsVersion="4.0" xmlns="http://schemas.microsoft.com/developer/msbuild/2003">
  <ItemGroup>
    <Filter Include="Source Files">
      <UniqueIdentifier>{4FC737F1-C7A5-4376-A066-2A32D752A2FF}</UniqueIdentifier>
      <Extensions>cpp;c;cc;cxx;c++;cppm;ixx;def;odl;idl;hpj;bat;asm;asmx</Extensions>
    </Filter>
    <Filter Include="Header Files">
      <UniqueIdentifier>{93995380-89BD-4b04-88EB-625FBE52EBFB}</UniqueIdentifier>
      <Extensions>h;hh;hpp;hxx;h++;hm;inl;inc;ipp;xsd</Extensions>
    </Filter>
    <Filter Include="Resource Files">
      <UniqueIdentifier>{67DA6AB6-F800-4c08-8B7A-83BB121AAD01}</UniqueIdentifier>
      <Extensions>rc;ico;cur;bmp;dlg;rc2;rct;bin;rgs;gif;jpg;jpeg;jpe;resx;tiff;tif;png;wav;mfcribbon-ms</Extensions>
    </Filter>
  </ItemGroup>
  <ItemGroup>
    <Text Include="..\..\conanfile.txt" />
    <Text Include="first.json" />
  </ItemGroup>
  <ItemGroup>
    <ClCompile Include="main.cpp">
      <Filter>Source Files</Filter>
    </ClCompile>
    <ClCompile Include="Checker.cpp">
      <Filter>Source Files</Filter>
    </ClCompile>
    <ClCompile Include="Generated files\DynamicCaster_0.cpp">
      <Filter>Source Files</Filter>
    </ClCompile>
    <ClCompile Include="Generated files\DynamicCaster_1.cpp">
      <Filter>Source Files</Filter>
    </ClCompile>
    <ClCompile Include="Generated files\TypeInformation_0.cpp">
      <Filter>Source Files</Filter>
    </ClCompile>
    <ClCompile Include="Generated files\TypeInformation_1.cpp">
      <Filter>Source Files</Filter>
    </ClCompile>
  </ItemGroup>
  <ItemGroup>
    <ClInclude Include="DataSources_0\A.h">
      <Filter>Header Files</Filter>
    </ClInclude>
    <ClInclude Include="DataSources_0\B.h">
      <Filter>Header Files</Filter>
    </ClInclude>
    <ClInclude Include="DataSources_1\C.h">
      <Filter>Header Files</Filter>
    </ClInclude>
    <ClInclude Include="DataSources_1\D.h">
      <Filter>Header Files</Filter>
    </ClInclude>
    <ClInclude Include="Generated files\DynamicCast_0_IncludeList.h">
      <Filter>Header Files</Filter>
    </ClInclude>
    <ClInclude Include="Generated files\DynamicCast_1_IncludeList.h">
      <Filter>Header Files</Filter>
    </ClInclude>
    <ClInclude Include="Generated files\DynamicCaster_0.h">
      <Filter>Header Files</Filter>
    </ClInclude>
    <ClInclude Include="Generated files\DynamicCaster_1.h">
      <Filter>Header Files</Filter>
    </ClInclude>
    <ClInclude Include="Generated files\TypeInformation_0.h">
      <Filter>Header Files</Filter>
    </ClInclude>
    <ClInclude Include="Generated files\TypeInformation_1.h">
      <Filter>Header Files</Filter>
    </ClInclude>
  </ItemGroup>
  <ItemGroup>
    <None Include="second.json" />
    <None Include="Generated files\dynamicCaster_0_OutFile.json" />
    <None Include="Generated files\dynamicCaster_1_OutFile.json" />
    <None Include="Generated files\typeInformation_0_OutFile.json" />
    <None Include="Generated files\typeInformation_1_OutFile.json" />
  </ItemGroup>
</Project>