<?xml version="1.0" encoding="utf-8"?>
<Project ToolsVersion="4.0" xmlns="http://schemas.microsoft.com/developer/msbuild/2003">
  <ItemGroup>
    <Filter Include="Source Files">
      <UniqueIdentifier>{4FC737F1-C7A5-4376-A066-2A32D752A2FF}</UniqueIdentifier>
      <Extensions>cpp;c;cc;cxx;def;odl;idl;hpj;bat;asm;asmx</Extensions>
    </Filter>
    <Filter Include="Share">
      <UniqueIdentifier>{93995380-89BD-4b04-88EB-625FBE52EBFB}</UniqueIdentifier>
      <Extensions>h;hpp;hxx;hm;inl;inc;xsd</Extensions>
    </Filter>
  </ItemGroup>
  <ItemGroup>
    <ClCompile Include="HandlerMMO_Master.cpp">
      <Filter>Source Files</Filter>
    </ClCompile>
    <ClCompile Include="HandlerMMO_Slave.cpp">
      <Filter>Source Files</Filter>
    </ClCompile>
    <ClCompile Include="HandlerMMO_SuperServer.cpp">
      <Filter>Source Files</Filter>
    </ClCompile>
    <ClCompile Include="mainServer.cpp">
      <Filter>Source Files</Filter>
    </ClCompile>
    <ClCompile Include="..\Share\HandlerMMO.cpp">
      <Filter>Share</Filter>
    </ClCompile>
    <ClCompile Include="..\Share\CommonParam.cpp">
      <Filter>Share</Filter>
    </ClCompile>
    <ClCompile Include="InputCmdTestMMO_Server.cpp">
      <Filter>Source Files</Filter>
    </ClCompile>
    <ClCompile Include="ClusterMonitorServerHandler.cpp">
      <Filter>Source Files</Filter>
    </ClCompile>
  </ItemGroup>
  <ItemGroup>
    <ClInclude Include="HandlerMMO_Master.h">
      <Filter>Source Files</Filter>
    </ClInclude>
    <ClInclude Include="HandlerMMO_Slave.h">
      <Filter>Source Files</Filter>
    </ClInclude>
    <ClInclude Include="HandlerMMO_SuperServer.h">
      <Filter>Source Files</Filter>
    </ClInclude>
    <ClInclude Include="..\Share\CommonParam.h">
      <Filter>Share</Filter>
    </ClInclude>
    <ClInclude Include="..\Share\HandlerMMO.h">
      <Filter>Share</Filter>
    </ClInclude>
    <ClInclude Include="InputCmdTestMMO_Server.h">
      <Filter>Source Files</Filter>
    </ClInclude>
    <ClInclude Include="ClusterMonitorServerHandler.h">
      <Filter>Source Files</Filter>
    </ClInclude>
  </ItemGroup>
  <ItemGroup>
    <Text Include="..\..\..\conanfile.txt" />
  </ItemGroup>
</Project>